{
	"name": "@micromag/element-container",
	"version": "0.2.1",
	"lockfileVersion": 1,
	"requires": true,
	"dependencies": {
		"@alloc/types": {
			"version": "1.3.0",
			"resolved": "https://registry.npmjs.org/@alloc/types/-/types-1.3.0.tgz",
			"integrity": "sha512-mH7LiFiq9g6rX2tvt1LtwsclfG5hnsmtIfkZiauAGrm1AwXhoRS0sF2WrN9JGN7eV5vFXqNaB0eXZ3IvMsVi9g=="
		},
		"@babel/runtime": {
			"version": "7.12.5",
			"resolved": "https://registry.npmjs.org/@babel/runtime/-/runtime-7.12.5.tgz",
			"integrity": "sha512-plcc+hbExy3McchJCEQG3knOsuh3HH+Prx1P6cLIkET/0dLuQDEnrT+s27Axgc9bqfsmNUNHfscgMUdBpC9xfg==",
			"requires": {
				"regenerator-runtime": "^0.13.4"
			}
		},
		"@folklore/fetch": {
			"version": "0.1.9",
			"resolved": "https://registry.npmjs.org/@folklore/fetch/-/fetch-0.1.9.tgz",
			"integrity": "sha512-GQUoexbbQBD/WTxiDqC7h4/mZ8Fxp4JJZHvtWNmMZQeo/bXN3hchhs2SFIVOLEK7ZuuvBr6OCvAdiVp0QMi4zg==",
			"requires": {
				"@babel/runtime": "^7.4.3",
				"es6-promise": "^4.2.2",
				"js-cookie": "^2.2.0",
				"lodash": "^4.17.4",
				"wolfy87-eventemitter": "^5.2.4"
			}
		},
		"@folklore/forms": {
			"version": "0.0.9",
			"resolved": "https://registry.npmjs.org/@folklore/forms/-/forms-0.0.9.tgz",
			"integrity": "sha512-Qom1IiADpbJDCARQv+++5n1qxivGGWw5/co287zq3I+ptcvPp0BvVSSybfT8dUp7cY03KsdYzRzA+uaf3DxVmA==",
			"requires": {
				"@babel/runtime": "^7.4.3",
				"@folklore/fetch": "^0.1.9",
				"lodash": "^4.17.4"
			}
		},
		"@folklore/services": {
			"version": "0.1.24",
			"resolved": "https://registry.npmjs.org/@folklore/services/-/services-0.1.24.tgz",
			"integrity": "sha512-WSwKo+LME45Qh+QDJ9WtzJe1PUJnTS/t1uRW8mnoCABaNt4GNH1T8b5Q/6srdQ4uH4IJeEU9jfYdwDhPDGzXGA==",
			"requires": {
				"@babel/runtime": "^7.4.3",
				"es6-promise": "^4.2.2",
				"lodash": "^4.17.4",
				"query-string": "^5.0.1",
				"wolfy87-eventemitter": "^5.2.4"
			}
		},
		"@formatjs/ecma402-abstract": {
			"version": "1.5.0",
			"resolved": "https://registry.npmjs.org/@formatjs/ecma402-abstract/-/ecma402-abstract-1.5.0.tgz",
			"integrity": "sha512-wXv36yo+mfWllweN0Fq7sUs7PUiNopn7I0JpLTe3hGu6ZMR4CV7LqK1llhB18pndwpKoafQKb1et2DCJAOW20Q==",
			"requires": {
				"tslib": "^2.0.1"
			}
		},
		"@formatjs/intl": {
			"version": "1.4.10",
			"resolved": "https://registry.npmjs.org/@formatjs/intl/-/intl-1.4.10.tgz",
			"integrity": "sha512-CwbOmAnM2QKBUs6Eps1ry0YBe9nIQgQp9xQyxth/0BjJ8zRE3gIUzdNrLNCZ41nHuNPVFJRRIX79+yu5l+A56w==",
			"requires": {
				"@formatjs/ecma402-abstract": "1.5.0",
				"@formatjs/intl-datetimeformat": "3.1.0",
				"@formatjs/intl-displaynames": "4.0.1",
				"@formatjs/intl-listformat": "5.0.1",
				"@formatjs/intl-relativetimeformat": "8.0.0",
				"fast-memoize": "^2.5.2",
				"intl-messageformat": "9.3.20",
				"intl-messageformat-parser": "6.0.18",
				"tslib": "^2.0.1"
			}
		},
		"@formatjs/intl-datetimeformat": {
			"version": "3.1.0",
			"resolved": "https://registry.npmjs.org/@formatjs/intl-datetimeformat/-/intl-datetimeformat-3.1.0.tgz",
			"integrity": "sha512-XKyDQ3xFgZK2w8GE2v+zE0nk/JqGKFE0UxTI716mp/+OVuws+dbQPiORfSrJceH7E3ZkfGrvO0BB8sksQNsZ+w==",
			"requires": {
				"@formatjs/ecma402-abstract": "1.5.0",
				"tslib": "^2.0.1"
			}
		},
		"@formatjs/intl-displaynames": {
			"version": "4.0.1",
			"resolved": "https://registry.npmjs.org/@formatjs/intl-displaynames/-/intl-displaynames-4.0.1.tgz",
			"integrity": "sha512-vhG9y+F0BudHU9ev0O9Tc5Uwz/MAcCzbBzceSnjcoUMyLLfFN6GSPBvU6+ocxWsfjhu/yL5ja+doZdhwDcSXrA==",
			"requires": {
				"@formatjs/ecma402-abstract": "1.5.0",
				"tslib": "^2.0.1"
			}
		},
		"@formatjs/intl-getcanonicallocales": {
			"version": "1.5.2",
			"resolved": "https://registry.npmjs.org/@formatjs/intl-getcanonicallocales/-/intl-getcanonicallocales-1.5.2.tgz",
			"integrity": "sha512-oOtLAHSocSaJUtqEXnt2gYvZyxfjBkM2r7JKkoij2K91v02zE1Wc//Wvs3eq08xiMxhC5OlkCflbngZirmBm/w==",
			"requires": {
				"cldr-core": "37.0.0",
				"tslib": "^2.0.1"
			}
		},
		"@formatjs/intl-listformat": {
			"version": "5.0.1",
			"resolved": "https://registry.npmjs.org/@formatjs/intl-listformat/-/intl-listformat-5.0.1.tgz",
			"integrity": "sha512-x1gqI3xvTn8uTY0W+bL4ySW/5HFeQXkNNfsdoaRtX2b/HNa4fZoU1EaA6koAk9gUAWSR5Ofe1Ps49CXaMvwcTg==",
			"requires": {
				"@formatjs/ecma402-abstract": "1.5.0",
				"tslib": "^2.0.1"
			}
		},
		"@formatjs/intl-numberformat": {
			"version": "4.2.11",
			"resolved": "https://registry.npmjs.org/@formatjs/intl-numberformat/-/intl-numberformat-4.2.11.tgz",
			"integrity": "sha512-LiPrkg2sRZsH0F6XOz9Esgu+Ou6vux3QPiNDHKKrHL5T4pRbcethI9+vwttnY44FIVnTxjQdywkcJILLjgWPUw==",
			"requires": {
				"@formatjs/intl-utils": "^3.5.0"
			}
		},
		"@formatjs/intl-relativetimeformat": {
			"version": "8.0.0",
			"resolved": "https://registry.npmjs.org/@formatjs/intl-relativetimeformat/-/intl-relativetimeformat-8.0.0.tgz",
			"integrity": "sha512-GKJvd2+Sx0BJqsKt2rBbkgGAwfBjKVnvlRTZQ+OhgSEOeRBHOtaub1jUx8ScQoS5Xe0RFLvTLL2LSnajg6EXkw==",
			"requires": {
				"@formatjs/ecma402-abstract": "1.5.0",
				"tslib": "^2.0.1"
			}
		},
		"@formatjs/intl-utils": {
			"version": "3.8.4",
			"resolved": "https://registry.npmjs.org/@formatjs/intl-utils/-/intl-utils-3.8.4.tgz",
			"integrity": "sha512-j5C6NyfKevIxsfLK8KwO1C0vvP7k1+h4A9cFpc+cr6mEwCc1sPkr17dzh0Ke6k9U5pQccAQoXdcNBl3IYa4+ZQ==",
			"requires": {
				"emojis-list": "^3.0.0"
			}
		},
		"@fortawesome/fontawesome-common-types": {
			"version": "0.2.32",
			"resolved": "https://registry.npmjs.org/@fortawesome/fontawesome-common-types/-/fontawesome-common-types-0.2.32.tgz",
			"integrity": "sha512-ux2EDjKMpcdHBVLi/eWZynnPxs0BtFVXJkgHIxXRl+9ZFaHPvYamAfCzeeQFqHRjuJtX90wVnMRaMQAAlctz3w=="
		},
		"@fortawesome/fontawesome-svg-core": {
			"version": "1.2.32",
			"resolved": "https://registry.npmjs.org/@fortawesome/fontawesome-svg-core/-/fontawesome-svg-core-1.2.32.tgz",
			"integrity": "sha512-XjqyeLCsR/c/usUpdWcOdVtWFVjPbDFBTQkn2fQRrWhhUoxriQohO2RWDxLyUM8XpD+Zzg5xwJ8gqTYGDLeGaQ==",
			"requires": {
				"@fortawesome/fontawesome-common-types": "^0.2.32"
			}
		},
		"@fortawesome/free-solid-svg-icons": {
			"version": "5.15.1",
			"resolved": "https://registry.npmjs.org/@fortawesome/free-solid-svg-icons/-/free-solid-svg-icons-5.15.1.tgz",
			"integrity": "sha512-EFMuKtzRMNbvjab/SvJBaOOpaqJfdSap/Nl6hst7CgrJxwfORR1drdTV6q1Ib/JVzq4xObdTDcT6sqTaXMqfdg==",
			"requires": {
				"@fortawesome/fontawesome-common-types": "^0.2.32"
			}
		},
		"@fortawesome/react-fontawesome": {
			"version": "0.1.13",
			"resolved": "https://registry.npmjs.org/@fortawesome/react-fontawesome/-/react-fontawesome-0.1.13.tgz",
			"integrity": "sha512-/HrLnIft5Ks2511Pz6TxHBIctC9QalVscAC64sufQ4sJH/sXaQlG3uR9LCu6VpEwkBemgcBLrz/QPNP/ddbjDg==",
			"requires": {
				"prop-types": "^15.7.2"
			}
		},
		"@micromag/core": {
			"version": "0.1.29",
			"resolved": "https://registry.npmjs.org/@micromag/core/-/core-0.1.29.tgz",
			"integrity": "sha512-Wpkxb2dDoic1qMVoBKe1yryUH0fWECFfOLl4lO4W+DkY/r1XNNBiUG8QseP5vxA25hS9dw6/8StCzS0wVu69WQ==",
			"requires": {
				"@babel/runtime": "^7.8.7",
				"@folklore/forms": "^0.0.9",
				"@folklore/services": "^0.1.19",
				"@fortawesome/fontawesome-svg-core": "^1.2.28",
				"@fortawesome/free-solid-svg-icons": "^5.13.0",
				"@fortawesome/react-fontawesome": "^0.1.9",
				"bootstrap": "^4.4.1",
				"change-case": "^4.1.1",
				"classnames": "^2.2.6",
				"css-mediaquery": "^0.1.2",
				"lodash": "^4.17.15",
				"prop-types": "^15.7.2",
				"react-intl": "^4.3.1",
				"react-router": "^5.1.2",
				"react-router-dom": "^5.1.2",
				"react-spring": "^9.0.0-canary.808.17.55c5691",
				"react-use-gesture": "^7.0.11",
				"slugify": "^1.4.0",
				"snake-case": "^3.0.3",
				"tinycolor2": "^1.4.1",
				"wolfy87-eventemitter": "^5.2.9"
			},
			"dependencies": {
				"@formatjs/ecma402-abstract": {
					"version": "1.4.0",
					"resolved": "https://registry.npmjs.org/@formatjs/ecma402-abstract/-/ecma402-abstract-1.4.0.tgz",
					"integrity": "sha512-Mv027hcLFjE45K8UJ8PjRpdDGfR0aManEFj1KzoN8zXNveHGEygpZGfFf/FTTMl+QEVSrPAUlyxaCApvmv47AQ==",
					"requires": {
						"tslib": "^2.0.1"
					}
				},
				"@formatjs/intl-datetimeformat": {
					"version": "1.3.3",
					"resolved": "https://registry.npmjs.org/@formatjs/intl-datetimeformat/-/intl-datetimeformat-1.3.3.tgz",
					"integrity": "sha512-wLHQOqKU+I0sINFPA7jabYm/O+ep90NtMv88wCgtWjoHWkfpgK4MJ7mRU01O7Vm/a3onaYvfM4NISdSSLLmHuw==",
					"requires": {
						"@formatjs/intl-getcanonicallocales": "^1.2.7",
						"@formatjs/intl-utils": "^3.5.0"
					}
				},
				"@formatjs/intl-displaynames": {
					"version": "2.2.9",
					"resolved": "https://registry.npmjs.org/@formatjs/intl-displaynames/-/intl-displaynames-2.2.9.tgz",
					"integrity": "sha512-MjjG9SXBre8WwqRHMtaX0wD9T4VvEiNp5U/K96GDE8rHzHxAdP8wKEqlau9ZP47O+bSi7JN5cOTAHoUBpMsn6Q==",
					"requires": {
						"@formatjs/intl-utils": "^3.5.0"
					}
				},
				"@formatjs/intl-listformat": {
					"version": "2.2.9",
					"resolved": "https://registry.npmjs.org/@formatjs/intl-listformat/-/intl-listformat-2.2.9.tgz",
					"integrity": "sha512-RC9wrQf7XXRP73Np1+WDR71HdT91mcdiNgH6m9HVFWa3tgv8rk43QJSMbehPqgcJ1l1pm6Uwm0wURAz8YJVX3A==",
					"requires": {
						"@formatjs/intl-utils": "^3.5.0"
					}
				},
				"@formatjs/intl-relativetimeformat": {
					"version": "5.2.11",
					"resolved": "https://registry.npmjs.org/@formatjs/intl-relativetimeformat/-/intl-relativetimeformat-5.2.11.tgz",
					"integrity": "sha512-Lf7SEIICJ4cGX1vFAMeyRQG8L1Pf18qfXXX4OWIswUnCyCcoIidLMvVN2xjrtB/OToc6mgZhhCTF35hRA0hl7Q==",
					"requires": {
						"@formatjs/intl-utils": "^3.5.0"
					}
				},
				"intl-messageformat": {
					"version": "8.4.1",
					"resolved": "https://registry.npmjs.org/intl-messageformat/-/intl-messageformat-8.4.1.tgz",
					"integrity": "sha512-N4jLt0KebfqXZZZQRwBwZMrqwccHzZnN6KSeUsfidIoHMPIlLIgq08KcYsn7bZS6adh1KKH4/99VODWDDDu85Q==",
					"requires": {
						"intl-format-cache": "^4.2.43",
						"intl-messageformat-parser": "^5.2.1"
					}
				},
				"intl-messageformat-parser": {
					"version": "5.4.2",
					"resolved": "https://registry.npmjs.org/intl-messageformat-parser/-/intl-messageformat-parser-5.4.2.tgz",
					"integrity": "sha512-VHu6UWgWLJykaSeI1M2DpZMVRLuGCOV91i5I81xnJuAI0MKHP7ZJ3my5naOQkzG10ris3hBr+o5RElF1wQ5IXA==",
					"requires": {
						"@formatjs/intl-numberformat": "^5.5.0"
					},
					"dependencies": {
						"@formatjs/intl-numberformat": {
							"version": "5.7.6",
							"resolved": "https://registry.npmjs.org/@formatjs/intl-numberformat/-/intl-numberformat-5.7.6.tgz",
							"integrity": "sha512-ZlZfYtvbVHYZY5OG3RXizoCwxKxEKOrzEe2YOw9wbzoxF3PmFn0SAgojCFGLyNXkkR6xVxlylhbuOPf1dkIVNg==",
							"requires": {
								"@formatjs/ecma402-abstract": "1.4.0",
								"tslib": "^2.0.1"
							}
						}
					}
				},
				"react-intl": {
					"version": "4.7.6",
					"resolved": "https://registry.npmjs.org/react-intl/-/react-intl-4.7.6.tgz",
					"integrity": "sha512-esfz1/WAZjN7WixC1ZiRDWrvH+OSdZ6ZcRYguEqeS69lycj/x8L3ckzF0+5cmbkJGvBLG5ppFZ6DOO0mCk8gUw==",
					"requires": {
						"@formatjs/intl-datetimeformat": "^1.3.3",
						"@formatjs/intl-displaynames": "^2.2.9",
						"@formatjs/intl-listformat": "^2.2.9",
						"@formatjs/intl-numberformat": "^4.2.11",
						"@formatjs/intl-relativetimeformat": "^5.2.11",
						"@formatjs/intl-utils": "^3.5.0",
						"@types/hoist-non-react-statics": "^3.3.1",
						"@types/invariant": "^2.2.31",
						"hoist-non-react-statics": "^3.3.2",
						"intl-format-cache": "^4.2.43",
						"intl-messageformat": "^8.4.1",
						"intl-messageformat-parser": "^5.2.1",
						"shallow-equal": "^1.2.1"
					}
				}
			}
		},
		"@react-spring/animated": {
			"version": "9.0.0-rc.3",
			"resolved": "https://registry.npmjs.org/@react-spring/animated/-/animated-9.0.0-rc.3.tgz",
			"integrity": "sha512-dAvgtKhkYpzzr+EkmZ4ZuJ5CujxCW0LaT109DvO/2MQNk3EWIxcgl+ik4tSulSbgau1GN8RlkRKyDp0wISdQ3Q==",
			"requires": {
				"@babel/runtime": "^7.3.1",
				"@react-spring/shared": "9.0.0-rc.3",
				"react-layout-effect": "^1.0.1"
			}
		},
		"@react-spring/core": {
			"version": "9.0.0-rc.3",
			"resolved": "https://registry.npmjs.org/@react-spring/core/-/core-9.0.0-rc.3.tgz",
			"integrity": "sha512-3OzsVFxpfMJNkkQj8TwAH3NhUAX76AXu6WkslQF4EgBeEoG5eY3m+VvM9RsAsGWDuBKpscZ/wBpFt5Ih6KdGHA==",
			"requires": {
				"@babel/runtime": "^7.3.1",
				"@react-spring/animated": "9.0.0-rc.3",
				"@react-spring/shared": "9.0.0-rc.3",
				"react-layout-effect": "^1.0.1",
				"use-memo-one": "^1.1.0"
			}
		},
		"@react-spring/konva": {
			"version": "9.0.0-rc.3",
			"resolved": "https://registry.npmjs.org/@react-spring/konva/-/konva-9.0.0-rc.3.tgz",
			"integrity": "sha512-uampLRgrHIqA3ilnheePUVEUE+fdeipXORI4XZJFsORP01CUJeJCxBwMagaxvsHJAtuNErMI/IebE1T2W8i5qA==",
			"requires": {
				"@babel/runtime": "^7.3.1",
				"@react-spring/animated": "9.0.0-rc.3",
				"@react-spring/core": "9.0.0-rc.3",
				"@react-spring/shared": "9.0.0-rc.3"
			}
		},
		"@react-spring/native": {
			"version": "9.0.0-rc.3",
			"resolved": "https://registry.npmjs.org/@react-spring/native/-/native-9.0.0-rc.3.tgz",
			"integrity": "sha512-7JSixJLfzg8V0IrgyGS3gGr2v8CGh4Kym15Htp3CJq74GFBJMyaQS0KaMjieXnw5alTpQoeGBESfA3v5dPlPYg==",
			"requires": {
				"@babel/runtime": "^7.3.1",
				"@react-spring/animated": "9.0.0-rc.3",
				"@react-spring/core": "9.0.0-rc.3",
				"@react-spring/shared": "9.0.0-rc.3"
			}
		},
		"@react-spring/shared": {
			"version": "9.0.0-rc.3",
			"resolved": "https://registry.npmjs.org/@react-spring/shared/-/shared-9.0.0-rc.3.tgz",
			"integrity": "sha512-dd50TxwwMWd+dSB0InjndUN9w17cbnMCPy+0sag6zRxxKIo7eOyWSliOtLKxvufgmdC8Prm4M3GT5dmB1yxKEQ==",
			"requires": {
				"@alloc/types": "^1.2.1",
				"@babel/runtime": "^7.3.1",
				"fluids": "^0.1.6",
				"tslib": "^1.11.1"
			},
			"dependencies": {
				"tslib": {
					"version": "1.14.1",
					"resolved": "https://registry.npmjs.org/tslib/-/tslib-1.14.1.tgz",
					"integrity": "sha512-Xni35NKzjgMrwevysHTCArtLDpPvye8zV/0E4EyYn43P7/7qvQwPh9BGkHewbMulVntbigmcT7rdX3BNo9wRJg=="
				}
			}
		},
		"@react-spring/three": {
			"version": "9.0.0-rc.3",
			"resolved": "https://registry.npmjs.org/@react-spring/three/-/three-9.0.0-rc.3.tgz",
			"integrity": "sha512-H55T+Dnck+hsJ8WgE+tb89ngX1E1lDOpMBG4mGzNLGok6XgGqN0VBsHRN3QDl+aPfmJI1BPFPR6b6WbhwqRNbw==",
			"requires": {
				"@babel/runtime": "^7.3.1",
				"@react-spring/animated": "9.0.0-rc.3",
				"@react-spring/core": "9.0.0-rc.3",
				"@react-spring/shared": "9.0.0-rc.3"
			}
		},
		"@react-spring/web": {
			"version": "9.0.0-rc.3",
			"resolved": "https://registry.npmjs.org/@react-spring/web/-/web-9.0.0-rc.3.tgz",
			"integrity": "sha512-rEvipblmihiz8+Eo01zDp5dqWn6XfYk8q2rlN9c18YIOL4o6nuY/VplDoocUMHYfH4liurpO4o1QudKOO1nAiQ==",
			"requires": {
				"@babel/runtime": "^7.3.1",
				"@react-spring/animated": "9.0.0-rc.3",
				"@react-spring/core": "9.0.0-rc.3",
				"@react-spring/shared": "9.0.0-rc.3"
			}
		},
		"@react-spring/zdog": {
			"version": "9.0.0-rc.3",
			"resolved": "https://registry.npmjs.org/@react-spring/zdog/-/zdog-9.0.0-rc.3.tgz",
			"integrity": "sha512-fl2JI098sfOJ+BaS9xCrnz8NSimL8yPrVwO0lHSpXLn/q3o3MYmRAeJnZQv8yDtT6isTHua6Tfb9vWuZWEXSmA==",
			"requires": {
				"@babel/runtime": "^7.3.1",
				"@react-spring/animated": "9.0.0-rc.3",
				"@react-spring/core": "9.0.0-rc.3",
				"@react-spring/shared": "9.0.0-rc.3"
			}
		},
		"@types/hoist-non-react-statics": {
			"version": "3.3.1",
			"resolved": "https://registry.npmjs.org/@types/hoist-non-react-statics/-/hoist-non-react-statics-3.3.1.tgz",
			"integrity": "sha512-iMIqiko6ooLrTh1joXodJK5X9xeEALT1kM5G3ZLhD3hszxBdIEd5C75U834D9mLcINgD4OyZf5uQXjkuYydWvA==",
			"requires": {
				"@types/react": "*",
				"hoist-non-react-statics": "^3.3.0"
			}
		},
		"@types/invariant": {
			"version": "2.2.34",
			"resolved": "https://registry.npmjs.org/@types/invariant/-/invariant-2.2.34.tgz",
			"integrity": "sha512-lYUtmJ9BqUN688fGY1U1HZoWT1/Jrmgigx2loq4ZcJpICECm/Om3V314BxdzypO0u5PORKGMM6x0OXaljV1YFg=="
		},
		"@types/prop-types": {
			"version": "15.7.3",
			"resolved": "https://registry.npmjs.org/@types/prop-types/-/prop-types-15.7.3.tgz",
			"integrity": "sha512-KfRL3PuHmqQLOG+2tGpRO26Ctg+Cq1E01D2DMriKEATHgWLfeNDmq9e29Q9WIky0dQ3NPkd1mzYH8Lm936Z9qw=="
		},
		"@types/react": {
			"version": "17.0.0",
			"resolved": "https://registry.npmjs.org/@types/react/-/react-17.0.0.tgz",
			"integrity": "sha512-aj/L7RIMsRlWML3YB6KZiXB3fV2t41+5RBGYF8z+tAKU43Px8C3cYUZsDvf1/+Bm4FK21QWBrDutu8ZJ/70qOw==",
			"requires": {
				"@types/prop-types": "*",
				"csstype": "^3.0.2"
			}
		},
		"bootstrap": {
			"version": "4.5.3",
			"resolved": "https://registry.npmjs.org/bootstrap/-/bootstrap-4.5.3.tgz",
			"integrity": "sha512-o9ppKQioXGqhw8Z7mah6KdTYpNQY//tipnkxppWhPbiSWdD+1raYsnhwEZjkTHYbGee4cVQ0Rx65EhOY/HNLcQ=="
		},
		"camel-case": {
			"version": "4.1.2",
			"resolved": "https://registry.npmjs.org/camel-case/-/camel-case-4.1.2.tgz",
			"integrity": "sha512-gxGWBrTT1JuMx6R+o5PTXMmUnhnVzLQ9SNutD4YqKtI6ap897t3tKECYla6gCWEkplXnlNybEkZg9GEGxKFCgw==",
			"requires": {
				"pascal-case": "^3.1.2",
				"tslib": "^2.0.3"
			}
		},
		"capital-case": {
			"version": "1.0.4",
			"resolved": "https://registry.npmjs.org/capital-case/-/capital-case-1.0.4.tgz",
			"integrity": "sha512-ds37W8CytHgwnhGGTi88pcPyR15qoNkOpYwmMMfnWqqWgESapLqvDx6huFjQ5vqWSn2Z06173XNA7LtMOeUh1A==",
			"requires": {
				"no-case": "^3.0.4",
				"tslib": "^2.0.3",
				"upper-case-first": "^2.0.2"
			}
		},
		"change-case": {
			"version": "4.1.2",
			"resolved": "https://registry.npmjs.org/change-case/-/change-case-4.1.2.tgz",
			"integrity": "sha512-bSxY2ws9OtviILG1EiY5K7NNxkqg/JnRnFxLtKQ96JaviiIxi7djMrSd0ECT9AC+lttClmYwKw53BWpOMblo7A==",
			"requires": {
				"camel-case": "^4.1.2",
				"capital-case": "^1.0.4",
				"constant-case": "^3.0.4",
				"dot-case": "^3.0.4",
				"header-case": "^2.0.4",
				"no-case": "^3.0.4",
				"param-case": "^3.0.4",
				"pascal-case": "^3.1.2",
				"path-case": "^3.0.4",
				"sentence-case": "^3.0.4",
				"snake-case": "^3.0.4",
				"tslib": "^2.0.3"
			}
		},
		"classnames": {
			"version": "2.2.6",
			"resolved": "https://registry.npmjs.org/classnames/-/classnames-2.2.6.tgz",
			"integrity": "sha512-JR/iSQOSt+LQIWwrwEzJ9uk0xfN3mTVYMwt1Ir5mUcSN6pU+V4zQFFaJsclJbPuAUQH+yfWef6tm7l1quW3C8Q=="
		},
		"cldr-core": {
			"version": "37.0.0",
			"resolved": "https://registry.npmjs.org/cldr-core/-/cldr-core-37.0.0.tgz",
			"integrity": "sha512-tNH5lbfsE9xzsjjXQjq1tlpMFcmnQYfssDy0zYIZKVtAY18MeQy0+1qlLxB2Z9dwCixGJV8cdhtFjBOub077Gw=="
		},
		"constant-case": {
			"version": "3.0.4",
			"resolved": "https://registry.npmjs.org/constant-case/-/constant-case-3.0.4.tgz",
			"integrity": "sha512-I2hSBi7Vvs7BEuJDr5dDHfzb/Ruj3FyvFyh7KLilAjNQw3Be+xgqUBA2W6scVEcL0hL1dwPRtIqEPVUCKkSsyQ==",
			"requires": {
				"no-case": "^3.0.4",
				"tslib": "^2.0.3",
				"upper-case": "^2.0.2"
			}
		},
		"css-mediaquery": {
			"version": "0.1.2",
			"resolved": "https://registry.npmjs.org/css-mediaquery/-/css-mediaquery-0.1.2.tgz",
			"integrity": "sha1-aiw3NEkoYYYxxUvTPO3TAdoYvqA="
		},
		"csstype": {
			"version": "3.0.5",
			"resolved": "https://registry.npmjs.org/csstype/-/csstype-3.0.5.tgz",
			"integrity": "sha512-uVDi8LpBUKQj6sdxNaTetL6FpeCqTjOvAQuQUa/qAqq8oOd4ivkbhgnqayl0dnPal8Tb/yB1tF+gOvCBiicaiQ=="
		},
		"decode-uri-component": {
			"version": "0.2.0",
			"resolved": "https://registry.npmjs.org/decode-uri-component/-/decode-uri-component-0.2.0.tgz",
			"integrity": "sha1-6zkTMzRYd1y4TNGh+uBiEGu4dUU="
		},
		"dot-case": {
			"version": "3.0.4",
			"resolved": "https://registry.npmjs.org/dot-case/-/dot-case-3.0.4.tgz",
			"integrity": "sha512-Kv5nKlh6yRrdrGvxeJ2e5y2eRUpkUosIW4A2AS38zwSz27zu7ufDwQPi5Jhs3XAlGNetl3bmnGhQsMtkKJnj3w==",
			"requires": {
				"no-case": "^3.0.4",
				"tslib": "^2.0.3"
			}
		},
		"emojis-list": {
			"version": "3.0.0",
			"resolved": "https://registry.npmjs.org/emojis-list/-/emojis-list-3.0.0.tgz",
			"integrity": "sha512-/kyM18EfinwXZbno9FyUGeFh87KC8HRQBQGildHZbEuRyWFOmv1U10o9BBp8XVZDVNNuQKyIGIu5ZYAAXJ0V2Q=="
		},
		"es6-promise": {
			"version": "4.2.8",
			"resolved": "https://registry.npmjs.org/es6-promise/-/es6-promise-4.2.8.tgz",
			"integrity": "sha512-HJDGx5daxeIvxdBxvG2cb9g4tEvwIk3i8+nhX0yGrYmZUzbkdg8QbDevheDB8gd0//uPj4c1EQua8Q+MViT0/w=="
		},
		"fast-memoize": {
			"version": "2.5.2",
			"resolved": "https://registry.npmjs.org/fast-memoize/-/fast-memoize-2.5.2.tgz",
			"integrity": "sha512-Ue0LwpDYErFbmNnZSF0UH6eImUwDmogUO1jyE+JbN2gsQz/jICm1Ve7t9QT0rNSsfJt+Hs4/S3GnsDVjL4HVrw=="
		},
		"fluids": {
			"version": "0.1.10",
			"resolved": "https://registry.npmjs.org/fluids/-/fluids-0.1.10.tgz",
			"integrity": "sha512-66FLmUJOrkvEHIsRVeM+88MG0bjd2TOBuR0BkM0hzyCb68W9drzqeX/AHDNp3ouZALQN7JvBvmKdVhHI+PZsdg=="
		},
		"header-case": {
			"version": "2.0.4",
			"resolved": "https://registry.npmjs.org/header-case/-/header-case-2.0.4.tgz",
			"integrity": "sha512-H/vuk5TEEVZwrR0lp2zed9OCo1uAILMlx0JEMgC26rzyJJ3N1v6XkwHHXJQdR2doSjcGPM6OKPYoJgf0plJ11Q==",
			"requires": {
				"capital-case": "^1.0.4",
				"tslib": "^2.0.3"
			}
		},
		"history": {
			"version": "4.10.1",
			"resolved": "https://registry.npmjs.org/history/-/history-4.10.1.tgz",
			"integrity": "sha512-36nwAD620w12kuzPAsyINPWJqlNbij+hpK1k9XRloDtym8mxzGYl2c17LnV6IAGB2Dmg4tEa7G7DlawS0+qjew==",
			"requires": {
				"@babel/runtime": "^7.1.2",
				"loose-envify": "^1.2.0",
				"resolve-pathname": "^3.0.0",
				"tiny-invariant": "^1.0.2",
				"tiny-warning": "^1.0.0",
				"value-equal": "^1.0.1"
			}
		},
		"hoist-non-react-statics": {
			"version": "3.3.2",
			"resolved": "https://registry.npmjs.org/hoist-non-react-statics/-/hoist-non-react-statics-3.3.2.tgz",
			"integrity": "sha512-/gGivxi8JPKWNm/W0jSmzcMPpfpPLc3dY/6GxhX2hQ9iGj3aDfklV4ET7NjKpSinLpJ5vafa9iiGIEZg10SfBw==",
			"requires": {
				"react-is": "^16.7.0"
			}
		},
		"intl-format-cache": {
			"version": "4.3.1",
			"resolved": "https://registry.npmjs.org/intl-format-cache/-/intl-format-cache-4.3.1.tgz",
			"integrity": "sha512-OEUYNA7D06agqPOYhbTkl0T8HA3QKSuwWh1HiClEnpd9vw7N+3XsQt5iZ0GUEchp5CW1fQk/tary+NsbF3yQ1Q=="
		},
		"intl-messageformat": {
			"version": "9.3.20",
			"resolved": "https://registry.npmjs.org/intl-messageformat/-/intl-messageformat-9.3.20.tgz",
			"integrity": "sha512-jmpjYHE076J/0CIofrPhtUC4LfmsAhuv4JMQxytl2KJd2bim+3+gQJh+Z1vyHUzcj4fIHdt388ZGchb8f0NwOA==",
			"requires": {
				"fast-memoize": "^2.5.2",
				"intl-messageformat-parser": "6.0.18",
				"tslib": "^2.0.1"
			}
		},
		"intl-messageformat-parser": {
			"version": "6.0.18",
			"resolved": "https://registry.npmjs.org/intl-messageformat-parser/-/intl-messageformat-parser-6.0.18.tgz",
			"integrity": "sha512-vLjACEunfi5uSUCWFLOR4PXQ9DGLpED3tM7o9zsYsOvjl0VIheoxyG0WZXnsnhn+S+Zu158M6CkuHXeNZfKRRg==",
			"requires": {
				"@formatjs/ecma402-abstract": "1.5.0",
				"tslib": "^2.0.1"
			}
		},
		"isarray": {
			"version": "0.0.1",
			"resolved": "https://registry.npmjs.org/isarray/-/isarray-0.0.1.tgz",
			"integrity": "sha1-ihis/Kmo9Bd+Cav8YDiTmwXR7t8="
		},
		"js-cookie": {
			"version": "2.2.1",
			"resolved": "https://registry.npmjs.org/js-cookie/-/js-cookie-2.2.1.tgz",
			"integrity": "sha512-HvdH2LzI/EAZcUwA8+0nKNtWHqS+ZmijLA30RwZA0bo7ToCckjK5MkGhjED9KoRcXO6BaGI3I9UIzSA1FKFPOQ=="
		},
		"js-tokens": {
			"version": "4.0.0",
			"resolved": "https://registry.npmjs.org/js-tokens/-/js-tokens-4.0.0.tgz",
			"integrity": "sha512-RdJUflcE3cUzKiMqQgsCu06FPu9UdIJO0beYbPhHN4k6apgJtifcoCtT9bcxOpYBtpD2kCM6Sbzg4CausW/PKQ=="
		},
		"lodash": {
			"version": "4.17.20",
			"resolved": "https://registry.npmjs.org/lodash/-/lodash-4.17.20.tgz",
			"integrity": "sha512-PlhdFcillOINfeV7Ni6oF1TAEayyZBoZ8bcshTHqOYJYlrqzRK5hagpagky5o4HfCzzd1TRkXPMFq6cKk9rGmA=="
		},
		"loose-envify": {
			"version": "1.4.0",
			"resolved": "https://registry.npmjs.org/loose-envify/-/loose-envify-1.4.0.tgz",
			"integrity": "sha512-lyuxPGr/Wfhrlem2CL/UcnUc1zcqKAImBDzukY7Y5F/yQiNdko6+fRLevlw1HgMySw7f611UIY408EtxRSoK3Q==",
			"requires": {
				"js-tokens": "^3.0.0 || ^4.0.0"
			}
		},
		"lower-case": {
			"version": "2.0.2",
			"resolved": "https://registry.npmjs.org/lower-case/-/lower-case-2.0.2.tgz",
			"integrity": "sha512-7fm3l3NAF9WfN6W3JOmf5drwpVqX78JtoGJ3A6W0a6ZnldM41w2fV5D490psKFTpMds8TJse/eHLFFsNHHjHgg==",
			"requires": {
				"tslib": "^2.0.3"
			}
		},
		"mini-create-react-context": {
			"version": "0.4.1",
			"resolved": "https://registry.npmjs.org/mini-create-react-context/-/mini-create-react-context-0.4.1.tgz",
			"integrity": "sha512-YWCYEmd5CQeHGSAKrYvXgmzzkrvssZcuuQDDeqkT+PziKGMgE+0MCCtcKbROzocGBG1meBLl2FotlRwf4gAzbQ==",
			"requires": {
				"@babel/runtime": "^7.12.1",
				"tiny-warning": "^1.0.3"
			}
		},
		"no-case": {
			"version": "3.0.4",
			"resolved": "https://registry.npmjs.org/no-case/-/no-case-3.0.4.tgz",
			"integrity": "sha512-fgAN3jGAh+RoxUGZHTSOLJIqUc2wmoBwGR4tbpNAKmmovFoWq0OdRkb0VkldReO2a2iBT/OEulG9XSUc10r3zg==",
			"requires": {
				"lower-case": "^2.0.2",
				"tslib": "^2.0.3"
			}
		},
		"object-assign": {
			"version": "4.1.1",
			"resolved": "https://registry.npmjs.org/object-assign/-/object-assign-4.1.1.tgz",
			"integrity": "sha1-IQmtx5ZYh8/AXLvUQsrIv7s2CGM="
		},
		"param-case": {
			"version": "3.0.4",
			"resolved": "https://registry.npmjs.org/param-case/-/param-case-3.0.4.tgz",
			"integrity": "sha512-RXlj7zCYokReqWpOPH9oYivUzLYZ5vAPIfEmCTNViosC78F8F0H9y7T7gG2M39ymgutxF5gcFEsyZQSph9Bp3A==",
			"requires": {
				"dot-case": "^3.0.4",
				"tslib": "^2.0.3"
			}
		},
		"pascal-case": {
			"version": "3.1.2",
			"resolved": "https://registry.npmjs.org/pascal-case/-/pascal-case-3.1.2.tgz",
			"integrity": "sha512-uWlGT3YSnK9x3BQJaOdcZwrnV6hPpd8jFH1/ucpiLRPh/2zCVJKS19E4GvYHvaCcACn3foXZ0cLB9Wrx1KGe5g==",
			"requires": {
				"no-case": "^3.0.4",
				"tslib": "^2.0.3"
			}
		},
		"path-case": {
			"version": "3.0.4",
			"resolved": "https://registry.npmjs.org/path-case/-/path-case-3.0.4.tgz",
			"integrity": "sha512-qO4qCFjXqVTrcbPt/hQfhTQ+VhFsqNKOPtytgNKkKxSoEp3XPUQ8ObFuePylOIok5gjn69ry8XiULxCwot3Wfg==",
			"requires": {
				"dot-case": "^3.0.4",
				"tslib": "^2.0.3"
			}
		},
		"path-to-regexp": {
			"version": "1.8.0",
			"resolved": "https://registry.npmjs.org/path-to-regexp/-/path-to-regexp-1.8.0.tgz",
			"integrity": "sha512-n43JRhlUKUAlibEJhPeir1ncUID16QnEjNpwzNdO3Lm4ywrBpBZ5oLD0I6br9evr1Y9JTqwRtAh7JLoOzAQdVA==",
			"requires": {
				"isarray": "0.0.1"
			}
		},
		"prop-types": {
			"version": "15.7.2",
			"resolved": "https://registry.npmjs.org/prop-types/-/prop-types-15.7.2.tgz",
			"integrity": "sha512-8QQikdH7//R2vurIJSutZ1smHYTcLpRWEOlHnzcWHmBYrOGUysKwSsrC89BCiFj3CbrfJ/nXFdJepOVrY1GCHQ==",
			"requires": {
				"loose-envify": "^1.4.0",
				"object-assign": "^4.1.1",
				"react-is": "^16.8.1"
			}
		},
		"query-string": {
			"version": "5.1.1",
			"resolved": "https://registry.npmjs.org/query-string/-/query-string-5.1.1.tgz",
			"integrity": "sha512-gjWOsm2SoGlgLEdAGt7a6slVOk9mGiXmPFMqrEhLQ68rhQuBnpfs3+EmlvqKyxnCo9/PPlF+9MtY02S1aFg+Jw==",
			"requires": {
				"decode-uri-component": "^0.2.0",
				"object-assign": "^4.1.0",
				"strict-uri-encode": "^1.0.0"
			}
		},
		"react": {
			"version": "17.0.1",
			"resolved": "https://registry.npmjs.org/react/-/react-17.0.1.tgz",
			"integrity": "sha512-lG9c9UuMHdcAexXtigOZLX8exLWkW0Ku29qPRU8uhF2R9BN96dLCt0psvzPLlHc5OWkgymP3qwTRgbnw5BKx3w==",
			"dev": true,
			"requires": {
				"loose-envify": "^1.1.0",
				"object-assign": "^4.1.1"
			}
		},
		"react-dom": {
			"version": "17.0.1",
			"resolved": "https://registry.npmjs.org/react-dom/-/react-dom-17.0.1.tgz",
			"integrity": "sha512-6eV150oJZ9U2t9svnsspTMrWNyHc6chX0KzDeAOXftRa8bNeOKTTfCJ7KorIwenkHd2xqVTBTCZd79yk/lx/Ug==",
			"dev": true,
			"requires": {
				"loose-envify": "^1.1.0",
				"object-assign": "^4.1.1",
				"scheduler": "^0.20.1"
			}
		},
		"react-intl": {
			"version": "5.10.6",
			"resolved": "https://registry.npmjs.org/react-intl/-/react-intl-5.10.6.tgz",
			"integrity": "sha512-IWhPTGGggs/n/OKkhEHAZ7rCfQ8m/2hmYIwJtOPuNQVyKKU+R863q4xP/+uCW1NOXB+yvbF2p7CB/v2hkuEVCA==",
			"requires": {
				"@formatjs/ecma402-abstract": "1.5.0",
				"@formatjs/intl": "1.4.10",
				"@formatjs/intl-displaynames": "4.0.1",
				"@formatjs/intl-listformat": "5.0.1",
				"@formatjs/intl-relativetimeformat": "8.0.0",
				"@types/hoist-non-react-statics": "^3.3.1",
				"fast-memoize": "^2.5.2",
				"hoist-non-react-statics": "^3.3.2",
				"intl-messageformat": "9.3.20",
				"intl-messageformat-parser": "6.0.18",
				"shallow-equal": "^1.2.1",
				"tslib": "^2.0.1"
			}
		},
		"react-is": {
			"version": "16.13.1",
			"resolved": "https://registry.npmjs.org/react-is/-/react-is-16.13.1.tgz",
			"integrity": "sha512-24e6ynE2H+OKt4kqsOvNd8kBpV65zoxbA4BVsEOB3ARVWQki/DHzaUoC5KuON/BiccDaCCTZBuOcfZs70kR8bQ=="
		},
		"react-layout-effect": {
			"version": "1.0.5",
			"resolved": "https://registry.npmjs.org/react-layout-effect/-/react-layout-effect-1.0.5.tgz",
			"integrity": "sha512-zdRXHuch+OBHU6bvjTelOGUCM+UDr/iCY+c0wXLEAc+G4/FlcJruD/hUOzlKH5XgO90Y/BUJPNhI/g9kl+VAsA=="
		},
		"react-router": {
			"version": "5.2.0",
			"resolved": "https://registry.npmjs.org/react-router/-/react-router-5.2.0.tgz",
			"integrity": "sha512-smz1DUuFHRKdcJC0jobGo8cVbhO3x50tCL4icacOlcwDOEQPq4TMqwx3sY1TP+DvtTgz4nm3thuo7A+BK2U0Dw==",
			"requires": {
				"@babel/runtime": "^7.1.2",
				"history": "^4.9.0",
				"hoist-non-react-statics": "^3.1.0",
				"loose-envify": "^1.3.1",
				"mini-create-react-context": "^0.4.0",
				"path-to-regexp": "^1.7.0",
				"prop-types": "^15.6.2",
				"react-is": "^16.6.0",
				"tiny-invariant": "^1.0.2",
				"tiny-warning": "^1.0.0"
			}
		},
		"react-router-dom": {
			"version": "5.2.0",
			"resolved": "https://registry.npmjs.org/react-router-dom/-/react-router-dom-5.2.0.tgz",
			"integrity": "sha512-gxAmfylo2QUjcwxI63RhQ5G85Qqt4voZpUXSEqCwykV0baaOTQDR1f0PmY8AELqIyVc0NEZUj0Gov5lNGcXgsA==",
			"requires": {
				"@babel/runtime": "^7.1.2",
				"history": "^4.9.0",
				"loose-envify": "^1.3.1",
				"prop-types": "^15.6.2",
				"react-router": "5.2.0",
				"tiny-invariant": "^1.0.2",
				"tiny-warning": "^1.0.0"
			}
		},
		"react-spring": {
			"version": "9.0.0-rc.3",
			"resolved": "https://registry.npmjs.org/react-spring/-/react-spring-9.0.0-rc.3.tgz",
			"integrity": "sha512-VX5Gi6svgRzjGvJ7qVRQBhFN+O2IuPvkSWepIg838LNIMqlc42xdIYtoGJYSqYjNO3IocSfkHlh49WVw6hHMUg==",
			"requires": {
				"@babel/runtime": "^7.3.1",
				"@react-spring/core": "9.0.0-rc.3",
				"@react-spring/konva": "9.0.0-rc.3",
				"@react-spring/native": "9.0.0-rc.3",
				"@react-spring/three": "9.0.0-rc.3",
				"@react-spring/web": "9.0.0-rc.3",
				"@react-spring/zdog": "9.0.0-rc.3"
			}
		},
		"react-use-gesture": {
			"version": "7.0.16",
			"resolved": "https://registry.npmjs.org/react-use-gesture/-/react-use-gesture-7.0.16.tgz",
			"integrity": "sha512-gwgX+E+WQG0T1uFVl3z8j3ZwH3QQGIgVl7VtQEC2m0IscSs668sSps4Ss3CFp3Vns8xx0j9TVK4aBXH6+YrpEg=="
		},
		"regenerator-runtime": {
			"version": "0.13.7",
			"resolved": "https://registry.npmjs.org/regenerator-runtime/-/regenerator-runtime-0.13.7.tgz",
			"integrity": "sha512-a54FxoJDIr27pgf7IgeQGxmqUNYrcV338lf/6gH456HZ/PhX+5BcwHXG9ajESmwe6WRO0tAzRUrRmNONWgkrew=="
		},
		"resolve-pathname": {
			"version": "3.0.0",
			"resolved": "https://registry.npmjs.org/resolve-pathname/-/resolve-pathname-3.0.0.tgz",
			"integrity": "sha512-C7rARubxI8bXFNB/hqcp/4iUeIXJhJZvFPFPiSPRnhU5UPxzMFIl+2E6yY6c4k9giDJAhtV+enfA+G89N6Csng=="
		},
		"scheduler": {
			"version": "0.20.1",
			"resolved": "https://registry.npmjs.org/scheduler/-/scheduler-0.20.1.tgz",
			"integrity": "sha512-LKTe+2xNJBNxu/QhHvDR14wUXHRQbVY5ZOYpOGWRzhydZUqrLb2JBvLPY7cAqFmqrWuDED0Mjk7013SZiOz6Bw==",
			"dev": true,
			"requires": {
				"loose-envify": "^1.1.0",
				"object-assign": "^4.1.1"
			}
		},
		"sentence-case": {
			"version": "3.0.4",
			"resolved": "https://registry.npmjs.org/sentence-case/-/sentence-case-3.0.4.tgz",
			"integrity": "sha512-8LS0JInaQMCRoQ7YUytAo/xUu5W2XnQxV2HI/6uM6U7CITS1RqPElr30V6uIqyMKM9lJGRVFy5/4CuzcixNYSg==",
			"requires": {
				"no-case": "^3.0.4",
				"tslib": "^2.0.3",
				"upper-case-first": "^2.0.2"
			}
		},
		"shallow-equal": {
			"version": "1.2.1",
			"resolved": "https://registry.npmjs.org/shallow-equal/-/shallow-equal-1.2.1.tgz",
			"integrity": "sha512-S4vJDjHHMBaiZuT9NPb616CSmLf618jawtv3sufLl6ivK8WocjAo58cXwbRV1cgqxH0Qbv+iUt6m05eqEa2IRA=="
		},
		"slugify": {
			"version": "1.4.6",
			"resolved": "https://registry.npmjs.org/slugify/-/slugify-1.4.6.tgz",
			"integrity": "sha512-ZdJIgv9gdrYwhXqxsH9pv7nXxjUEyQ6nqhngRxoAAOlmMGA28FDq5O4/5US4G2/Nod7d1ovNcgURQJ7kHq50KQ=="
		},
		"snake-case": {
			"version": "3.0.4",
			"resolved": "https://registry.npmjs.org/snake-case/-/snake-case-3.0.4.tgz",
			"integrity": "sha512-LAOh4z89bGQvl9pFfNF8V146i7o7/CqFPbqzYgP+yYzDIDeS9HaNFtXABamRW+AQzEVODcvE79ljJ+8a9YSdMg==",
			"requires": {
				"dot-case": "^3.0.4",
				"tslib": "^2.0.3"
			}
		},
		"strict-uri-encode": {
			"version": "1.1.0",
			"resolved": "https://registry.npmjs.org/strict-uri-encode/-/strict-uri-encode-1.1.0.tgz",
			"integrity": "sha1-J5siXfHVgrH1TmWt3UNS4Y+qBxM="
		},
		"tiny-invariant": {
			"version": "1.1.0",
			"resolved": "https://registry.npmjs.org/tiny-invariant/-/tiny-invariant-1.1.0.tgz",
			"integrity": "sha512-ytxQvrb1cPc9WBEI/HSeYYoGD0kWnGEOR8RY6KomWLBVhqz0RgTwVO9dLrGz7dC+nN9llyI7OKAgRq8Vq4ZBSw=="
		},
		"tiny-warning": {
			"version": "1.0.3",
			"resolved": "https://registry.npmjs.org/tiny-warning/-/tiny-warning-1.0.3.tgz",
			"integrity": "sha512-lBN9zLN/oAf68o3zNXYrdCt1kP8WsiGW8Oo2ka41b2IM5JL/S1CTyX1rW0mb/zSuJun0ZUrDxx4sqvYS2FWzPA=="
		},
		"tinycolor2": {
			"version": "1.4.2",
			"resolved": "https://registry.npmjs.org/tinycolor2/-/tinycolor2-1.4.2.tgz",
			"integrity": "sha512-vJhccZPs965sV/L2sU4oRQVAos0pQXwsvTLkWYdqJ+a8Q5kPFzJTuOFwy7UniPli44NKQGAglksjvOcpo95aZA=="
		},
		"tslib": {
			"version": "2.0.3",
			"resolved": "https://registry.npmjs.org/tslib/-/tslib-2.0.3.tgz",
			"integrity": "sha512-uZtkfKblCEQtZKBF6EBXVZeQNl82yqtDQdv+eck8u7tdPxjLu2/lp5/uPW+um2tpuxINHWy3GhiccY7QgEaVHQ=="
		},
		"upper-case": {
			"version": "2.0.2",
			"resolved": "https://registry.npmjs.org/upper-case/-/upper-case-2.0.2.tgz",
			"integrity": "sha512-KgdgDGJt2TpuwBUIjgG6lzw2GWFRCW9Qkfkiv0DxqHHLYJHmtmdUIKcZd8rHgFSjopVTlw6ggzCm1b8MFQwikg==",
			"requires": {
				"tslib": "^2.0.3"
			}
		},
		"upper-case-first": {
			"version": "2.0.2",
			"resolved": "https://registry.npmjs.org/upper-case-first/-/upper-case-first-2.0.2.tgz",
			"integrity": "sha512-514ppYHBaKwfJRK/pNC6c/OxfGa0obSnAl106u97Ed0I625Nin96KAjttZF6ZL3e1XLtphxnqrOi9iWgm+u+bg==",
			"requires": {
				"tslib": "^2.0.3"
			}
		},
		"use-memo-one": {
			"version": "1.1.1",
			"resolved": "https://registry.npmjs.org/use-memo-one/-/use-memo-one-1.1.1.tgz",
			"integrity": "sha512-oFfsyun+bP7RX8X2AskHNTxu+R3QdE/RC5IefMbqptmACAA/gfol1KDD5KRzPsGMa62sWxGZw+Ui43u6x4ddoQ=="
		},
		"uuid": {
			"version": "8.3.2",
			"resolved": "https://registry.npmjs.org/uuid/-/uuid-8.3.2.tgz",
			"integrity": "sha512-+NYs2QeMWy+GWFOEm9xnn6HCDp0l7QBD7ml8zLUmJ+93Q5NF0NocErnwkTkXVFNiX3/fpC6afS8Dhb/gz7R7eg=="
		},
		"value-equal": {
			"version": "1.0.1",
			"resolved": "https://registry.npmjs.org/value-equal/-/value-equal-1.0.1.tgz",
			"integrity": "sha512-NOJ6JZCAWr0zlxZt+xqCHNTEKOsrks2HQd4MqhP1qy4z1SkbEP467eNx6TgDKXMvUOb+OENfJCZwM+16n7fRfw=="
		},
		"wolfy87-eventemitter": {
			"version": "5.2.9",
			"resolved": "https://registry.npmjs.org/wolfy87-eventemitter/-/wolfy87-eventemitter-5.2.9.tgz",
			"integrity": "sha512-P+6vtWyuDw+MB01X7UeF8TaHBvbCovf4HPEMF/SV7BdDc1SMTiBy13SRD71lQh4ExFTG1d/WNzDGDCyOKSMblw=="
		}
	}
}
