{
    "name": "@micromag/screen-urbania-horoscope",
    "version": "0.3.368",
    "lockfileVersion": 3,
    "requires": true,
    "packages": {
        "": {
            "name": "@micromag/screen-urbania-horoscope",
            "version": "0.3.368",
            "license": "ISC",
            "dependencies": {
                "@react-spring/core": "^9.6.1",
                "@react-spring/web": "^9.6.1",
                "uuid": "^9.0.0"
            },
            "peerDependencies": {
                "react": "^16.8.0 || ^17.0.0 || ^18.0.0",
                "react-dom": "^16.8.0 || ^17.0.0 || ^18.0.0"
            }
        },
        "node_modules/@react-spring/core": {
            "version": "9.6.1",
            "resolved": "https://registry.npmjs.org/@react-spring/core/-/core-9.6.1.tgz",
            "integrity": "sha512-3HAAinAyCPessyQNNXe5W0OHzRfa8Yo5P748paPcmMowZ/4sMfaZ2ZB6e5x5khQI8NusOHj8nquoutd6FRY5WQ==",
            "dependencies": {
                "@react-spring/animated": "~9.6.1",
                "@react-spring/rafz": "~9.6.1",
                "@react-spring/shared": "~9.6.1",
                "@react-spring/types": "~9.6.1"
            },
            "funding": {
                "type": "opencollective",
                "url": "https://opencollective.com/react-spring/donate"
            },
            "peerDependencies": {
                "react": "^16.8.0 || ^17.0.0 || ^18.0.0"
            }
        },
        "node_modules/@react-spring/core/node_modules/@react-spring/animated": {
            "version": "9.6.1",
            "resolved": "https://registry.npmjs.org/@react-spring/animated/-/animated-9.6.1.tgz",
            "integrity": "sha512-ls/rJBrAqiAYozjLo5EPPLLOb1LM0lNVQcXODTC1SMtS6DbuBCPaKco5svFUQFMP2dso3O+qcC4k9FsKc0KxMQ==",
            "dependencies": {
                "@react-spring/shared": "~9.6.1",
                "@react-spring/types": "~9.6.1"
            },
            "peerDependencies": {
                "react": "^16.8.0 || ^17.0.0 || ^18.0.0"
            }
        },
        "node_modules/@react-spring/core/node_modules/@react-spring/rafz": {
            "version": "9.6.1",
            "resolved": "https://registry.npmjs.org/@react-spring/rafz/-/rafz-9.6.1.tgz",
            "integrity": "sha512-v6qbgNRpztJFFfSE3e2W1Uz+g8KnIBs6SmzCzcVVF61GdGfGOuBrbjIcp+nUz301awVmREKi4eMQb2Ab2gGgyQ=="
        },
        "node_modules/@react-spring/core/node_modules/@react-spring/shared": {
            "version": "9.6.1",
            "resolved": "https://registry.npmjs.org/@react-spring/shared/-/shared-9.6.1.tgz",
            "integrity": "sha512-PBFBXabxFEuF8enNLkVqMC9h5uLRBo6GQhRMQT/nRTnemVENimgRd+0ZT4yFnAQ0AxWNiJfX3qux+bW2LbG6Bw==",
            "dependencies": {
                "@react-spring/rafz": "~9.6.1",
                "@react-spring/types": "~9.6.1"
            },
            "peerDependencies": {
                "react": "^16.8.0 || ^17.0.0 || ^18.0.0"
            }
        },
        "node_modules/@react-spring/core/node_modules/@react-spring/types": {
            "version": "9.6.1",
            "resolved": "https://registry.npmjs.org/@react-spring/types/-/types-9.6.1.tgz",
            "integrity": "sha512-POu8Mk0hIU3lRXB3bGIGe4VHIwwDsQyoD1F394OK7STTiX9w4dG3cTLljjYswkQN+hDSHRrj4O36kuVa7KPU8Q=="
        },
        "node_modules/@react-spring/web": {
            "version": "9.6.1",
            "resolved": "https://registry.npmjs.org/@react-spring/web/-/web-9.6.1.tgz",
            "integrity": "sha512-X2zR6q2Z+FjsWfGAmAXlQaoUHbPmfuCaXpuM6TcwXPpLE1ZD4A1eys/wpXboFQmDkjnrlTmKvpVna1MjWpZ5Hw==",
            "dependencies": {
                "@react-spring/animated": "~9.6.1",
                "@react-spring/core": "~9.6.1",
                "@react-spring/shared": "~9.6.1",
                "@react-spring/types": "~9.6.1"
            },
            "peerDependencies": {
                "react": "^16.8.0 || ^17.0.0 || ^18.0.0",
                "react-dom": "^16.8.0 || ^17.0.0 || ^18.0.0"
            }
        },
        "node_modules/@react-spring/web/node_modules/@react-spring/animated": {
            "version": "9.6.1",
            "resolved": "https://registry.npmjs.org/@react-spring/animated/-/animated-9.6.1.tgz",
            "integrity": "sha512-ls/rJBrAqiAYozjLo5EPPLLOb1LM0lNVQcXODTC1SMtS6DbuBCPaKco5svFUQFMP2dso3O+qcC4k9FsKc0KxMQ==",
            "dependencies": {
                "@react-spring/shared": "~9.6.1",
                "@react-spring/types": "~9.6.1"
            },
            "peerDependencies": {
                "react": "^16.8.0 || ^17.0.0 || ^18.0.0"
            }
        },
        "node_modules/@react-spring/web/node_modules/@react-spring/rafz": {
            "version": "9.6.1",
            "resolved": "https://registry.npmjs.org/@react-spring/rafz/-/rafz-9.6.1.tgz",
            "integrity": "sha512-v6qbgNRpztJFFfSE3e2W1Uz+g8KnIBs6SmzCzcVVF61GdGfGOuBrbjIcp+nUz301awVmREKi4eMQb2Ab2gGgyQ=="
        },
        "node_modules/@react-spring/web/node_modules/@react-spring/shared": {
            "version": "9.6.1",
            "resolved": "https://registry.npmjs.org/@react-spring/shared/-/shared-9.6.1.tgz",
            "integrity": "sha512-PBFBXabxFEuF8enNLkVqMC9h5uLRBo6GQhRMQT/nRTnemVENimgRd+0ZT4yFnAQ0AxWNiJfX3qux+bW2LbG6Bw==",
            "dependencies": {
                "@react-spring/rafz": "~9.6.1",
                "@react-spring/types": "~9.6.1"
            },
            "peerDependencies": {
                "react": "^16.8.0 || ^17.0.0 || ^18.0.0"
            }
        },
        "node_modules/@react-spring/web/node_modules/@react-spring/types": {
            "version": "9.6.1",
            "resolved": "https://registry.npmjs.org/@react-spring/types/-/types-9.6.1.tgz",
            "integrity": "sha512-POu8Mk0hIU3lRXB3bGIGe4VHIwwDsQyoD1F394OK7STTiX9w4dG3cTLljjYswkQN+hDSHRrj4O36kuVa7KPU8Q=="
        },
        "node_modules/react": {
            "version": "18.2.0",
            "resolved": "https://registry.npmjs.org/react/-/react-18.2.0.tgz",
            "integrity": "sha512-/3IjMdb2L9QbBdWiW5e3P2/npwMBaU9mHCSCUzNln0ZCYbcfTsGbTJrU/kGemdH2IWmB2ioZ+zkxtmq6g09fGQ==",
            "peer": true,
            "dependencies": {
                "loose-envify": "^1.1.0"
            },
            "engines": {
                "node": ">=0.10.0"
            }
        },
        "node_modules/react-dom": {
            "version": "18.2.0",
            "resolved": "https://registry.npmjs.org/react-dom/-/react-dom-18.2.0.tgz",
            "integrity": "sha512-6IMTriUmvsjHUjNtEDudZfuDQUoWXVxKHhlEGSk81n4YFS+r/Kl99wXiwlVXtPBtJenozv2P+hxDsw9eA7Xo6g==",
            "peer": true,
            "dependencies": {
                "loose-envify": "^1.1.0",
                "scheduler": "^0.23.0"
            },
            "peerDependencies": {
                "react": "^18.2.0"
            }
        },
        "node_modules/react-dom/node_modules/js-tokens": {
            "version": "4.0.0",
            "resolved": "https://registry.npmjs.org/js-tokens/-/js-tokens-4.0.0.tgz",
            "integrity": "sha512-RdJUflcE3cUzKiMqQgsCu06FPu9UdIJO0beYbPhHN4k6apgJtifcoCtT9bcxOpYBtpD2kCM6Sbzg4CausW/PKQ==",
            "peer": true
        },
        "node_modules/react-dom/node_modules/loose-envify": {
            "version": "1.4.0",
            "resolved": "https://registry.npmjs.org/loose-envify/-/loose-envify-1.4.0.tgz",
            "integrity": "sha512-lyuxPGr/Wfhrlem2CL/UcnUc1zcqKAImBDzukY7Y5F/yQiNdko6+fRLevlw1HgMySw7f611UIY408EtxRSoK3Q==",
            "peer": true,
            "dependencies": {
                "js-tokens": "^3.0.0 || ^4.0.0"
            },
            "bin": {
                "loose-envify": "cli.js"
            }
        },
        "node_modules/react-dom/node_modules/scheduler": {
            "version": "0.23.0",
            "resolved": "https://registry.npmjs.org/scheduler/-/scheduler-0.23.0.tgz",
            "integrity": "sha512-CtuThmgHNg7zIZWAXi3AsyIzA3n4xx7aNyjwC2VJldO2LMVDhFK+63xGqq6CsJH4rTAt6/M+N4GhZiDYPx9eUw==",
            "peer": true,
            "dependencies": {
                "loose-envify": "^1.1.0"
            }
        },
        "node_modules/react/node_modules/js-tokens": {
            "version": "4.0.0",
            "resolved": "https://registry.npmjs.org/js-tokens/-/js-tokens-4.0.0.tgz",
            "integrity": "sha512-RdJUflcE3cUzKiMqQgsCu06FPu9UdIJO0beYbPhHN4k6apgJtifcoCtT9bcxOpYBtpD2kCM6Sbzg4CausW/PKQ==",
            "peer": true
        },
        "node_modules/react/node_modules/loose-envify": {
            "version": "1.4.0",
            "resolved": "https://registry.npmjs.org/loose-envify/-/loose-envify-1.4.0.tgz",
            "integrity": "sha512-lyuxPGr/Wfhrlem2CL/UcnUc1zcqKAImBDzukY7Y5F/yQiNdko6+fRLevlw1HgMySw7f611UIY408EtxRSoK3Q==",
            "peer": true,
            "dependencies": {
                "js-tokens": "^3.0.0 || ^4.0.0"
            },
            "bin": {
                "loose-envify": "cli.js"
            }
        },
        "node_modules/uuid": {
            "version": "8.3.2",
            "resolved": "https://registry.npmjs.org/uuid/-/uuid-8.3.2.tgz",
            "integrity": "sha512-+NYs2QeMWy+GWFOEm9xnn6HCDp0l7QBD7ml8zLUmJ+93Q5NF0NocErnwkTkXVFNiX3/fpC6afS8Dhb/gz7R7eg==",
            "bin": {
                "uuid": "dist/bin/uuid"
            }
        }
    }
}
