{
	"name": "@micromag/screen-video-360",
	"version": "0.2.63",
	"lockfileVersion": 1,
	"requires": true,
	"dependencies": {
		"@alloc/types": {
			"version": "1.3.0",
			"resolved": "https://registry.npmjs.org/@alloc/types/-/types-1.3.0.tgz",
			"integrity": "sha512-mH7LiFiq9g6rX2tvt1LtwsclfG5hnsmtIfkZiauAGrm1AwXhoRS0sF2WrN9JGN7eV5vFXqNaB0eXZ3IvMsVi9g=="
		},
		"@babel/runtime": {
			"version": "7.12.5",
			"resolved": "https://registry.npmjs.org/@babel/runtime/-/runtime-7.12.5.tgz",
			"integrity": "sha512-plcc+hbExy3McchJCEQG3knOsuh3HH+Prx1P6cLIkET/0dLuQDEnrT+s27Axgc9bqfsmNUNHfscgMUdBpC9xfg==",
			"requires": {
				"regenerator-runtime": "^0.13.4"
			}
		},
		"@react-spring/animated": {
			"version": "9.0.0-rc.3",
			"resolved": "https://registry.npmjs.org/@react-spring/animated/-/animated-9.0.0-rc.3.tgz",
			"integrity": "sha512-dAvgtKhkYpzzr+EkmZ4ZuJ5CujxCW0LaT109DvO/2MQNk3EWIxcgl+ik4tSulSbgau1GN8RlkRKyDp0wISdQ3Q==",
			"requires": {
				"@babel/runtime": "^7.3.1",
				"@react-spring/shared": "9.0.0-rc.3",
				"react-layout-effect": "^1.0.1"
			}
		},
		"@react-spring/core": {
			"version": "9.0.0-rc.3",
			"resolved": "https://registry.npmjs.org/@react-spring/core/-/core-9.0.0-rc.3.tgz",
			"integrity": "sha512-3OzsVFxpfMJNkkQj8TwAH3NhUAX76AXu6WkslQF4EgBeEoG5eY3m+VvM9RsAsGWDuBKpscZ/wBpFt5Ih6KdGHA==",
			"requires": {
				"@babel/runtime": "^7.3.1",
				"@react-spring/animated": "9.0.0-rc.3",
				"@react-spring/shared": "9.0.0-rc.3",
				"react-layout-effect": "^1.0.1",
				"use-memo-one": "^1.1.0"
			}
		},
		"@react-spring/konva": {
			"version": "9.0.0-rc.3",
			"resolved": "https://registry.npmjs.org/@react-spring/konva/-/konva-9.0.0-rc.3.tgz",
			"integrity": "sha512-uampLRgrHIqA3ilnheePUVEUE+fdeipXORI4XZJFsORP01CUJeJCxBwMagaxvsHJAtuNErMI/IebE1T2W8i5qA==",
			"requires": {
				"@babel/runtime": "^7.3.1",
				"@react-spring/animated": "9.0.0-rc.3",
				"@react-spring/core": "9.0.0-rc.3",
				"@react-spring/shared": "9.0.0-rc.3"
			}
		},
		"@react-spring/native": {
			"version": "9.0.0-rc.3",
			"resolved": "https://registry.npmjs.org/@react-spring/native/-/native-9.0.0-rc.3.tgz",
			"integrity": "sha512-7JSixJLfzg8V0IrgyGS3gGr2v8CGh4Kym15Htp3CJq74GFBJMyaQS0KaMjieXnw5alTpQoeGBESfA3v5dPlPYg==",
			"requires": {
				"@babel/runtime": "^7.3.1",
				"@react-spring/animated": "9.0.0-rc.3",
				"@react-spring/core": "9.0.0-rc.3",
				"@react-spring/shared": "9.0.0-rc.3"
			}
		},
		"@react-spring/shared": {
			"version": "9.0.0-rc.3",
			"resolved": "https://registry.npmjs.org/@react-spring/shared/-/shared-9.0.0-rc.3.tgz",
			"integrity": "sha512-dd50TxwwMWd+dSB0InjndUN9w17cbnMCPy+0sag6zRxxKIo7eOyWSliOtLKxvufgmdC8Prm4M3GT5dmB1yxKEQ==",
			"requires": {
				"@alloc/types": "^1.2.1",
				"@babel/runtime": "^7.3.1",
				"fluids": "^0.1.6",
				"tslib": "^1.11.1"
			},
			"dependencies": {
				"tslib": {
					"version": "1.14.1",
					"resolved": "https://registry.npmjs.org/tslib/-/tslib-1.14.1.tgz",
					"integrity": "sha512-Xni35NKzjgMrwevysHTCArtLDpPvye8zV/0E4EyYn43P7/7qvQwPh9BGkHewbMulVntbigmcT7rdX3BNo9wRJg=="
				}
			}
		},
		"@react-spring/three": {
			"version": "9.0.0-rc.3",
			"resolved": "https://registry.npmjs.org/@react-spring/three/-/three-9.0.0-rc.3.tgz",
			"integrity": "sha512-H55T+Dnck+hsJ8WgE+tb89ngX1E1lDOpMBG4mGzNLGok6XgGqN0VBsHRN3QDl+aPfmJI1BPFPR6b6WbhwqRNbw==",
			"requires": {
				"@babel/runtime": "^7.3.1",
				"@react-spring/animated": "9.0.0-rc.3",
				"@react-spring/core": "9.0.0-rc.3",
				"@react-spring/shared": "9.0.0-rc.3"
			}
		},
		"@react-spring/web": {
			"version": "9.0.0-rc.3",
			"resolved": "https://registry.npmjs.org/@react-spring/web/-/web-9.0.0-rc.3.tgz",
			"integrity": "sha512-rEvipblmihiz8+Eo01zDp5dqWn6XfYk8q2rlN9c18YIOL4o6nuY/VplDoocUMHYfH4liurpO4o1QudKOO1nAiQ==",
			"requires": {
				"@babel/runtime": "^7.3.1",
				"@react-spring/animated": "9.0.0-rc.3",
				"@react-spring/core": "9.0.0-rc.3",
				"@react-spring/shared": "9.0.0-rc.3"
			}
		},
		"@react-spring/zdog": {
			"version": "9.0.0-rc.3",
			"resolved": "https://registry.npmjs.org/@react-spring/zdog/-/zdog-9.0.0-rc.3.tgz",
			"integrity": "sha512-fl2JI098sfOJ+BaS9xCrnz8NSimL8yPrVwO0lHSpXLn/q3o3MYmRAeJnZQv8yDtT6isTHua6Tfb9vWuZWEXSmA==",
			"requires": {
				"@babel/runtime": "^7.3.1",
				"@react-spring/animated": "9.0.0-rc.3",
				"@react-spring/core": "9.0.0-rc.3",
				"@react-spring/shared": "9.0.0-rc.3"
			}
		},
		"fluids": {
			"version": "0.1.10",
			"resolved": "https://registry.npmjs.org/fluids/-/fluids-0.1.10.tgz",
			"integrity": "sha512-66FLmUJOrkvEHIsRVeM+88MG0bjd2TOBuR0BkM0hzyCb68W9drzqeX/AHDNp3ouZALQN7JvBvmKdVhHI+PZsdg=="
		},
		"react-layout-effect": {
			"version": "1.0.5",
			"resolved": "https://registry.npmjs.org/react-layout-effect/-/react-layout-effect-1.0.5.tgz",
			"integrity": "sha512-zdRXHuch+OBHU6bvjTelOGUCM+UDr/iCY+c0wXLEAc+G4/FlcJruD/hUOzlKH5XgO90Y/BUJPNhI/g9kl+VAsA=="
		},
		"react-spring": {
			"version": "9.0.0-rc.3",
			"resolved": "https://registry.npmjs.org/react-spring/-/react-spring-9.0.0-rc.3.tgz",
			"integrity": "sha512-VX5Gi6svgRzjGvJ7qVRQBhFN+O2IuPvkSWepIg838LNIMqlc42xdIYtoGJYSqYjNO3IocSfkHlh49WVw6hHMUg==",
			"requires": {
				"@babel/runtime": "^7.3.1",
				"@react-spring/core": "9.0.0-rc.3",
				"@react-spring/konva": "9.0.0-rc.3",
				"@react-spring/native": "9.0.0-rc.3",
				"@react-spring/three": "9.0.0-rc.3",
				"@react-spring/web": "9.0.0-rc.3",
				"@react-spring/zdog": "9.0.0-rc.3"
			}
		},
		"react-use-gesture": {
			"version": "8.0.1",
			"resolved": "https://registry.npmjs.org/react-use-gesture/-/react-use-gesture-8.0.1.tgz",
			"integrity": "sha512-CXzUNkulUdgouaAlvAsC5ZVo0fi9KGSBSk81WrE4kOIcJccpANe9zZkAYr5YZZhqpicIFxitsrGVS4wmoMun9A=="
		},
		"regenerator-runtime": {
			"version": "0.13.7",
			"resolved": "https://registry.npmjs.org/regenerator-runtime/-/regenerator-runtime-0.13.7.tgz",
			"integrity": "sha512-a54FxoJDIr27pgf7IgeQGxmqUNYrcV338lf/6gH456HZ/PhX+5BcwHXG9ajESmwe6WRO0tAzRUrRmNONWgkrew=="
		},
		"use-memo-one": {
			"version": "1.1.1",
			"resolved": "https://registry.npmjs.org/use-memo-one/-/use-memo-one-1.1.1.tgz",
			"integrity": "sha512-oFfsyun+bP7RX8X2AskHNTxu+R3QdE/RC5IefMbqptmACAA/gfol1KDD5KRzPsGMa62sWxGZw+Ui43u6x4ddoQ=="
		}
	}
}
