{
	"name": "@micromag/media-gallery",
	"version": "0.2.62",
	"lockfileVersion": 1,
	"requires": true,
	"dependencies": {
		"@babel/runtime": {
			"version": "7.12.5",
			"resolved": "https://registry.npmjs.org/@babel/runtime/-/runtime-7.12.5.tgz",
			"integrity": "sha512-plcc+hbExy3McchJCEQG3knOsuh3HH+Prx1P6cLIkET/0dLuQDEnrT+s27Axgc9bqfsmNUNHfscgMUdBpC9xfg==",
			"requires": {
				"regenerator-runtime": "^0.13.4"
			}
		},
		"bootstrap": {
			"version": "4.5.3",
			"resolved": "https://registry.npmjs.org/bootstrap/-/bootstrap-4.5.3.tgz",
			"integrity": "sha512-o9ppKQioXGqhw8Z7mah6KdTYpNQY//tipnkxppWhPbiSWdD+1raYsnhwEZjkTHYbGee4cVQ0Rx65EhOY/HNLcQ=="
		},
		"react-use-gesture": {
			"version": "8.0.1",
			"resolved": "https://registry.npmjs.org/react-use-gesture/-/react-use-gesture-8.0.1.tgz",
			"integrity": "sha512-CXzUNkulUdgouaAlvAsC5ZVo0fi9KGSBSk81WrE4kOIcJccpANe9zZkAYr5YZZhqpicIFxitsrGVS4wmoMun9A=="
		},
		"regenerator-runtime": {
			"version": "0.13.7",
			"resolved": "https://registry.npmjs.org/regenerator-runtime/-/regenerator-runtime-0.13.7.tgz",
			"integrity": "sha512-a54FxoJDIr27pgf7IgeQGxmqUNYrcV338lf/6gH456HZ/PhX+5BcwHXG9ajESmwe6WRO0tAzRUrRmNONWgkrew=="
		}
	}
}
