{
    "name": "@micromag/element-text-input",
    "version": "0.3.19",
    "lockfileVersion": 2,
    "requires": true,
    "packages": {
        "": {
            "name": "@micromag/element-text-input",
            "version": "0.2.214",
            "license": "ISC",
            "dependencies": {
                "react-intl": "^4.5.0"
            },
            "peerDependencies": {
                "react": "^16.8.0",
                "react-dom": "^16.8.0"
            }
        },
        "node_modules/@formatjs/ecma402-abstract": {
            "version": "1.4.0",
            "resolved": "https://registry.npmjs.org/@formatjs/ecma402-abstract/-/ecma402-abstract-1.4.0.tgz",
            "integrity": "sha512-Mv027hcLFjE45K8UJ8PjRpdDGfR0aManEFj1KzoN8zXNveHGEygpZGfFf/FTTMl+QEVSrPAUlyxaCApvmv47AQ==",
            "dependencies": {
                "tslib": "^2.0.1"
            }
        },
        "node_modules/@formatjs/intl-datetimeformat": {
            "version": "1.3.3",
            "resolved": "https://registry.npmjs.org/@formatjs/intl-datetimeformat/-/intl-datetimeformat-1.3.3.tgz",
            "integrity": "sha512-wLHQOqKU+I0sINFPA7jabYm/O+ep90NtMv88wCgtWjoHWkfpgK4MJ7mRU01O7Vm/a3onaYvfM4NISdSSLLmHuw==",
            "dependencies": {
                "@formatjs/intl-getcanonicallocales": "^1.2.7",
                "@formatjs/intl-utils": "^3.5.0"
            }
        },
        "node_modules/@formatjs/intl-displaynames": {
            "version": "2.2.9",
            "resolved": "https://registry.npmjs.org/@formatjs/intl-displaynames/-/intl-displaynames-2.2.9.tgz",
            "integrity": "sha512-MjjG9SXBre8WwqRHMtaX0wD9T4VvEiNp5U/K96GDE8rHzHxAdP8wKEqlau9ZP47O+bSi7JN5cOTAHoUBpMsn6Q==",
            "dependencies": {
                "@formatjs/intl-utils": "^3.5.0"
            }
        },
        "node_modules/@formatjs/intl-getcanonicallocales": {
            "version": "1.5.2",
            "resolved": "https://registry.npmjs.org/@formatjs/intl-getcanonicallocales/-/intl-getcanonicallocales-1.5.2.tgz",
            "integrity": "sha512-oOtLAHSocSaJUtqEXnt2gYvZyxfjBkM2r7JKkoij2K91v02zE1Wc//Wvs3eq08xiMxhC5OlkCflbngZirmBm/w==",
            "dependencies": {
                "cldr-core": "37.0.0",
                "tslib": "^2.0.1"
            }
        },
        "node_modules/@formatjs/intl-listformat": {
            "version": "2.2.9",
            "resolved": "https://registry.npmjs.org/@formatjs/intl-listformat/-/intl-listformat-2.2.9.tgz",
            "integrity": "sha512-RC9wrQf7XXRP73Np1+WDR71HdT91mcdiNgH6m9HVFWa3tgv8rk43QJSMbehPqgcJ1l1pm6Uwm0wURAz8YJVX3A==",
            "dependencies": {
                "@formatjs/intl-utils": "^3.5.0"
            }
        },
        "node_modules/@formatjs/intl-numberformat": {
            "version": "4.2.11",
            "resolved": "https://registry.npmjs.org/@formatjs/intl-numberformat/-/intl-numberformat-4.2.11.tgz",
            "integrity": "sha512-LiPrkg2sRZsH0F6XOz9Esgu+Ou6vux3QPiNDHKKrHL5T4pRbcethI9+vwttnY44FIVnTxjQdywkcJILLjgWPUw==",
            "dependencies": {
                "@formatjs/intl-utils": "^3.5.0"
            }
        },
        "node_modules/@formatjs/intl-relativetimeformat": {
            "version": "5.2.11",
            "resolved": "https://registry.npmjs.org/@formatjs/intl-relativetimeformat/-/intl-relativetimeformat-5.2.11.tgz",
            "integrity": "sha512-Lf7SEIICJ4cGX1vFAMeyRQG8L1Pf18qfXXX4OWIswUnCyCcoIidLMvVN2xjrtB/OToc6mgZhhCTF35hRA0hl7Q==",
            "dependencies": {
                "@formatjs/intl-utils": "^3.5.0"
            }
        },
        "node_modules/@formatjs/intl-utils": {
            "version": "3.8.4",
            "resolved": "https://registry.npmjs.org/@formatjs/intl-utils/-/intl-utils-3.8.4.tgz",
            "integrity": "sha512-j5C6NyfKevIxsfLK8KwO1C0vvP7k1+h4A9cFpc+cr6mEwCc1sPkr17dzh0Ke6k9U5pQccAQoXdcNBl3IYa4+ZQ==",
            "dependencies": {
                "emojis-list": "^3.0.0"
            }
        },
        "node_modules/@types/hoist-non-react-statics": {
            "version": "3.3.1",
            "resolved": "https://registry.npmjs.org/@types/hoist-non-react-statics/-/hoist-non-react-statics-3.3.1.tgz",
            "integrity": "sha512-iMIqiko6ooLrTh1joXodJK5X9xeEALT1kM5G3ZLhD3hszxBdIEd5C75U834D9mLcINgD4OyZf5uQXjkuYydWvA==",
            "dependencies": {
                "@types/react": "*",
                "hoist-non-react-statics": "^3.3.0"
            }
        },
        "node_modules/@types/invariant": {
            "version": "2.2.34",
            "resolved": "https://registry.npmjs.org/@types/invariant/-/invariant-2.2.34.tgz",
            "integrity": "sha512-lYUtmJ9BqUN688fGY1U1HZoWT1/Jrmgigx2loq4ZcJpICECm/Om3V314BxdzypO0u5PORKGMM6x0OXaljV1YFg=="
        },
        "node_modules/@types/prop-types": {
            "version": "15.7.3",
            "resolved": "https://registry.npmjs.org/@types/prop-types/-/prop-types-15.7.3.tgz",
            "integrity": "sha512-KfRL3PuHmqQLOG+2tGpRO26Ctg+Cq1E01D2DMriKEATHgWLfeNDmq9e29Q9WIky0dQ3NPkd1mzYH8Lm936Z9qw=="
        },
        "node_modules/@types/react": {
            "version": "17.0.0",
            "resolved": "https://registry.npmjs.org/@types/react/-/react-17.0.0.tgz",
            "integrity": "sha512-aj/L7RIMsRlWML3YB6KZiXB3fV2t41+5RBGYF8z+tAKU43Px8C3cYUZsDvf1/+Bm4FK21QWBrDutu8ZJ/70qOw==",
            "dependencies": {
                "@types/prop-types": "*",
                "csstype": "^3.0.2"
            }
        },
        "node_modules/cldr-core": {
            "version": "37.0.0",
            "resolved": "https://registry.npmjs.org/cldr-core/-/cldr-core-37.0.0.tgz",
            "integrity": "sha512-tNH5lbfsE9xzsjjXQjq1tlpMFcmnQYfssDy0zYIZKVtAY18MeQy0+1qlLxB2Z9dwCixGJV8cdhtFjBOub077Gw=="
        },
        "node_modules/csstype": {
            "version": "3.0.5",
            "resolved": "https://registry.npmjs.org/csstype/-/csstype-3.0.5.tgz",
            "integrity": "sha512-uVDi8LpBUKQj6sdxNaTetL6FpeCqTjOvAQuQUa/qAqq8oOd4ivkbhgnqayl0dnPal8Tb/yB1tF+gOvCBiicaiQ=="
        },
        "node_modules/emojis-list": {
            "version": "3.0.0",
            "resolved": "https://registry.npmjs.org/emojis-list/-/emojis-list-3.0.0.tgz",
            "integrity": "sha512-/kyM18EfinwXZbno9FyUGeFh87KC8HRQBQGildHZbEuRyWFOmv1U10o9BBp8XVZDVNNuQKyIGIu5ZYAAXJ0V2Q==",
            "engines": {
                "node": ">= 4"
            }
        },
        "node_modules/hoist-non-react-statics": {
            "version": "3.3.2",
            "resolved": "https://registry.npmjs.org/hoist-non-react-statics/-/hoist-non-react-statics-3.3.2.tgz",
            "integrity": "sha512-/gGivxi8JPKWNm/W0jSmzcMPpfpPLc3dY/6GxhX2hQ9iGj3aDfklV4ET7NjKpSinLpJ5vafa9iiGIEZg10SfBw==",
            "dependencies": {
                "react-is": "^16.7.0"
            }
        },
        "node_modules/intl-format-cache": {
            "version": "4.3.1",
            "resolved": "https://registry.npmjs.org/intl-format-cache/-/intl-format-cache-4.3.1.tgz",
            "integrity": "sha512-OEUYNA7D06agqPOYhbTkl0T8HA3QKSuwWh1HiClEnpd9vw7N+3XsQt5iZ0GUEchp5CW1fQk/tary+NsbF3yQ1Q=="
        },
        "node_modules/intl-messageformat": {
            "version": "8.4.1",
            "resolved": "https://registry.npmjs.org/intl-messageformat/-/intl-messageformat-8.4.1.tgz",
            "integrity": "sha512-N4jLt0KebfqXZZZQRwBwZMrqwccHzZnN6KSeUsfidIoHMPIlLIgq08KcYsn7bZS6adh1KKH4/99VODWDDDu85Q==",
            "dependencies": {
                "intl-format-cache": "^4.2.43",
                "intl-messageformat-parser": "^5.2.1"
            }
        },
        "node_modules/intl-messageformat-parser": {
            "version": "5.4.2",
            "resolved": "https://registry.npmjs.org/intl-messageformat-parser/-/intl-messageformat-parser-5.4.2.tgz",
            "integrity": "sha512-VHu6UWgWLJykaSeI1M2DpZMVRLuGCOV91i5I81xnJuAI0MKHP7ZJ3my5naOQkzG10ris3hBr+o5RElF1wQ5IXA==",
            "dependencies": {
                "@formatjs/intl-numberformat": "^5.5.0"
            }
        },
        "node_modules/intl-messageformat-parser/node_modules/@formatjs/intl-numberformat": {
            "version": "5.7.6",
            "resolved": "https://registry.npmjs.org/@formatjs/intl-numberformat/-/intl-numberformat-5.7.6.tgz",
            "integrity": "sha512-ZlZfYtvbVHYZY5OG3RXizoCwxKxEKOrzEe2YOw9wbzoxF3PmFn0SAgojCFGLyNXkkR6xVxlylhbuOPf1dkIVNg==",
            "dependencies": {
                "@formatjs/ecma402-abstract": "1.4.0",
                "tslib": "^2.0.1"
            }
        },
        "node_modules/react": {
            "version": "16.14.0",
            "resolved": "https://registry.npmjs.org/react/-/react-16.14.0.tgz",
            "integrity": "sha512-0X2CImDkJGApiAlcf0ODKIneSwBPhqJawOa5wCtKbu7ZECrmS26NvtSILynQ66cgkT/RJ4LidJOc3bUESwmU8g==",
            "peer": true,
            "dependencies": {
                "loose-envify": "^1.1.0",
                "object-assign": "^4.1.1",
                "prop-types": "^15.6.2"
            },
            "engines": {
                "node": ">=0.10.0"
            }
        },
        "node_modules/react-dom": {
            "version": "16.14.0",
            "resolved": "https://registry.npmjs.org/react-dom/-/react-dom-16.14.0.tgz",
            "integrity": "sha512-1gCeQXDLoIqMgqD3IO2Ah9bnf0w9kzhwN5q4FGnHZ67hBm9yePzB5JJAIQCc8x3pFnNlwFq4RidZggNAAkzWWw==",
            "peer": true,
            "dependencies": {
                "loose-envify": "^1.1.0",
                "object-assign": "^4.1.1",
                "prop-types": "^15.6.2",
                "scheduler": "^0.19.1"
            },
            "peerDependencies": {
                "react": "^16.14.0"
            }
        },
        "node_modules/react-dom/node_modules/js-tokens": {
            "version": "4.0.0",
            "resolved": "https://registry.npmjs.org/js-tokens/-/js-tokens-4.0.0.tgz",
            "integrity": "sha512-RdJUflcE3cUzKiMqQgsCu06FPu9UdIJO0beYbPhHN4k6apgJtifcoCtT9bcxOpYBtpD2kCM6Sbzg4CausW/PKQ==",
            "peer": true
        },
        "node_modules/react-dom/node_modules/loose-envify": {
            "version": "1.4.0",
            "resolved": "https://registry.npmjs.org/loose-envify/-/loose-envify-1.4.0.tgz",
            "integrity": "sha512-lyuxPGr/Wfhrlem2CL/UcnUc1zcqKAImBDzukY7Y5F/yQiNdko6+fRLevlw1HgMySw7f611UIY408EtxRSoK3Q==",
            "peer": true,
            "dependencies": {
                "js-tokens": "^3.0.0 || ^4.0.0"
            },
            "bin": {
                "loose-envify": "cli.js"
            }
        },
        "node_modules/react-dom/node_modules/object-assign": {
            "version": "4.1.1",
            "resolved": "https://registry.npmjs.org/object-assign/-/object-assign-4.1.1.tgz",
            "integrity": "sha1-IQmtx5ZYh8/AXLvUQsrIv7s2CGM=",
            "peer": true,
            "engines": {
                "node": ">=0.10.0"
            }
        },
        "node_modules/react-dom/node_modules/prop-types": {
            "version": "15.7.2",
            "resolved": "https://registry.npmjs.org/prop-types/-/prop-types-15.7.2.tgz",
            "integrity": "sha512-8QQikdH7//R2vurIJSutZ1smHYTcLpRWEOlHnzcWHmBYrOGUysKwSsrC89BCiFj3CbrfJ/nXFdJepOVrY1GCHQ==",
            "peer": true,
            "dependencies": {
                "loose-envify": "^1.4.0",
                "object-assign": "^4.1.1",
                "react-is": "^16.8.1"
            }
        },
        "node_modules/react-dom/node_modules/scheduler": {
            "version": "0.19.1",
            "resolved": "https://registry.npmjs.org/scheduler/-/scheduler-0.19.1.tgz",
            "integrity": "sha512-n/zwRWRYSUj0/3g/otKDRPMh6qv2SYMWNq85IEa8iZyAv8od9zDYpGSnpBEjNgcMNq6Scbu5KfIPxNF72R/2EA==",
            "peer": true,
            "dependencies": {
                "loose-envify": "^1.1.0",
                "object-assign": "^4.1.1"
            }
        },
        "node_modules/react-intl": {
            "version": "4.7.6",
            "resolved": "https://registry.npmjs.org/react-intl/-/react-intl-4.7.6.tgz",
            "integrity": "sha512-esfz1/WAZjN7WixC1ZiRDWrvH+OSdZ6ZcRYguEqeS69lycj/x8L3ckzF0+5cmbkJGvBLG5ppFZ6DOO0mCk8gUw==",
            "dependencies": {
                "@formatjs/intl-datetimeformat": "^1.3.3",
                "@formatjs/intl-displaynames": "^2.2.9",
                "@formatjs/intl-listformat": "^2.2.9",
                "@formatjs/intl-numberformat": "^4.2.11",
                "@formatjs/intl-relativetimeformat": "^5.2.11",
                "@formatjs/intl-utils": "^3.5.0",
                "@types/hoist-non-react-statics": "^3.3.1",
                "@types/invariant": "^2.2.31",
                "hoist-non-react-statics": "^3.3.2",
                "intl-format-cache": "^4.2.43",
                "intl-messageformat": "^8.4.1",
                "intl-messageformat-parser": "^5.2.1",
                "shallow-equal": "^1.2.1"
            }
        },
        "node_modules/react-is": {
            "version": "16.13.1",
            "resolved": "https://registry.npmjs.org/react-is/-/react-is-16.13.1.tgz",
            "integrity": "sha512-24e6ynE2H+OKt4kqsOvNd8kBpV65zoxbA4BVsEOB3ARVWQki/DHzaUoC5KuON/BiccDaCCTZBuOcfZs70kR8bQ=="
        },
        "node_modules/react/node_modules/js-tokens": {
            "version": "4.0.0",
            "resolved": "https://registry.npmjs.org/js-tokens/-/js-tokens-4.0.0.tgz",
            "integrity": "sha512-RdJUflcE3cUzKiMqQgsCu06FPu9UdIJO0beYbPhHN4k6apgJtifcoCtT9bcxOpYBtpD2kCM6Sbzg4CausW/PKQ==",
            "peer": true
        },
        "node_modules/react/node_modules/loose-envify": {
            "version": "1.4.0",
            "resolved": "https://registry.npmjs.org/loose-envify/-/loose-envify-1.4.0.tgz",
            "integrity": "sha512-lyuxPGr/Wfhrlem2CL/UcnUc1zcqKAImBDzukY7Y5F/yQiNdko6+fRLevlw1HgMySw7f611UIY408EtxRSoK3Q==",
            "peer": true,
            "dependencies": {
                "js-tokens": "^3.0.0 || ^4.0.0"
            },
            "bin": {
                "loose-envify": "cli.js"
            }
        },
        "node_modules/react/node_modules/object-assign": {
            "version": "4.1.1",
            "resolved": "https://registry.npmjs.org/object-assign/-/object-assign-4.1.1.tgz",
            "integrity": "sha1-IQmtx5ZYh8/AXLvUQsrIv7s2CGM=",
            "peer": true,
            "engines": {
                "node": ">=0.10.0"
            }
        },
        "node_modules/react/node_modules/prop-types": {
            "version": "15.7.2",
            "resolved": "https://registry.npmjs.org/prop-types/-/prop-types-15.7.2.tgz",
            "integrity": "sha512-8QQikdH7//R2vurIJSutZ1smHYTcLpRWEOlHnzcWHmBYrOGUysKwSsrC89BCiFj3CbrfJ/nXFdJepOVrY1GCHQ==",
            "peer": true,
            "dependencies": {
                "loose-envify": "^1.4.0",
                "object-assign": "^4.1.1",
                "react-is": "^16.8.1"
            }
        },
        "node_modules/shallow-equal": {
            "version": "1.2.1",
            "resolved": "https://registry.npmjs.org/shallow-equal/-/shallow-equal-1.2.1.tgz",
            "integrity": "sha512-S4vJDjHHMBaiZuT9NPb616CSmLf618jawtv3sufLl6ivK8WocjAo58cXwbRV1cgqxH0Qbv+iUt6m05eqEa2IRA=="
        },
        "node_modules/tslib": {
            "version": "2.0.3",
            "resolved": "https://registry.npmjs.org/tslib/-/tslib-2.0.3.tgz",
            "integrity": "sha512-uZtkfKblCEQtZKBF6EBXVZeQNl82yqtDQdv+eck8u7tdPxjLu2/lp5/uPW+um2tpuxINHWy3GhiccY7QgEaVHQ=="
        }
    },
    "dependencies": {
        "@formatjs/ecma402-abstract": {
            "version": "1.4.0",
            "resolved": "https://registry.npmjs.org/@formatjs/ecma402-abstract/-/ecma402-abstract-1.4.0.tgz",
            "integrity": "sha512-Mv027hcLFjE45K8UJ8PjRpdDGfR0aManEFj1KzoN8zXNveHGEygpZGfFf/FTTMl+QEVSrPAUlyxaCApvmv47AQ==",
            "requires": {
                "tslib": "^2.0.1"
            }
        },
        "@formatjs/intl-datetimeformat": {
            "version": "1.3.3",
            "resolved": "https://registry.npmjs.org/@formatjs/intl-datetimeformat/-/intl-datetimeformat-1.3.3.tgz",
            "integrity": "sha512-wLHQOqKU+I0sINFPA7jabYm/O+ep90NtMv88wCgtWjoHWkfpgK4MJ7mRU01O7Vm/a3onaYvfM4NISdSSLLmHuw==",
            "requires": {
                "@formatjs/intl-getcanonicallocales": "^1.2.7",
                "@formatjs/intl-utils": "^3.5.0"
            }
        },
        "@formatjs/intl-displaynames": {
            "version": "2.2.9",
            "resolved": "https://registry.npmjs.org/@formatjs/intl-displaynames/-/intl-displaynames-2.2.9.tgz",
            "integrity": "sha512-MjjG9SXBre8WwqRHMtaX0wD9T4VvEiNp5U/K96GDE8rHzHxAdP8wKEqlau9ZP47O+bSi7JN5cOTAHoUBpMsn6Q==",
            "requires": {
                "@formatjs/intl-utils": "^3.5.0"
            }
        },
        "@formatjs/intl-getcanonicallocales": {
            "version": "1.5.2",
            "resolved": "https://registry.npmjs.org/@formatjs/intl-getcanonicallocales/-/intl-getcanonicallocales-1.5.2.tgz",
            "integrity": "sha512-oOtLAHSocSaJUtqEXnt2gYvZyxfjBkM2r7JKkoij2K91v02zE1Wc//Wvs3eq08xiMxhC5OlkCflbngZirmBm/w==",
            "requires": {
                "cldr-core": "37.0.0",
                "tslib": "^2.0.1"
            }
        },
        "@formatjs/intl-listformat": {
            "version": "2.2.9",
            "resolved": "https://registry.npmjs.org/@formatjs/intl-listformat/-/intl-listformat-2.2.9.tgz",
            "integrity": "sha512-RC9wrQf7XXRP73Np1+WDR71HdT91mcdiNgH6m9HVFWa3tgv8rk43QJSMbehPqgcJ1l1pm6Uwm0wURAz8YJVX3A==",
            "requires": {
                "@formatjs/intl-utils": "^3.5.0"
            }
        },
        "@formatjs/intl-numberformat": {
            "version": "4.2.11",
            "resolved": "https://registry.npmjs.org/@formatjs/intl-numberformat/-/intl-numberformat-4.2.11.tgz",
            "integrity": "sha512-LiPrkg2sRZsH0F6XOz9Esgu+Ou6vux3QPiNDHKKrHL5T4pRbcethI9+vwttnY44FIVnTxjQdywkcJILLjgWPUw==",
            "requires": {
                "@formatjs/intl-utils": "^3.5.0"
            }
        },
        "@formatjs/intl-relativetimeformat": {
            "version": "5.2.11",
            "resolved": "https://registry.npmjs.org/@formatjs/intl-relativetimeformat/-/intl-relativetimeformat-5.2.11.tgz",
            "integrity": "sha512-Lf7SEIICJ4cGX1vFAMeyRQG8L1Pf18qfXXX4OWIswUnCyCcoIidLMvVN2xjrtB/OToc6mgZhhCTF35hRA0hl7Q==",
            "requires": {
                "@formatjs/intl-utils": "^3.5.0"
            }
        },
        "@formatjs/intl-utils": {
            "version": "3.8.4",
            "resolved": "https://registry.npmjs.org/@formatjs/intl-utils/-/intl-utils-3.8.4.tgz",
            "integrity": "sha512-j5C6NyfKevIxsfLK8KwO1C0vvP7k1+h4A9cFpc+cr6mEwCc1sPkr17dzh0Ke6k9U5pQccAQoXdcNBl3IYa4+ZQ==",
            "requires": {
                "emojis-list": "^3.0.0"
            }
        },
        "@types/hoist-non-react-statics": {
            "version": "3.3.1",
            "resolved": "https://registry.npmjs.org/@types/hoist-non-react-statics/-/hoist-non-react-statics-3.3.1.tgz",
            "integrity": "sha512-iMIqiko6ooLrTh1joXodJK5X9xeEALT1kM5G3ZLhD3hszxBdIEd5C75U834D9mLcINgD4OyZf5uQXjkuYydWvA==",
            "requires": {
                "@types/react": "*",
                "hoist-non-react-statics": "^3.3.0"
            }
        },
        "@types/invariant": {
            "version": "2.2.34",
            "resolved": "https://registry.npmjs.org/@types/invariant/-/invariant-2.2.34.tgz",
            "integrity": "sha512-lYUtmJ9BqUN688fGY1U1HZoWT1/Jrmgigx2loq4ZcJpICECm/Om3V314BxdzypO0u5PORKGMM6x0OXaljV1YFg=="
        },
        "@types/prop-types": {
            "version": "15.7.3",
            "resolved": "https://registry.npmjs.org/@types/prop-types/-/prop-types-15.7.3.tgz",
            "integrity": "sha512-KfRL3PuHmqQLOG+2tGpRO26Ctg+Cq1E01D2DMriKEATHgWLfeNDmq9e29Q9WIky0dQ3NPkd1mzYH8Lm936Z9qw=="
        },
        "@types/react": {
            "version": "17.0.0",
            "resolved": "https://registry.npmjs.org/@types/react/-/react-17.0.0.tgz",
            "integrity": "sha512-aj/L7RIMsRlWML3YB6KZiXB3fV2t41+5RBGYF8z+tAKU43Px8C3cYUZsDvf1/+Bm4FK21QWBrDutu8ZJ/70qOw==",
            "requires": {
                "@types/prop-types": "*",
                "csstype": "^3.0.2"
            }
        },
        "cldr-core": {
            "version": "37.0.0",
            "resolved": "https://registry.npmjs.org/cldr-core/-/cldr-core-37.0.0.tgz",
            "integrity": "sha512-tNH5lbfsE9xzsjjXQjq1tlpMFcmnQYfssDy0zYIZKVtAY18MeQy0+1qlLxB2Z9dwCixGJV8cdhtFjBOub077Gw=="
        },
        "csstype": {
            "version": "3.0.5",
            "resolved": "https://registry.npmjs.org/csstype/-/csstype-3.0.5.tgz",
            "integrity": "sha512-uVDi8LpBUKQj6sdxNaTetL6FpeCqTjOvAQuQUa/qAqq8oOd4ivkbhgnqayl0dnPal8Tb/yB1tF+gOvCBiicaiQ=="
        },
        "emojis-list": {
            "version": "3.0.0",
            "resolved": "https://registry.npmjs.org/emojis-list/-/emojis-list-3.0.0.tgz",
            "integrity": "sha512-/kyM18EfinwXZbno9FyUGeFh87KC8HRQBQGildHZbEuRyWFOmv1U10o9BBp8XVZDVNNuQKyIGIu5ZYAAXJ0V2Q=="
        },
        "hoist-non-react-statics": {
            "version": "3.3.2",
            "resolved": "https://registry.npmjs.org/hoist-non-react-statics/-/hoist-non-react-statics-3.3.2.tgz",
            "integrity": "sha512-/gGivxi8JPKWNm/W0jSmzcMPpfpPLc3dY/6GxhX2hQ9iGj3aDfklV4ET7NjKpSinLpJ5vafa9iiGIEZg10SfBw==",
            "requires": {
                "react-is": "^16.7.0"
            }
        },
        "intl-format-cache": {
            "version": "4.3.1",
            "resolved": "https://registry.npmjs.org/intl-format-cache/-/intl-format-cache-4.3.1.tgz",
            "integrity": "sha512-OEUYNA7D06agqPOYhbTkl0T8HA3QKSuwWh1HiClEnpd9vw7N+3XsQt5iZ0GUEchp5CW1fQk/tary+NsbF3yQ1Q=="
        },
        "intl-messageformat": {
            "version": "8.4.1",
            "resolved": "https://registry.npmjs.org/intl-messageformat/-/intl-messageformat-8.4.1.tgz",
            "integrity": "sha512-N4jLt0KebfqXZZZQRwBwZMrqwccHzZnN6KSeUsfidIoHMPIlLIgq08KcYsn7bZS6adh1KKH4/99VODWDDDu85Q==",
            "requires": {
                "intl-format-cache": "^4.2.43",
                "intl-messageformat-parser": "^5.2.1"
            }
        },
        "intl-messageformat-parser": {
            "version": "5.4.2",
            "resolved": "https://registry.npmjs.org/intl-messageformat-parser/-/intl-messageformat-parser-5.4.2.tgz",
            "integrity": "sha512-VHu6UWgWLJykaSeI1M2DpZMVRLuGCOV91i5I81xnJuAI0MKHP7ZJ3my5naOQkzG10ris3hBr+o5RElF1wQ5IXA==",
            "requires": {
                "@formatjs/intl-numberformat": "^5.5.0"
            },
            "dependencies": {
                "@formatjs/intl-numberformat": {
                    "version": "5.7.6",
                    "resolved": "https://registry.npmjs.org/@formatjs/intl-numberformat/-/intl-numberformat-5.7.6.tgz",
                    "integrity": "sha512-ZlZfYtvbVHYZY5OG3RXizoCwxKxEKOrzEe2YOw9wbzoxF3PmFn0SAgojCFGLyNXkkR6xVxlylhbuOPf1dkIVNg==",
                    "requires": {
                        "@formatjs/ecma402-abstract": "1.4.0",
                        "tslib": "^2.0.1"
                    }
                }
            }
        },
        "react": {
            "version": "16.14.0",
            "resolved": "https://registry.npmjs.org/react/-/react-16.14.0.tgz",
            "integrity": "sha512-0X2CImDkJGApiAlcf0ODKIneSwBPhqJawOa5wCtKbu7ZECrmS26NvtSILynQ66cgkT/RJ4LidJOc3bUESwmU8g==",
            "peer": true,
            "requires": {
                "loose-envify": "^1.1.0",
                "object-assign": "^4.1.1",
                "prop-types": "^15.6.2"
            },
            "dependencies": {
                "js-tokens": {
                    "version": "4.0.0",
                    "resolved": "https://registry.npmjs.org/js-tokens/-/js-tokens-4.0.0.tgz",
                    "integrity": "sha512-RdJUflcE3cUzKiMqQgsCu06FPu9UdIJO0beYbPhHN4k6apgJtifcoCtT9bcxOpYBtpD2kCM6Sbzg4CausW/PKQ==",
                    "peer": true
                },
                "loose-envify": {
                    "version": "1.4.0",
                    "resolved": "https://registry.npmjs.org/loose-envify/-/loose-envify-1.4.0.tgz",
                    "integrity": "sha512-lyuxPGr/Wfhrlem2CL/UcnUc1zcqKAImBDzukY7Y5F/yQiNdko6+fRLevlw1HgMySw7f611UIY408EtxRSoK3Q==",
                    "peer": true,
                    "requires": {
                        "js-tokens": "^3.0.0 || ^4.0.0"
                    }
                },
                "object-assign": {
                    "version": "4.1.1",
                    "resolved": "https://registry.npmjs.org/object-assign/-/object-assign-4.1.1.tgz",
                    "integrity": "sha1-IQmtx5ZYh8/AXLvUQsrIv7s2CGM=",
                    "peer": true
                },
                "prop-types": {
                    "version": "15.7.2",
                    "resolved": "https://registry.npmjs.org/prop-types/-/prop-types-15.7.2.tgz",
                    "integrity": "sha512-8QQikdH7//R2vurIJSutZ1smHYTcLpRWEOlHnzcWHmBYrOGUysKwSsrC89BCiFj3CbrfJ/nXFdJepOVrY1GCHQ==",
                    "peer": true,
                    "requires": {
                        "loose-envify": "^1.4.0",
                        "object-assign": "^4.1.1",
                        "react-is": "^16.8.1"
                    }
                }
            }
        },
        "react-dom": {
            "version": "16.14.0",
            "resolved": "https://registry.npmjs.org/react-dom/-/react-dom-16.14.0.tgz",
            "integrity": "sha512-1gCeQXDLoIqMgqD3IO2Ah9bnf0w9kzhwN5q4FGnHZ67hBm9yePzB5JJAIQCc8x3pFnNlwFq4RidZggNAAkzWWw==",
            "peer": true,
            "requires": {
                "loose-envify": "^1.1.0",
                "object-assign": "^4.1.1",
                "prop-types": "^15.6.2",
                "scheduler": "^0.19.1"
            },
            "dependencies": {
                "js-tokens": {
                    "version": "4.0.0",
                    "resolved": "https://registry.npmjs.org/js-tokens/-/js-tokens-4.0.0.tgz",
                    "integrity": "sha512-RdJUflcE3cUzKiMqQgsCu06FPu9UdIJO0beYbPhHN4k6apgJtifcoCtT9bcxOpYBtpD2kCM6Sbzg4CausW/PKQ==",
                    "peer": true
                },
                "loose-envify": {
                    "version": "1.4.0",
                    "resolved": "https://registry.npmjs.org/loose-envify/-/loose-envify-1.4.0.tgz",
                    "integrity": "sha512-lyuxPGr/Wfhrlem2CL/UcnUc1zcqKAImBDzukY7Y5F/yQiNdko6+fRLevlw1HgMySw7f611UIY408EtxRSoK3Q==",
                    "peer": true,
                    "requires": {
                        "js-tokens": "^3.0.0 || ^4.0.0"
                    }
                },
                "object-assign": {
                    "version": "4.1.1",
                    "resolved": "https://registry.npmjs.org/object-assign/-/object-assign-4.1.1.tgz",
                    "integrity": "sha1-IQmtx5ZYh8/AXLvUQsrIv7s2CGM=",
                    "peer": true
                },
                "prop-types": {
                    "version": "15.7.2",
                    "resolved": "https://registry.npmjs.org/prop-types/-/prop-types-15.7.2.tgz",
                    "integrity": "sha512-8QQikdH7//R2vurIJSutZ1smHYTcLpRWEOlHnzcWHmBYrOGUysKwSsrC89BCiFj3CbrfJ/nXFdJepOVrY1GCHQ==",
                    "peer": true,
                    "requires": {
                        "loose-envify": "^1.4.0",
                        "object-assign": "^4.1.1",
                        "react-is": "^16.8.1"
                    }
                },
                "scheduler": {
                    "version": "0.19.1",
                    "resolved": "https://registry.npmjs.org/scheduler/-/scheduler-0.19.1.tgz",
                    "integrity": "sha512-n/zwRWRYSUj0/3g/otKDRPMh6qv2SYMWNq85IEa8iZyAv8od9zDYpGSnpBEjNgcMNq6Scbu5KfIPxNF72R/2EA==",
                    "peer": true,
                    "requires": {
                        "loose-envify": "^1.1.0",
                        "object-assign": "^4.1.1"
                    }
                }
            }
        },
        "react-intl": {
            "version": "4.7.6",
            "resolved": "https://registry.npmjs.org/react-intl/-/react-intl-4.7.6.tgz",
            "integrity": "sha512-esfz1/WAZjN7WixC1ZiRDWrvH+OSdZ6ZcRYguEqeS69lycj/x8L3ckzF0+5cmbkJGvBLG5ppFZ6DOO0mCk8gUw==",
            "requires": {
                "@formatjs/intl-datetimeformat": "^1.3.3",
                "@formatjs/intl-displaynames": "^2.2.9",
                "@formatjs/intl-listformat": "^2.2.9",
                "@formatjs/intl-numberformat": "^4.2.11",
                "@formatjs/intl-relativetimeformat": "^5.2.11",
                "@formatjs/intl-utils": "^3.5.0",
                "@types/hoist-non-react-statics": "^3.3.1",
                "@types/invariant": "^2.2.31",
                "hoist-non-react-statics": "^3.3.2",
                "intl-format-cache": "^4.2.43",
                "intl-messageformat": "^8.4.1",
                "intl-messageformat-parser": "^5.2.1",
                "shallow-equal": "^1.2.1"
            }
        },
        "react-is": {
            "version": "16.13.1",
            "resolved": "https://registry.npmjs.org/react-is/-/react-is-16.13.1.tgz",
            "integrity": "sha512-24e6ynE2H+OKt4kqsOvNd8kBpV65zoxbA4BVsEOB3ARVWQki/DHzaUoC5KuON/BiccDaCCTZBuOcfZs70kR8bQ=="
        },
        "shallow-equal": {
            "version": "1.2.1",
            "resolved": "https://registry.npmjs.org/shallow-equal/-/shallow-equal-1.2.1.tgz",
            "integrity": "sha512-S4vJDjHHMBaiZuT9NPb616CSmLf618jawtv3sufLl6ivK8WocjAo58cXwbRV1cgqxH0Qbv+iUt6m05eqEa2IRA=="
        },
        "tslib": {
            "version": "2.0.3",
            "resolved": "https://registry.npmjs.org/tslib/-/tslib-2.0.3.tgz",
            "integrity": "sha512-uZtkfKblCEQtZKBF6EBXVZeQNl82yqtDQdv+eck8u7tdPxjLu2/lp5/uPW+um2tpuxINHWy3GhiccY7QgEaVHQ=="
        }
    }
}
