{
	"name": "@micromag/screen-gallery-feed",
	"version": "0.2.28",
	"lockfileVersion": 1,
	"requires": true,
	"dependencies": {
		"@babel/runtime": {
			"version": "7.11.2",
			"resolved": "https://registry.npmjs.org/@babel/runtime/-/runtime-7.11.2.tgz",
			"integrity": "sha512-TeWkU52so0mPtDcaCTxNBI/IHiz0pZgr8VEFqXFtZWpYD08ZB6FaSwVAS8MKRQAP3bYKiVjwysOJgMFY28o6Tw==",
			"requires": {
				"regenerator-runtime": "^0.13.4"
			}
		},
		"@formatjs/ecma402-abstract": {
			"version": "1.5.0",
			"resolved": "https://registry.npmjs.org/@formatjs/ecma402-abstract/-/ecma402-abstract-1.5.0.tgz",
			"integrity": "sha512-wXv36yo+mfWllweN0Fq7sUs7PUiNopn7I0JpLTe3hGu6ZMR4CV7LqK1llhB18pndwpKoafQKb1et2DCJAOW20Q==",
			"requires": {
				"tslib": "^2.0.1"
			}
		},
		"@formatjs/intl": {
			"version": "1.4.10",
			"resolved": "https://registry.npmjs.org/@formatjs/intl/-/intl-1.4.10.tgz",
			"integrity": "sha512-CwbOmAnM2QKBUs6Eps1ry0YBe9nIQgQp9xQyxth/0BjJ8zRE3gIUzdNrLNCZ41nHuNPVFJRRIX79+yu5l+A56w==",
			"requires": {
				"@formatjs/ecma402-abstract": "1.5.0",
				"@formatjs/intl-datetimeformat": "3.1.0",
				"@formatjs/intl-displaynames": "4.0.1",
				"@formatjs/intl-listformat": "5.0.1",
				"@formatjs/intl-relativetimeformat": "8.0.0",
				"fast-memoize": "^2.5.2",
				"intl-messageformat": "9.3.20",
				"intl-messageformat-parser": "6.0.18",
				"tslib": "^2.0.1"
			}
		},
		"@formatjs/intl-datetimeformat": {
			"version": "3.1.0",
			"resolved": "https://registry.npmjs.org/@formatjs/intl-datetimeformat/-/intl-datetimeformat-3.1.0.tgz",
			"integrity": "sha512-XKyDQ3xFgZK2w8GE2v+zE0nk/JqGKFE0UxTI716mp/+OVuws+dbQPiORfSrJceH7E3ZkfGrvO0BB8sksQNsZ+w==",
			"requires": {
				"@formatjs/ecma402-abstract": "1.5.0",
				"tslib": "^2.0.1"
			}
		},
		"@formatjs/intl-displaynames": {
			"version": "4.0.1",
			"resolved": "https://registry.npmjs.org/@formatjs/intl-displaynames/-/intl-displaynames-4.0.1.tgz",
			"integrity": "sha512-vhG9y+F0BudHU9ev0O9Tc5Uwz/MAcCzbBzceSnjcoUMyLLfFN6GSPBvU6+ocxWsfjhu/yL5ja+doZdhwDcSXrA==",
			"requires": {
				"@formatjs/ecma402-abstract": "1.5.0",
				"tslib": "^2.0.1"
			}
		},
		"@formatjs/intl-listformat": {
			"version": "5.0.1",
			"resolved": "https://registry.npmjs.org/@formatjs/intl-listformat/-/intl-listformat-5.0.1.tgz",
			"integrity": "sha512-x1gqI3xvTn8uTY0W+bL4ySW/5HFeQXkNNfsdoaRtX2b/HNa4fZoU1EaA6koAk9gUAWSR5Ofe1Ps49CXaMvwcTg==",
			"requires": {
				"@formatjs/ecma402-abstract": "1.5.0",
				"tslib": "^2.0.1"
			}
		},
		"@formatjs/intl-relativetimeformat": {
			"version": "8.0.0",
			"resolved": "https://registry.npmjs.org/@formatjs/intl-relativetimeformat/-/intl-relativetimeformat-8.0.0.tgz",
			"integrity": "sha512-GKJvd2+Sx0BJqsKt2rBbkgGAwfBjKVnvlRTZQ+OhgSEOeRBHOtaub1jUx8ScQoS5Xe0RFLvTLL2LSnajg6EXkw==",
			"requires": {
				"@formatjs/ecma402-abstract": "1.5.0",
				"tslib": "^2.0.1"
			}
		},
		"@types/hoist-non-react-statics": {
			"version": "3.3.1",
			"resolved": "https://registry.npmjs.org/@types/hoist-non-react-statics/-/hoist-non-react-statics-3.3.1.tgz",
			"integrity": "sha512-iMIqiko6ooLrTh1joXodJK5X9xeEALT1kM5G3ZLhD3hszxBdIEd5C75U834D9mLcINgD4OyZf5uQXjkuYydWvA==",
			"requires": {
				"@types/react": "*",
				"hoist-non-react-statics": "^3.3.0"
			}
		},
		"@types/prop-types": {
			"version": "15.7.3",
			"resolved": "https://registry.npmjs.org/@types/prop-types/-/prop-types-15.7.3.tgz",
			"integrity": "sha512-KfRL3PuHmqQLOG+2tGpRO26Ctg+Cq1E01D2DMriKEATHgWLfeNDmq9e29Q9WIky0dQ3NPkd1mzYH8Lm936Z9qw=="
		},
		"@types/react": {
			"version": "17.0.0",
			"resolved": "https://registry.npmjs.org/@types/react/-/react-17.0.0.tgz",
			"integrity": "sha512-aj/L7RIMsRlWML3YB6KZiXB3fV2t41+5RBGYF8z+tAKU43Px8C3cYUZsDvf1/+Bm4FK21QWBrDutu8ZJ/70qOw==",
			"requires": {
				"@types/prop-types": "*",
				"csstype": "^3.0.2"
			}
		},
		"classnames": {
			"version": "2.2.6",
			"resolved": "https://registry.npmjs.org/classnames/-/classnames-2.2.6.tgz",
			"integrity": "sha512-JR/iSQOSt+LQIWwrwEzJ9uk0xfN3mTVYMwt1Ir5mUcSN6pU+V4zQFFaJsclJbPuAUQH+yfWef6tm7l1quW3C8Q=="
		},
		"csstype": {
			"version": "3.0.5",
			"resolved": "https://registry.npmjs.org/csstype/-/csstype-3.0.5.tgz",
			"integrity": "sha512-uVDi8LpBUKQj6sdxNaTetL6FpeCqTjOvAQuQUa/qAqq8oOd4ivkbhgnqayl0dnPal8Tb/yB1tF+gOvCBiicaiQ=="
		},
		"fast-memoize": {
			"version": "2.5.2",
			"resolved": "https://registry.npmjs.org/fast-memoize/-/fast-memoize-2.5.2.tgz",
			"integrity": "sha512-Ue0LwpDYErFbmNnZSF0UH6eImUwDmogUO1jyE+JbN2gsQz/jICm1Ve7t9QT0rNSsfJt+Hs4/S3GnsDVjL4HVrw=="
		},
		"hoist-non-react-statics": {
			"version": "3.3.2",
			"resolved": "https://registry.npmjs.org/hoist-non-react-statics/-/hoist-non-react-statics-3.3.2.tgz",
			"integrity": "sha512-/gGivxi8JPKWNm/W0jSmzcMPpfpPLc3dY/6GxhX2hQ9iGj3aDfklV4ET7NjKpSinLpJ5vafa9iiGIEZg10SfBw==",
			"requires": {
				"react-is": "^16.7.0"
			}
		},
		"intl-messageformat": {
			"version": "9.3.20",
			"resolved": "https://registry.npmjs.org/intl-messageformat/-/intl-messageformat-9.3.20.tgz",
			"integrity": "sha512-jmpjYHE076J/0CIofrPhtUC4LfmsAhuv4JMQxytl2KJd2bim+3+gQJh+Z1vyHUzcj4fIHdt388ZGchb8f0NwOA==",
			"requires": {
				"fast-memoize": "^2.5.2",
				"intl-messageformat-parser": "6.0.18",
				"tslib": "^2.0.1"
			}
		},
		"intl-messageformat-parser": {
			"version": "6.0.18",
			"resolved": "https://registry.npmjs.org/intl-messageformat-parser/-/intl-messageformat-parser-6.0.18.tgz",
			"integrity": "sha512-vLjACEunfi5uSUCWFLOR4PXQ9DGLpED3tM7o9zsYsOvjl0VIheoxyG0WZXnsnhn+S+Zu158M6CkuHXeNZfKRRg==",
			"requires": {
				"@formatjs/ecma402-abstract": "1.5.0",
				"tslib": "^2.0.1"
			}
		},
		"js-tokens": {
			"version": "4.0.0",
			"resolved": "https://registry.npmjs.org/js-tokens/-/js-tokens-4.0.0.tgz",
			"integrity": "sha512-RdJUflcE3cUzKiMqQgsCu06FPu9UdIJO0beYbPhHN4k6apgJtifcoCtT9bcxOpYBtpD2kCM6Sbzg4CausW/PKQ=="
		},
		"lodash": {
			"version": "4.17.20",
			"resolved": "https://registry.npmjs.org/lodash/-/lodash-4.17.20.tgz",
			"integrity": "sha512-PlhdFcillOINfeV7Ni6oF1TAEayyZBoZ8bcshTHqOYJYlrqzRK5hagpagky5o4HfCzzd1TRkXPMFq6cKk9rGmA=="
		},
		"loose-envify": {
			"version": "1.4.0",
			"resolved": "https://registry.npmjs.org/loose-envify/-/loose-envify-1.4.0.tgz",
			"integrity": "sha512-lyuxPGr/Wfhrlem2CL/UcnUc1zcqKAImBDzukY7Y5F/yQiNdko6+fRLevlw1HgMySw7f611UIY408EtxRSoK3Q==",
			"requires": {
				"js-tokens": "^3.0.0 || ^4.0.0"
			}
		},
		"object-assign": {
			"version": "4.1.1",
			"resolved": "https://registry.npmjs.org/object-assign/-/object-assign-4.1.1.tgz",
			"integrity": "sha1-IQmtx5ZYh8/AXLvUQsrIv7s2CGM="
		},
		"prop-types": {
			"version": "15.7.2",
			"resolved": "https://registry.npmjs.org/prop-types/-/prop-types-15.7.2.tgz",
			"integrity": "sha512-8QQikdH7//R2vurIJSutZ1smHYTcLpRWEOlHnzcWHmBYrOGUysKwSsrC89BCiFj3CbrfJ/nXFdJepOVrY1GCHQ==",
			"requires": {
				"loose-envify": "^1.4.0",
				"object-assign": "^4.1.1",
				"react-is": "^16.8.1"
			}
		},
		"react": {
			"version": "16.13.1",
			"resolved": "https://registry.npmjs.org/react/-/react-16.13.1.tgz",
			"integrity": "sha512-YMZQQq32xHLX0bz5Mnibv1/LHb3Sqzngu7xstSM+vrkE5Kzr9xE0yMByK5kMoTK30YVJE61WfbxIFFvfeDKT1w==",
			"dev": true,
			"requires": {
				"loose-envify": "^1.1.0",
				"object-assign": "^4.1.1",
				"prop-types": "^15.6.2"
			}
		},
		"react-dom": {
			"version": "16.13.1",
			"resolved": "https://registry.npmjs.org/react-dom/-/react-dom-16.13.1.tgz",
			"integrity": "sha512-81PIMmVLnCNLO/fFOQxdQkvEq/+Hfpv24XNJfpyZhTRfO0QcmQIF/PgCa1zCOj2w1hrn12MFLyaJ/G0+Mxtfag==",
			"dev": true,
			"requires": {
				"loose-envify": "^1.1.0",
				"object-assign": "^4.1.1",
				"prop-types": "^15.6.2",
				"scheduler": "^0.19.1"
			}
		},
		"react-intl": {
			"version": "5.10.6",
			"resolved": "https://registry.npmjs.org/react-intl/-/react-intl-5.10.6.tgz",
			"integrity": "sha512-IWhPTGGggs/n/OKkhEHAZ7rCfQ8m/2hmYIwJtOPuNQVyKKU+R863q4xP/+uCW1NOXB+yvbF2p7CB/v2hkuEVCA==",
			"requires": {
				"@formatjs/ecma402-abstract": "1.5.0",
				"@formatjs/intl": "1.4.10",
				"@formatjs/intl-displaynames": "4.0.1",
				"@formatjs/intl-listformat": "5.0.1",
				"@formatjs/intl-relativetimeformat": "8.0.0",
				"@types/hoist-non-react-statics": "^3.3.1",
				"fast-memoize": "^2.5.2",
				"hoist-non-react-statics": "^3.3.2",
				"intl-messageformat": "9.3.20",
				"intl-messageformat-parser": "6.0.18",
				"shallow-equal": "^1.2.1",
				"tslib": "^2.0.1"
			}
		},
		"react-is": {
			"version": "16.13.1",
			"resolved": "https://registry.npmjs.org/react-is/-/react-is-16.13.1.tgz",
			"integrity": "sha512-24e6ynE2H+OKt4kqsOvNd8kBpV65zoxbA4BVsEOB3ARVWQki/DHzaUoC5KuON/BiccDaCCTZBuOcfZs70kR8bQ=="
		},
		"regenerator-runtime": {
			"version": "0.13.7",
			"resolved": "https://registry.npmjs.org/regenerator-runtime/-/regenerator-runtime-0.13.7.tgz",
			"integrity": "sha512-a54FxoJDIr27pgf7IgeQGxmqUNYrcV338lf/6gH456HZ/PhX+5BcwHXG9ajESmwe6WRO0tAzRUrRmNONWgkrew=="
		},
		"scheduler": {
			"version": "0.19.1",
			"resolved": "https://registry.npmjs.org/scheduler/-/scheduler-0.19.1.tgz",
			"integrity": "sha512-n/zwRWRYSUj0/3g/otKDRPMh6qv2SYMWNq85IEa8iZyAv8od9zDYpGSnpBEjNgcMNq6Scbu5KfIPxNF72R/2EA==",
			"dev": true,
			"requires": {
				"loose-envify": "^1.1.0",
				"object-assign": "^4.1.1"
			}
		},
		"shallow-equal": {
			"version": "1.2.1",
			"resolved": "https://registry.npmjs.org/shallow-equal/-/shallow-equal-1.2.1.tgz",
			"integrity": "sha512-S4vJDjHHMBaiZuT9NPb616CSmLf618jawtv3sufLl6ivK8WocjAo58cXwbRV1cgqxH0Qbv+iUt6m05eqEa2IRA=="
		},
		"tslib": {
			"version": "2.0.3",
			"resolved": "https://registry.npmjs.org/tslib/-/tslib-2.0.3.tgz",
			"integrity": "sha512-uZtkfKblCEQtZKBF6EBXVZeQNl82yqtDQdv+eck8u7tdPxjLu2/lp5/uPW+um2tpuxINHWy3GhiccY7QgEaVHQ=="
		},
		"uuid": {
			"version": "8.3.2",
			"resolved": "https://registry.npmjs.org/uuid/-/uuid-8.3.2.tgz",
			"integrity": "sha512-+NYs2QeMWy+GWFOEm9xnn6HCDp0l7QBD7ml8zLUmJ+93Q5NF0NocErnwkTkXVFNiX3/fpC6afS8Dhb/gz7R7eg=="
		}
	}
}
