{
	"name": "@micromag/core",
	"version": "0.2.46",
	"lockfileVersion": 1,
	"requires": true,
	"dependencies": {
		"@babel/runtime": {
			"version": "7.12.5",
			"resolved": "https://registry.npmjs.org/@babel/runtime/-/runtime-7.12.5.tgz",
			"integrity": "sha512-plcc+hbExy3McchJCEQG3knOsuh3HH+Prx1P6cLIkET/0dLuQDEnrT+s27Axgc9bqfsmNUNHfscgMUdBpC9xfg==",
			"requires": {
				"regenerator-runtime": "^0.13.4"
			}
		},
		"@formatjs/ecma402-abstract": {
			"version": "1.5.0",
			"resolved": "https://registry.npmjs.org/@formatjs/ecma402-abstract/-/ecma402-abstract-1.5.0.tgz",
			"integrity": "sha512-wXv36yo+mfWllweN0Fq7sUs7PUiNopn7I0JpLTe3hGu6ZMR4CV7LqK1llhB18pndwpKoafQKb1et2DCJAOW20Q==",
			"requires": {
				"tslib": "^2.0.1"
			},
			"dependencies": {
				"tslib": {
					"version": "2.0.3",
					"resolved": "https://registry.npmjs.org/tslib/-/tslib-2.0.3.tgz",
					"integrity": "sha512-uZtkfKblCEQtZKBF6EBXVZeQNl82yqtDQdv+eck8u7tdPxjLu2/lp5/uPW+um2tpuxINHWy3GhiccY7QgEaVHQ=="
				}
			}
		},
		"@formatjs/intl": {
			"version": "1.4.10",
			"resolved": "https://registry.npmjs.org/@formatjs/intl/-/intl-1.4.10.tgz",
			"integrity": "sha512-CwbOmAnM2QKBUs6Eps1ry0YBe9nIQgQp9xQyxth/0BjJ8zRE3gIUzdNrLNCZ41nHuNPVFJRRIX79+yu5l+A56w==",
			"requires": {
				"@formatjs/ecma402-abstract": "1.5.0",
				"@formatjs/intl-datetimeformat": "3.1.0",
				"@formatjs/intl-displaynames": "4.0.1",
				"@formatjs/intl-listformat": "5.0.1",
				"@formatjs/intl-relativetimeformat": "8.0.0",
				"fast-memoize": "^2.5.2",
				"intl-messageformat": "9.3.20",
				"intl-messageformat-parser": "6.0.18",
				"tslib": "^2.0.1"
			},
			"dependencies": {
				"tslib": {
					"version": "2.0.3",
					"resolved": "https://registry.npmjs.org/tslib/-/tslib-2.0.3.tgz",
					"integrity": "sha512-uZtkfKblCEQtZKBF6EBXVZeQNl82yqtDQdv+eck8u7tdPxjLu2/lp5/uPW+um2tpuxINHWy3GhiccY7QgEaVHQ=="
				}
			}
		},
		"@formatjs/intl-datetimeformat": {
			"version": "3.1.0",
			"resolved": "https://registry.npmjs.org/@formatjs/intl-datetimeformat/-/intl-datetimeformat-3.1.0.tgz",
			"integrity": "sha512-XKyDQ3xFgZK2w8GE2v+zE0nk/JqGKFE0UxTI716mp/+OVuws+dbQPiORfSrJceH7E3ZkfGrvO0BB8sksQNsZ+w==",
			"requires": {
				"@formatjs/ecma402-abstract": "1.5.0",
				"tslib": "^2.0.1"
			},
			"dependencies": {
				"tslib": {
					"version": "2.0.3",
					"resolved": "https://registry.npmjs.org/tslib/-/tslib-2.0.3.tgz",
					"integrity": "sha512-uZtkfKblCEQtZKBF6EBXVZeQNl82yqtDQdv+eck8u7tdPxjLu2/lp5/uPW+um2tpuxINHWy3GhiccY7QgEaVHQ=="
				}
			}
		},
		"@formatjs/intl-displaynames": {
			"version": "4.0.1",
			"resolved": "https://registry.npmjs.org/@formatjs/intl-displaynames/-/intl-displaynames-4.0.1.tgz",
			"integrity": "sha512-vhG9y+F0BudHU9ev0O9Tc5Uwz/MAcCzbBzceSnjcoUMyLLfFN6GSPBvU6+ocxWsfjhu/yL5ja+doZdhwDcSXrA==",
			"requires": {
				"@formatjs/ecma402-abstract": "1.5.0",
				"tslib": "^2.0.1"
			},
			"dependencies": {
				"tslib": {
					"version": "2.0.3",
					"resolved": "https://registry.npmjs.org/tslib/-/tslib-2.0.3.tgz",
					"integrity": "sha512-uZtkfKblCEQtZKBF6EBXVZeQNl82yqtDQdv+eck8u7tdPxjLu2/lp5/uPW+um2tpuxINHWy3GhiccY7QgEaVHQ=="
				}
			}
		},
		"@formatjs/intl-listformat": {
			"version": "5.0.1",
			"resolved": "https://registry.npmjs.org/@formatjs/intl-listformat/-/intl-listformat-5.0.1.tgz",
			"integrity": "sha512-x1gqI3xvTn8uTY0W+bL4ySW/5HFeQXkNNfsdoaRtX2b/HNa4fZoU1EaA6koAk9gUAWSR5Ofe1Ps49CXaMvwcTg==",
			"requires": {
				"@formatjs/ecma402-abstract": "1.5.0",
				"tslib": "^2.0.1"
			},
			"dependencies": {
				"tslib": {
					"version": "2.0.3",
					"resolved": "https://registry.npmjs.org/tslib/-/tslib-2.0.3.tgz",
					"integrity": "sha512-uZtkfKblCEQtZKBF6EBXVZeQNl82yqtDQdv+eck8u7tdPxjLu2/lp5/uPW+um2tpuxINHWy3GhiccY7QgEaVHQ=="
				}
			}
		},
		"@formatjs/intl-relativetimeformat": {
			"version": "8.0.0",
			"resolved": "https://registry.npmjs.org/@formatjs/intl-relativetimeformat/-/intl-relativetimeformat-8.0.0.tgz",
			"integrity": "sha512-GKJvd2+Sx0BJqsKt2rBbkgGAwfBjKVnvlRTZQ+OhgSEOeRBHOtaub1jUx8ScQoS5Xe0RFLvTLL2LSnajg6EXkw==",
			"requires": {
				"@formatjs/ecma402-abstract": "1.5.0",
				"tslib": "^2.0.1"
			},
			"dependencies": {
				"tslib": {
					"version": "2.0.3",
					"resolved": "https://registry.npmjs.org/tslib/-/tslib-2.0.3.tgz",
					"integrity": "sha512-uZtkfKblCEQtZKBF6EBXVZeQNl82yqtDQdv+eck8u7tdPxjLu2/lp5/uPW+um2tpuxINHWy3GhiccY7QgEaVHQ=="
				}
			}
		},
		"@transloadit/prettier-bytes": {
			"version": "0.0.7",
			"resolved": "https://registry.npmjs.org/@transloadit/prettier-bytes/-/prettier-bytes-0.0.7.tgz",
			"integrity": "sha512-VeJbUb0wEKbcwaSlj5n+LscBl9IPgLPkHVGBkh00cztv6X4L/TJXK58LzFuBKX7/GAfiGhIwH67YTLTlzvIzBA=="
		},
		"@types/hoist-non-react-statics": {
			"version": "3.3.1",
			"resolved": "https://registry.npmjs.org/@types/hoist-non-react-statics/-/hoist-non-react-statics-3.3.1.tgz",
			"integrity": "sha512-iMIqiko6ooLrTh1joXodJK5X9xeEALT1kM5G3ZLhD3hszxBdIEd5C75U834D9mLcINgD4OyZf5uQXjkuYydWvA==",
			"requires": {
				"@types/react": "*",
				"hoist-non-react-statics": "^3.3.0"
			}
		},
		"@types/prop-types": {
			"version": "15.7.3",
			"resolved": "https://registry.npmjs.org/@types/prop-types/-/prop-types-15.7.3.tgz",
			"integrity": "sha512-KfRL3PuHmqQLOG+2tGpRO26Ctg+Cq1E01D2DMriKEATHgWLfeNDmq9e29Q9WIky0dQ3NPkd1mzYH8Lm936Z9qw=="
		},
		"@types/react": {
			"version": "17.0.0",
			"resolved": "https://registry.npmjs.org/@types/react/-/react-17.0.0.tgz",
			"integrity": "sha512-aj/L7RIMsRlWML3YB6KZiXB3fV2t41+5RBGYF8z+tAKU43Px8C3cYUZsDvf1/+Bm4FK21QWBrDutu8ZJ/70qOw==",
			"requires": {
				"@types/prop-types": "*",
				"csstype": "^3.0.2"
			}
		},
		"@uppy/core": {
			"version": "1.15.0",
			"resolved": "https://registry.npmjs.org/@uppy/core/-/core-1.15.0.tgz",
			"integrity": "sha512-VaB/+nzwNnA+qOYG4eD4cdkgqRBvkoxJiziMYdp8eYJvEWh+7zO9Z1L7pjTFoZ+gxv1a5raqyHW4famufDag7Q==",
			"requires": {
				"@transloadit/prettier-bytes": "0.0.7",
				"@uppy/store-default": "^1.2.4",
				"@uppy/utils": "^3.3.0",
				"cuid": "^2.1.1",
				"lodash.throttle": "^4.1.1",
				"mime-match": "^1.0.2",
				"namespace-emitter": "^2.0.1",
				"preact": "8.2.9"
			}
		},
		"@uppy/store-default": {
			"version": "1.2.4",
			"resolved": "https://registry.npmjs.org/@uppy/store-default/-/store-default-1.2.4.tgz",
			"integrity": "sha512-d4YTq6SeH792+vG9OXGCfmCIoo4RteLJKU2mZCzMYNjCZ1yNfU/FVw1r7heTc7f2wNls56ABor2xSybk/X+wFA=="
		},
		"@uppy/utils": {
			"version": "3.3.0",
			"resolved": "https://registry.npmjs.org/@uppy/utils/-/utils-3.3.0.tgz",
			"integrity": "sha512-oPNZjjRDDBLC7763idAlzIZiaQoFq2ms/G0TOFq5YeiBv/usbvb/mcEugrwsvLAvLYum2wJzYvWzAx4tlFF/ag==",
			"requires": {
				"abortcontroller-polyfill": "^1.4.0",
				"lodash.throttle": "^4.1.1"
			}
		},
		"abortcontroller-polyfill": {
			"version": "1.7.1",
			"resolved": "https://registry.npmjs.org/abortcontroller-polyfill/-/abortcontroller-polyfill-1.7.1.tgz",
			"integrity": "sha512-yml9NiDEH4M4p0G4AcPkg8AAa4mF3nfYF28VQxaokpO67j9H7gWgmsVWJ/f1Rn+PzsnDYvzJzWIQzCqDKRvWlA=="
		},
		"csstype": {
			"version": "3.0.5",
			"resolved": "https://registry.npmjs.org/csstype/-/csstype-3.0.5.tgz",
			"integrity": "sha512-uVDi8LpBUKQj6sdxNaTetL6FpeCqTjOvAQuQUa/qAqq8oOd4ivkbhgnqayl0dnPal8Tb/yB1tF+gOvCBiicaiQ=="
		},
		"cuid": {
			"version": "2.1.8",
			"resolved": "https://registry.npmjs.org/cuid/-/cuid-2.1.8.tgz",
			"integrity": "sha512-xiEMER6E7TlTPnDxrM4eRiC6TRgjNX9xzEZ5U/Se2YJKr7Mq4pJn/2XEHjl3STcSh96GmkHPcBXLES8M29wyyg=="
		},
		"dayjs": {
			"version": "1.9.7",
			"resolved": "https://registry.npmjs.org/dayjs/-/dayjs-1.9.7.tgz",
			"integrity": "sha512-IC877KBdMhBrCfBfJXHQlo0G8keZ0Opy7YIIq5QKtUbCuHMzim8S4PyiVK4YmihI3iOF9lhfUBW4AQWHTR5WHA=="
		},
		"fast-memoize": {
			"version": "2.5.2",
			"resolved": "https://registry.npmjs.org/fast-memoize/-/fast-memoize-2.5.2.tgz",
			"integrity": "sha512-Ue0LwpDYErFbmNnZSF0UH6eImUwDmogUO1jyE+JbN2gsQz/jICm1Ve7t9QT0rNSsfJt+Hs4/S3GnsDVjL4HVrw=="
		},
		"hoist-non-react-statics": {
			"version": "3.3.2",
			"resolved": "https://registry.npmjs.org/hoist-non-react-statics/-/hoist-non-react-statics-3.3.2.tgz",
			"integrity": "sha512-/gGivxi8JPKWNm/W0jSmzcMPpfpPLc3dY/6GxhX2hQ9iGj3aDfklV4ET7NjKpSinLpJ5vafa9iiGIEZg10SfBw==",
			"requires": {
				"react-is": "^16.7.0"
			}
		},
		"intl-messageformat": {
			"version": "9.3.20",
			"resolved": "https://registry.npmjs.org/intl-messageformat/-/intl-messageformat-9.3.20.tgz",
			"integrity": "sha512-jmpjYHE076J/0CIofrPhtUC4LfmsAhuv4JMQxytl2KJd2bim+3+gQJh+Z1vyHUzcj4fIHdt388ZGchb8f0NwOA==",
			"requires": {
				"fast-memoize": "^2.5.2",
				"intl-messageformat-parser": "6.0.18",
				"tslib": "^2.0.1"
			},
			"dependencies": {
				"tslib": {
					"version": "2.0.3",
					"resolved": "https://registry.npmjs.org/tslib/-/tslib-2.0.3.tgz",
					"integrity": "sha512-uZtkfKblCEQtZKBF6EBXVZeQNl82yqtDQdv+eck8u7tdPxjLu2/lp5/uPW+um2tpuxINHWy3GhiccY7QgEaVHQ=="
				}
			}
		},
		"intl-messageformat-parser": {
			"version": "6.0.18",
			"resolved": "https://registry.npmjs.org/intl-messageformat-parser/-/intl-messageformat-parser-6.0.18.tgz",
			"integrity": "sha512-vLjACEunfi5uSUCWFLOR4PXQ9DGLpED3tM7o9zsYsOvjl0VIheoxyG0WZXnsnhn+S+Zu158M6CkuHXeNZfKRRg==",
			"requires": {
				"@formatjs/ecma402-abstract": "1.5.0",
				"tslib": "^2.0.1"
			},
			"dependencies": {
				"tslib": {
					"version": "2.0.3",
					"resolved": "https://registry.npmjs.org/tslib/-/tslib-2.0.3.tgz",
					"integrity": "sha512-uZtkfKblCEQtZKBF6EBXVZeQNl82yqtDQdv+eck8u7tdPxjLu2/lp5/uPW+um2tpuxINHWy3GhiccY7QgEaVHQ=="
				}
			}
		},
		"js-tokens": {
			"version": "4.0.0",
			"resolved": "https://registry.npmjs.org/js-tokens/-/js-tokens-4.0.0.tgz",
			"integrity": "sha512-RdJUflcE3cUzKiMqQgsCu06FPu9UdIJO0beYbPhHN4k6apgJtifcoCtT9bcxOpYBtpD2kCM6Sbzg4CausW/PKQ==",
			"dev": true
		},
		"lodash.throttle": {
			"version": "4.1.1",
			"resolved": "https://registry.npmjs.org/lodash.throttle/-/lodash.throttle-4.1.1.tgz",
			"integrity": "sha1-wj6RtxAkKscMN/HhzaknTMOb8vQ="
		},
		"loose-envify": {
			"version": "1.4.0",
			"resolved": "https://registry.npmjs.org/loose-envify/-/loose-envify-1.4.0.tgz",
			"integrity": "sha512-lyuxPGr/Wfhrlem2CL/UcnUc1zcqKAImBDzukY7Y5F/yQiNdko6+fRLevlw1HgMySw7f611UIY408EtxRSoK3Q==",
			"dev": true,
			"requires": {
				"js-tokens": "^3.0.0 || ^4.0.0"
			}
		},
		"mime-match": {
			"version": "1.0.2",
			"resolved": "https://registry.npmjs.org/mime-match/-/mime-match-1.0.2.tgz",
			"integrity": "sha1-P4fDHprxpf1IX7nbE0Qosju7e6g=",
			"requires": {
				"wildcard": "^1.1.0"
			}
		},
		"namespace-emitter": {
			"version": "2.0.1",
			"resolved": "https://registry.npmjs.org/namespace-emitter/-/namespace-emitter-2.0.1.tgz",
			"integrity": "sha512-N/sMKHniSDJBjfrkbS/tpkPj4RAbvW3mr8UAzvlMHyun93XEm83IAvhWtJVHo+RHn/oO8Job5YN4b+wRjSVp5g=="
		},
		"object-assign": {
			"version": "4.1.1",
			"resolved": "https://registry.npmjs.org/object-assign/-/object-assign-4.1.1.tgz",
			"integrity": "sha1-IQmtx5ZYh8/AXLvUQsrIv7s2CGM=",
			"dev": true
		},
		"preact": {
			"version": "8.2.9",
			"resolved": "https://registry.npmjs.org/preact/-/preact-8.2.9.tgz",
			"integrity": "sha512-ThuGXBmJS3VsT+jIP+eQufD3L8pRw/PY3FoCys6O9Pu6aF12Pn9zAJDX99TfwRAFOCEKm/P0lwiPTbqKMJp0fA=="
		},
		"react": {
			"version": "17.0.1",
			"resolved": "https://registry.npmjs.org/react/-/react-17.0.1.tgz",
			"integrity": "sha512-lG9c9UuMHdcAexXtigOZLX8exLWkW0Ku29qPRU8uhF2R9BN96dLCt0psvzPLlHc5OWkgymP3qwTRgbnw5BKx3w==",
			"dev": true,
			"requires": {
				"loose-envify": "^1.1.0",
				"object-assign": "^4.1.1"
			}
		},
		"react-dom": {
			"version": "17.0.1",
			"resolved": "https://registry.npmjs.org/react-dom/-/react-dom-17.0.1.tgz",
			"integrity": "sha512-6eV150oJZ9U2t9svnsspTMrWNyHc6chX0KzDeAOXftRa8bNeOKTTfCJ7KorIwenkHd2xqVTBTCZd79yk/lx/Ug==",
			"dev": true,
			"requires": {
				"loose-envify": "^1.1.0",
				"object-assign": "^4.1.1",
				"scheduler": "^0.20.1"
			}
		},
		"react-intl": {
			"version": "5.10.6",
			"resolved": "https://registry.npmjs.org/react-intl/-/react-intl-5.10.6.tgz",
			"integrity": "sha512-IWhPTGGggs/n/OKkhEHAZ7rCfQ8m/2hmYIwJtOPuNQVyKKU+R863q4xP/+uCW1NOXB+yvbF2p7CB/v2hkuEVCA==",
			"requires": {
				"@formatjs/ecma402-abstract": "1.5.0",
				"@formatjs/intl": "1.4.10",
				"@formatjs/intl-displaynames": "4.0.1",
				"@formatjs/intl-listformat": "5.0.1",
				"@formatjs/intl-relativetimeformat": "8.0.0",
				"@types/hoist-non-react-statics": "^3.3.1",
				"fast-memoize": "^2.5.2",
				"hoist-non-react-statics": "^3.3.2",
				"intl-messageformat": "9.3.20",
				"intl-messageformat-parser": "6.0.18",
				"shallow-equal": "^1.2.1",
				"tslib": "^2.0.1"
			},
			"dependencies": {
				"tslib": {
					"version": "2.0.3",
					"resolved": "https://registry.npmjs.org/tslib/-/tslib-2.0.3.tgz",
					"integrity": "sha512-uZtkfKblCEQtZKBF6EBXVZeQNl82yqtDQdv+eck8u7tdPxjLu2/lp5/uPW+um2tpuxINHWy3GhiccY7QgEaVHQ=="
				}
			}
		},
		"react-is": {
			"version": "16.13.1",
			"resolved": "https://registry.npmjs.org/react-is/-/react-is-16.13.1.tgz",
			"integrity": "sha512-24e6ynE2H+OKt4kqsOvNd8kBpV65zoxbA4BVsEOB3ARVWQki/DHzaUoC5KuON/BiccDaCCTZBuOcfZs70kR8bQ=="
		},
		"regenerator-runtime": {
			"version": "0.13.7",
			"resolved": "https://registry.npmjs.org/regenerator-runtime/-/regenerator-runtime-0.13.7.tgz",
			"integrity": "sha512-a54FxoJDIr27pgf7IgeQGxmqUNYrcV338lf/6gH456HZ/PhX+5BcwHXG9ajESmwe6WRO0tAzRUrRmNONWgkrew=="
		},
		"scheduler": {
			"version": "0.20.1",
			"resolved": "https://registry.npmjs.org/scheduler/-/scheduler-0.20.1.tgz",
			"integrity": "sha512-LKTe+2xNJBNxu/QhHvDR14wUXHRQbVY5ZOYpOGWRzhydZUqrLb2JBvLPY7cAqFmqrWuDED0Mjk7013SZiOz6Bw==",
			"dev": true,
			"requires": {
				"loose-envify": "^1.1.0",
				"object-assign": "^4.1.1"
			}
		},
		"shallow-equal": {
			"version": "1.2.1",
			"resolved": "https://registry.npmjs.org/shallow-equal/-/shallow-equal-1.2.1.tgz",
			"integrity": "sha512-S4vJDjHHMBaiZuT9NPb616CSmLf618jawtv3sufLl6ivK8WocjAo58cXwbRV1cgqxH0Qbv+iUt6m05eqEa2IRA=="
		},
		"wildcard": {
			"version": "1.1.2",
			"resolved": "https://registry.npmjs.org/wildcard/-/wildcard-1.1.2.tgz",
			"integrity": "sha1-pwIEUwhNjNLv5wup02liY94XEKU="
		}
	}
}
