{
	"name": "@micromag/core",
	"version": "0.2.210",
	"lockfileVersion": 1,
	"requires": true,
	"dependencies": {
		"@babel/runtime": {
			"version": "7.12.5",
			"resolved": "https://registry.npmjs.org/@babel/runtime/-/runtime-7.12.5.tgz",
			"integrity": "sha512-plcc+hbExy3McchJCEQG3knOsuh3HH+Prx1P6cLIkET/0dLuQDEnrT+s27Axgc9bqfsmNUNHfscgMUdBpC9xfg==",
			"requires": {
				"regenerator-runtime": "^0.13.4"
			}
		},
		"@transloadit/prettier-bytes": {
			"version": "0.0.7",
			"resolved": "https://registry.npmjs.org/@transloadit/prettier-bytes/-/prettier-bytes-0.0.7.tgz",
			"integrity": "sha512-VeJbUb0wEKbcwaSlj5n+LscBl9IPgLPkHVGBkh00cztv6X4L/TJXK58LzFuBKX7/GAfiGhIwH67YTLTlzvIzBA=="
		},
		"@uppy/core": {
			"version": "1.15.0",
			"resolved": "https://registry.npmjs.org/@uppy/core/-/core-1.15.0.tgz",
			"integrity": "sha512-VaB/+nzwNnA+qOYG4eD4cdkgqRBvkoxJiziMYdp8eYJvEWh+7zO9Z1L7pjTFoZ+gxv1a5raqyHW4famufDag7Q==",
			"requires": {
				"@transloadit/prettier-bytes": "0.0.7",
				"@uppy/store-default": "^1.2.4",
				"@uppy/utils": "^3.3.0",
				"cuid": "^2.1.1",
				"lodash.throttle": "^4.1.1",
				"mime-match": "^1.0.2",
				"namespace-emitter": "^2.0.1",
				"preact": "8.2.9"
			}
		},
		"@uppy/react": {
			"version": "1.11.2",
			"resolved": "https://registry.npmjs.org/@uppy/react/-/react-1.11.2.tgz",
			"integrity": "sha512-Pz4ghEn+9I8XiAkqJGKMLXbVvcnvTAID/o7aqXq7yMQGi61sy3SUgeagX0yaCuKOZ6l4IXItPsZnBMe/Km3MJQ==",
			"requires": {
				"@uppy/dashboard": "^1.16.0",
				"@uppy/drag-drop": "^1.4.24",
				"@uppy/file-input": "^1.4.22",
				"@uppy/progress-bar": "^1.3.24",
				"@uppy/status-bar": "^1.9.0",
				"@uppy/utils": "^3.4.0",
				"prop-types": "^15.6.1"
			},
			"dependencies": {
				"@uppy/dashboard": {
					"version": "1.16.0",
					"resolved": "https://registry.npmjs.org/@uppy/dashboard/-/dashboard-1.16.0.tgz",
					"integrity": "sha512-Kc4OyIvR7b9rVmuJkDG1hWgCYNcE+x2u5a2tB73CAa6BzXFRUTizd3sx3OAVZELWFBJ6GR0gERcjjeXZItXBSw==",
					"requires": {
						"@transloadit/prettier-bytes": "0.0.7",
						"@uppy/informer": "^1.6.0",
						"@uppy/provider-views": "^1.11.0",
						"@uppy/status-bar": "^1.9.0",
						"@uppy/thumbnail-generator": "^1.7.5",
						"@uppy/utils": "^3.4.0",
						"classnames": "^2.2.6",
						"cuid": "^2.1.1",
						"is-shallow-equal": "^1.0.1",
						"lodash.debounce": "^4.0.8",
						"lodash.throttle": "^4.1.1",
						"memoize-one": "^5.0.4",
						"preact": "8.2.9",
						"resize-observer-polyfill": "^1.5.0"
					}
				},
				"@uppy/drag-drop": {
					"version": "1.4.24",
					"resolved": "https://registry.npmjs.org/@uppy/drag-drop/-/drag-drop-1.4.24.tgz",
					"integrity": "sha512-uiAGu2GlLH/AE3B6H1ooyDGuRmVPcycpVXupzavlXMMTd4NDnove9DK24svvzTYYm83WgRIF3UDqkDn12wYn1w==",
					"requires": {
						"@uppy/utils": "^3.4.0",
						"preact": "8.2.9"
					}
				},
				"@uppy/file-input": {
					"version": "1.4.22",
					"resolved": "https://registry.npmjs.org/@uppy/file-input/-/file-input-1.4.22.tgz",
					"integrity": "sha512-GvH3B3fQqJdeKUxRIK1RMAd3BizlCigXjDXO7ndEfXlc/iK7YQi7P8UUZadfdgOK7bne2JPzKydvkSP1EbVAwQ==",
					"requires": {
						"@uppy/utils": "^3.4.0",
						"preact": "8.2.9"
					}
				},
				"@uppy/informer": {
					"version": "1.6.0",
					"resolved": "https://registry.npmjs.org/@uppy/informer/-/informer-1.6.0.tgz",
					"integrity": "sha512-599eQol5XlsVk+rIRctMKGbUHldyeDOHxzSHgvzsTOSBLL3vj6bN+OblBX1kF4DlHgEHhanLrjo+UfjvpNvy+A==",
					"requires": {
						"@uppy/utils": "^3.4.0",
						"preact": "8.2.9"
					}
				},
				"@uppy/progress-bar": {
					"version": "1.3.24",
					"resolved": "https://registry.npmjs.org/@uppy/progress-bar/-/progress-bar-1.3.24.tgz",
					"integrity": "sha512-FLfGGaswnr+Glsk+1WIxd5tT0DfxxZJiLhjmBHVZZGHy2qpBpXbPTeFxcPdlOUPokYKeBGqMKyAYz/LBVpjXAQ==",
					"requires": {
						"@uppy/utils": "^3.4.0",
						"preact": "8.2.9"
					}
				},
				"@uppy/provider-views": {
					"version": "1.11.0",
					"resolved": "https://registry.npmjs.org/@uppy/provider-views/-/provider-views-1.11.0.tgz",
					"integrity": "sha512-aFGGzByDAR3w8QgMRiuE2XEkDsr51bN6kPiE2p6zplwKZ5FGPVx+j5/+pUNa0Qsb8w0dYJBqlhCCnFcRBDkgjw==",
					"requires": {
						"@uppy/utils": "^3.4.0",
						"classnames": "^2.2.6",
						"preact": "8.2.9"
					}
				},
				"@uppy/status-bar": {
					"version": "1.9.0",
					"resolved": "https://registry.npmjs.org/@uppy/status-bar/-/status-bar-1.9.0.tgz",
					"integrity": "sha512-5Hmx3iRRDfP04xmopDXAzEYz7GM4SNAXs2ayRPYSQZ5OC2Bvqqb2IYVLj09PHCRsH695VBGz9+3kIEvn/OFqbQ==",
					"requires": {
						"@transloadit/prettier-bytes": "0.0.7",
						"@uppy/utils": "^3.4.0",
						"classnames": "^2.2.6",
						"lodash.throttle": "^4.1.1",
						"preact": "8.2.9"
					}
				},
				"@uppy/thumbnail-generator": {
					"version": "1.7.5",
					"resolved": "https://registry.npmjs.org/@uppy/thumbnail-generator/-/thumbnail-generator-1.7.5.tgz",
					"integrity": "sha512-YUbFLpkfOudbdJMQPqWmVmq/qHh40+0ZHkJHrStpZmTq/OSjHLxyXWSZ1RDgJnAcsh3lUhR4yuembNVmtSrtjg==",
					"requires": {
						"@uppy/utils": "^3.4.0",
						"exifr": "^6.0.0",
						"math-log2": "^1.0.1"
					}
				},
				"@uppy/utils": {
					"version": "3.4.0",
					"resolved": "https://registry.npmjs.org/@uppy/utils/-/utils-3.4.0.tgz",
					"integrity": "sha512-XcT4UgUm1NhWAeQjMrr5LCE7Uookg12FTwQw/QwXBuGABoVilfk56i6h8ecf1bVX0D74zdpSnUiB1h+8a7ollw==",
					"requires": {
						"abortcontroller-polyfill": "^1.4.0",
						"lodash.throttle": "^4.1.1"
					}
				},
				"classnames": {
					"version": "2.2.6",
					"resolved": "https://registry.npmjs.org/classnames/-/classnames-2.2.6.tgz",
					"integrity": "sha512-JR/iSQOSt+LQIWwrwEzJ9uk0xfN3mTVYMwt1Ir5mUcSN6pU+V4zQFFaJsclJbPuAUQH+yfWef6tm7l1quW3C8Q=="
				},
				"exifr": {
					"version": "6.0.0",
					"resolved": "https://registry.npmjs.org/exifr/-/exifr-6.0.0.tgz",
					"integrity": "sha512-a8n3SVIyuI5NP5VJCb/rJHsqXnofgYL1ZXcJdKBXOmCNIrj+pSExaBFHcbdEF5xp5GQrK4kpOabLJ+wBfUGYuA=="
				},
				"is-shallow-equal": {
					"version": "1.0.1",
					"resolved": "https://registry.npmjs.org/is-shallow-equal/-/is-shallow-equal-1.0.1.tgz",
					"integrity": "sha512-lq5RvK+85Hs5J3p4oA4256M1FEffzmI533ikeDHvJd42nouRRx5wBzt36JuviiGe5dIPyHON/d0/Up+PBo6XkQ=="
				},
				"js-tokens": {
					"version": "4.0.0",
					"resolved": "https://registry.npmjs.org/js-tokens/-/js-tokens-4.0.0.tgz",
					"integrity": "sha512-RdJUflcE3cUzKiMqQgsCu06FPu9UdIJO0beYbPhHN4k6apgJtifcoCtT9bcxOpYBtpD2kCM6Sbzg4CausW/PKQ=="
				},
				"lodash.debounce": {
					"version": "4.0.8",
					"resolved": "https://registry.npmjs.org/lodash.debounce/-/lodash.debounce-4.0.8.tgz",
					"integrity": "sha1-gteb/zCmfEAF/9XiUVMArZyk168="
				},
				"loose-envify": {
					"version": "1.4.0",
					"resolved": "https://registry.npmjs.org/loose-envify/-/loose-envify-1.4.0.tgz",
					"integrity": "sha512-lyuxPGr/Wfhrlem2CL/UcnUc1zcqKAImBDzukY7Y5F/yQiNdko6+fRLevlw1HgMySw7f611UIY408EtxRSoK3Q==",
					"requires": {
						"js-tokens": "^3.0.0 || ^4.0.0"
					}
				},
				"math-log2": {
					"version": "1.0.1",
					"resolved": "https://registry.npmjs.org/math-log2/-/math-log2-1.0.1.tgz",
					"integrity": "sha1-+4lBvl9evol55xjmJzsXjlhpRWU="
				},
				"memoize-one": {
					"version": "5.1.1",
					"resolved": "https://registry.npmjs.org/memoize-one/-/memoize-one-5.1.1.tgz",
					"integrity": "sha512-HKeeBpWvqiVJD57ZUAsJNm71eHTykffzcLZVYWiVfQeI1rJtuEaS7hQiEpWfVVk18donPwJEcFKIkCmPJNOhHA=="
				},
				"object-assign": {
					"version": "4.1.1",
					"resolved": "https://registry.npmjs.org/object-assign/-/object-assign-4.1.1.tgz",
					"integrity": "sha1-IQmtx5ZYh8/AXLvUQsrIv7s2CGM="
				},
				"prop-types": {
					"version": "15.7.2",
					"resolved": "https://registry.npmjs.org/prop-types/-/prop-types-15.7.2.tgz",
					"integrity": "sha512-8QQikdH7//R2vurIJSutZ1smHYTcLpRWEOlHnzcWHmBYrOGUysKwSsrC89BCiFj3CbrfJ/nXFdJepOVrY1GCHQ==",
					"requires": {
						"loose-envify": "^1.4.0",
						"object-assign": "^4.1.1",
						"react-is": "^16.8.1"
					}
				},
				"react-is": {
					"version": "16.13.1",
					"resolved": "https://registry.npmjs.org/react-is/-/react-is-16.13.1.tgz",
					"integrity": "sha512-24e6ynE2H+OKt4kqsOvNd8kBpV65zoxbA4BVsEOB3ARVWQki/DHzaUoC5KuON/BiccDaCCTZBuOcfZs70kR8bQ=="
				},
				"resize-observer-polyfill": {
					"version": "1.5.1",
					"resolved": "https://registry.npmjs.org/resize-observer-polyfill/-/resize-observer-polyfill-1.5.1.tgz",
					"integrity": "sha512-LwZrotdHOo12nQuZlHEmtuXdqGoOD0OhaxopaNFxWzInpEgaLWoVuAMbTzixuosCx2nEG58ngzW3vxdWoxIgdg=="
				}
			}
		},
		"@uppy/store-default": {
			"version": "1.2.4",
			"resolved": "https://registry.npmjs.org/@uppy/store-default/-/store-default-1.2.4.tgz",
			"integrity": "sha512-d4YTq6SeH792+vG9OXGCfmCIoo4RteLJKU2mZCzMYNjCZ1yNfU/FVw1r7heTc7f2wNls56ABor2xSybk/X+wFA=="
		},
		"@uppy/utils": {
			"version": "3.3.0",
			"resolved": "https://registry.npmjs.org/@uppy/utils/-/utils-3.3.0.tgz",
			"integrity": "sha512-oPNZjjRDDBLC7763idAlzIZiaQoFq2ms/G0TOFq5YeiBv/usbvb/mcEugrwsvLAvLYum2wJzYvWzAx4tlFF/ag==",
			"requires": {
				"abortcontroller-polyfill": "^1.4.0",
				"lodash.throttle": "^4.1.1"
			}
		},
		"abortcontroller-polyfill": {
			"version": "1.7.1",
			"resolved": "https://registry.npmjs.org/abortcontroller-polyfill/-/abortcontroller-polyfill-1.7.1.tgz",
			"integrity": "sha512-yml9NiDEH4M4p0G4AcPkg8AAa4mF3nfYF28VQxaokpO67j9H7gWgmsVWJ/f1Rn+PzsnDYvzJzWIQzCqDKRvWlA=="
		},
		"cuid": {
			"version": "2.1.8",
			"resolved": "https://registry.npmjs.org/cuid/-/cuid-2.1.8.tgz",
			"integrity": "sha512-xiEMER6E7TlTPnDxrM4eRiC6TRgjNX9xzEZ5U/Se2YJKr7Mq4pJn/2XEHjl3STcSh96GmkHPcBXLES8M29wyyg=="
		},
		"dayjs": {
			"version": "1.9.7",
			"resolved": "https://registry.npmjs.org/dayjs/-/dayjs-1.9.7.tgz",
			"integrity": "sha512-IC877KBdMhBrCfBfJXHQlo0G8keZ0Opy7YIIq5QKtUbCuHMzim8S4PyiVK4YmihI3iOF9lhfUBW4AQWHTR5WHA=="
		},
		"lodash.throttle": {
			"version": "4.1.1",
			"resolved": "https://registry.npmjs.org/lodash.throttle/-/lodash.throttle-4.1.1.tgz",
			"integrity": "sha1-wj6RtxAkKscMN/HhzaknTMOb8vQ="
		},
		"mime-match": {
			"version": "1.0.2",
			"resolved": "https://registry.npmjs.org/mime-match/-/mime-match-1.0.2.tgz",
			"integrity": "sha1-P4fDHprxpf1IX7nbE0Qosju7e6g=",
			"requires": {
				"wildcard": "^1.1.0"
			}
		},
		"namespace-emitter": {
			"version": "2.0.1",
			"resolved": "https://registry.npmjs.org/namespace-emitter/-/namespace-emitter-2.0.1.tgz",
			"integrity": "sha512-N/sMKHniSDJBjfrkbS/tpkPj4RAbvW3mr8UAzvlMHyun93XEm83IAvhWtJVHo+RHn/oO8Job5YN4b+wRjSVp5g=="
		},
		"preact": {
			"version": "8.2.9",
			"resolved": "https://registry.npmjs.org/preact/-/preact-8.2.9.tgz",
			"integrity": "sha512-ThuGXBmJS3VsT+jIP+eQufD3L8pRw/PY3FoCys6O9Pu6aF12Pn9zAJDX99TfwRAFOCEKm/P0lwiPTbqKMJp0fA=="
		},
		"react-spring": {
			"version": "9.0.0-rc.3",
			"resolved": "https://registry.npmjs.org/react-spring/-/react-spring-9.0.0-rc.3.tgz",
			"integrity": "sha512-VX5Gi6svgRzjGvJ7qVRQBhFN+O2IuPvkSWepIg838LNIMqlc42xdIYtoGJYSqYjNO3IocSfkHlh49WVw6hHMUg==",
			"requires": {
				"@babel/runtime": "^7.3.1",
				"@react-spring/core": "9.0.0-rc.3",
				"@react-spring/konva": "9.0.0-rc.3",
				"@react-spring/native": "9.0.0-rc.3",
				"@react-spring/three": "9.0.0-rc.3",
				"@react-spring/web": "9.0.0-rc.3",
				"@react-spring/zdog": "9.0.0-rc.3"
			},
			"dependencies": {
				"@alloc/types": {
					"version": "1.3.0",
					"resolved": "https://registry.npmjs.org/@alloc/types/-/types-1.3.0.tgz",
					"integrity": "sha512-mH7LiFiq9g6rX2tvt1LtwsclfG5hnsmtIfkZiauAGrm1AwXhoRS0sF2WrN9JGN7eV5vFXqNaB0eXZ3IvMsVi9g=="
				},
				"@react-spring/animated": {
					"version": "9.0.0-rc.3",
					"resolved": "https://registry.npmjs.org/@react-spring/animated/-/animated-9.0.0-rc.3.tgz",
					"integrity": "sha512-dAvgtKhkYpzzr+EkmZ4ZuJ5CujxCW0LaT109DvO/2MQNk3EWIxcgl+ik4tSulSbgau1GN8RlkRKyDp0wISdQ3Q==",
					"requires": {
						"@babel/runtime": "^7.3.1",
						"@react-spring/shared": "9.0.0-rc.3",
						"react-layout-effect": "^1.0.1"
					}
				},
				"@react-spring/core": {
					"version": "9.0.0-rc.3",
					"resolved": "https://registry.npmjs.org/@react-spring/core/-/core-9.0.0-rc.3.tgz",
					"integrity": "sha512-3OzsVFxpfMJNkkQj8TwAH3NhUAX76AXu6WkslQF4EgBeEoG5eY3m+VvM9RsAsGWDuBKpscZ/wBpFt5Ih6KdGHA==",
					"requires": {
						"@babel/runtime": "^7.3.1",
						"@react-spring/animated": "9.0.0-rc.3",
						"@react-spring/shared": "9.0.0-rc.3",
						"react-layout-effect": "^1.0.1",
						"use-memo-one": "^1.1.0"
					}
				},
				"@react-spring/konva": {
					"version": "9.0.0-rc.3",
					"resolved": "https://registry.npmjs.org/@react-spring/konva/-/konva-9.0.0-rc.3.tgz",
					"integrity": "sha512-uampLRgrHIqA3ilnheePUVEUE+fdeipXORI4XZJFsORP01CUJeJCxBwMagaxvsHJAtuNErMI/IebE1T2W8i5qA==",
					"requires": {
						"@babel/runtime": "^7.3.1",
						"@react-spring/animated": "9.0.0-rc.3",
						"@react-spring/core": "9.0.0-rc.3",
						"@react-spring/shared": "9.0.0-rc.3"
					}
				},
				"@react-spring/native": {
					"version": "9.0.0-rc.3",
					"resolved": "https://registry.npmjs.org/@react-spring/native/-/native-9.0.0-rc.3.tgz",
					"integrity": "sha512-7JSixJLfzg8V0IrgyGS3gGr2v8CGh4Kym15Htp3CJq74GFBJMyaQS0KaMjieXnw5alTpQoeGBESfA3v5dPlPYg==",
					"requires": {
						"@babel/runtime": "^7.3.1",
						"@react-spring/animated": "9.0.0-rc.3",
						"@react-spring/core": "9.0.0-rc.3",
						"@react-spring/shared": "9.0.0-rc.3"
					}
				},
				"@react-spring/shared": {
					"version": "9.0.0-rc.3",
					"resolved": "https://registry.npmjs.org/@react-spring/shared/-/shared-9.0.0-rc.3.tgz",
					"integrity": "sha512-dd50TxwwMWd+dSB0InjndUN9w17cbnMCPy+0sag6zRxxKIo7eOyWSliOtLKxvufgmdC8Prm4M3GT5dmB1yxKEQ==",
					"requires": {
						"@alloc/types": "^1.2.1",
						"@babel/runtime": "^7.3.1",
						"fluids": "^0.1.6",
						"tslib": "^1.11.1"
					}
				},
				"@react-spring/three": {
					"version": "9.0.0-rc.3",
					"resolved": "https://registry.npmjs.org/@react-spring/three/-/three-9.0.0-rc.3.tgz",
					"integrity": "sha512-H55T+Dnck+hsJ8WgE+tb89ngX1E1lDOpMBG4mGzNLGok6XgGqN0VBsHRN3QDl+aPfmJI1BPFPR6b6WbhwqRNbw==",
					"requires": {
						"@babel/runtime": "^7.3.1",
						"@react-spring/animated": "9.0.0-rc.3",
						"@react-spring/core": "9.0.0-rc.3",
						"@react-spring/shared": "9.0.0-rc.3"
					}
				},
				"@react-spring/web": {
					"version": "9.0.0-rc.3",
					"resolved": "https://registry.npmjs.org/@react-spring/web/-/web-9.0.0-rc.3.tgz",
					"integrity": "sha512-rEvipblmihiz8+Eo01zDp5dqWn6XfYk8q2rlN9c18YIOL4o6nuY/VplDoocUMHYfH4liurpO4o1QudKOO1nAiQ==",
					"requires": {
						"@babel/runtime": "^7.3.1",
						"@react-spring/animated": "9.0.0-rc.3",
						"@react-spring/core": "9.0.0-rc.3",
						"@react-spring/shared": "9.0.0-rc.3"
					}
				},
				"@react-spring/zdog": {
					"version": "9.0.0-rc.3",
					"resolved": "https://registry.npmjs.org/@react-spring/zdog/-/zdog-9.0.0-rc.3.tgz",
					"integrity": "sha512-fl2JI098sfOJ+BaS9xCrnz8NSimL8yPrVwO0lHSpXLn/q3o3MYmRAeJnZQv8yDtT6isTHua6Tfb9vWuZWEXSmA==",
					"requires": {
						"@babel/runtime": "^7.3.1",
						"@react-spring/animated": "9.0.0-rc.3",
						"@react-spring/core": "9.0.0-rc.3",
						"@react-spring/shared": "9.0.0-rc.3"
					}
				},
				"fluids": {
					"version": "0.1.10",
					"resolved": "https://registry.npmjs.org/fluids/-/fluids-0.1.10.tgz",
					"integrity": "sha512-66FLmUJOrkvEHIsRVeM+88MG0bjd2TOBuR0BkM0hzyCb68W9drzqeX/AHDNp3ouZALQN7JvBvmKdVhHI+PZsdg=="
				},
				"react-layout-effect": {
					"version": "1.0.5",
					"resolved": "https://registry.npmjs.org/react-layout-effect/-/react-layout-effect-1.0.5.tgz",
					"integrity": "sha512-zdRXHuch+OBHU6bvjTelOGUCM+UDr/iCY+c0wXLEAc+G4/FlcJruD/hUOzlKH5XgO90Y/BUJPNhI/g9kl+VAsA=="
				},
				"tslib": {
					"version": "1.14.1",
					"resolved": "https://registry.npmjs.org/tslib/-/tslib-1.14.1.tgz",
					"integrity": "sha512-Xni35NKzjgMrwevysHTCArtLDpPvye8zV/0E4EyYn43P7/7qvQwPh9BGkHewbMulVntbigmcT7rdX3BNo9wRJg=="
				},
				"use-memo-one": {
					"version": "1.1.1",
					"resolved": "https://registry.npmjs.org/use-memo-one/-/use-memo-one-1.1.1.tgz",
					"integrity": "sha512-oFfsyun+bP7RX8X2AskHNTxu+R3QdE/RC5IefMbqptmACAA/gfol1KDD5KRzPsGMa62sWxGZw+Ui43u6x4ddoQ=="
				}
			}
		},
		"regenerator-runtime": {
			"version": "0.13.7",
			"resolved": "https://registry.npmjs.org/regenerator-runtime/-/regenerator-runtime-0.13.7.tgz",
			"integrity": "sha512-a54FxoJDIr27pgf7IgeQGxmqUNYrcV338lf/6gH456HZ/PhX+5BcwHXG9ajESmwe6WRO0tAzRUrRmNONWgkrew=="
		},
		"wildcard": {
			"version": "1.1.2",
			"resolved": "https://registry.npmjs.org/wildcard/-/wildcard-1.1.2.tgz",
			"integrity": "sha1-pwIEUwhNjNLv5wup02liY94XEKU="
		}
	}
}
