{
	"name": "@micromag/intl",
	"version": "0.2.90",
	"lockfileVersion": 1,
	"requires": true,
	"dependencies": {
		"@formatjs/cli": {
			"version": "2.13.16",
			"resolved": "https://registry.npmjs.org/@formatjs/cli/-/cli-2.13.16.tgz",
			"integrity": "sha512-Z60xC4B0sHQZ3G2LYA5wGSuE5LXn09MLr5AY8ZL0dngJeHuoRnpMjdlj5k0Z5n2DreVWNeYQ0QaWkpuqxE307w==",
			"requires": {
				"@formatjs/ts-transformer": "2.12.11",
				"@types/json-stable-stringify": "^1.0.32",
				"@types/lodash": "^4.14.150",
				"@types/loud-rejection": "^2.0.0",
				"@types/node": "14",
				"chalk": "^4.0.0",
				"commander": "^6.1.0",
				"fast-glob": "^3.2.4",
				"fs-extra": "^9.0.0",
				"intl-messageformat-parser": "6.1.0",
				"json-stable-stringify": "^1.0.1",
				"lodash": "^4.17.15",
				"loud-rejection": "^2.2.0",
				"tslib": "^2.0.1",
				"typescript": "^4.0"
			},
			"dependencies": {
				"intl-messageformat-parser": {
					"version": "6.1.0",
					"resolved": "https://registry.npmjs.org/intl-messageformat-parser/-/intl-messageformat-parser-6.1.0.tgz",
					"integrity": "sha512-nPPh2kOrKqlh4D9bCAetxkrUiq5/6S1exPQyg52Ihusy0ECNGhZ0Qmq8pFRK9gWIuiQPVmLA7eSNp8diC2tX3w==",
					"requires": {
						"@formatjs/ecma402-abstract": "1.5.0",
						"tslib": "^2.0.1"
					}
				}
			}
		},
		"@formatjs/ecma402-abstract": {
			"version": "1.5.0",
			"resolved": "https://registry.npmjs.org/@formatjs/ecma402-abstract/-/ecma402-abstract-1.5.0.tgz",
			"integrity": "sha512-wXv36yo+mfWllweN0Fq7sUs7PUiNopn7I0JpLTe3hGu6ZMR4CV7LqK1llhB18pndwpKoafQKb1et2DCJAOW20Q==",
			"requires": {
				"tslib": "^2.0.1"
			}
		},
		"@formatjs/ts-transformer": {
			"version": "2.12.11",
			"resolved": "https://registry.npmjs.org/@formatjs/ts-transformer/-/ts-transformer-2.12.11.tgz",
			"integrity": "sha512-XjknAXQEy7s8Q9LsyECFo1369kctH/C841o/JeDqHRDhkgn1vV/IlF3v2qli7mxEc+L2JcO8LUwqOALpTBW/5A==",
			"requires": {
				"intl-messageformat-parser": "6.1.0",
				"tslib": "^2.0.1",
				"typescript": "^4.0"
			},
			"dependencies": {
				"intl-messageformat-parser": {
					"version": "6.1.0",
					"resolved": "https://registry.npmjs.org/intl-messageformat-parser/-/intl-messageformat-parser-6.1.0.tgz",
					"integrity": "sha512-nPPh2kOrKqlh4D9bCAetxkrUiq5/6S1exPQyg52Ihusy0ECNGhZ0Qmq8pFRK9gWIuiQPVmLA7eSNp8diC2tX3w==",
					"requires": {
						"@formatjs/ecma402-abstract": "1.5.0",
						"tslib": "^2.0.1"
					}
				}
			}
		},
		"@nodelib/fs.scandir": {
			"version": "2.1.3",
			"resolved": "https://registry.npmjs.org/@nodelib/fs.scandir/-/fs.scandir-2.1.3.tgz",
			"integrity": "sha512-eGmwYQn3gxo4r7jdQnkrrN6bY478C3P+a/y72IJukF8LjB6ZHeB3c+Ehacj3sYeSmUXGlnA67/PmbM9CVwL7Dw==",
			"requires": {
				"@nodelib/fs.stat": "2.0.3",
				"run-parallel": "^1.1.9"
			}
		},
		"@nodelib/fs.stat": {
			"version": "2.0.3",
			"resolved": "https://registry.npmjs.org/@nodelib/fs.stat/-/fs.stat-2.0.3.tgz",
			"integrity": "sha512-bQBFruR2TAwoevBEd/NWMoAAtNGzTRgdrqnYCc7dhzfoNvqPzLyqlEQnzZ3kVnNrSp25iyxE00/3h2fqGAGArA=="
		},
		"@nodelib/fs.walk": {
			"version": "1.2.4",
			"resolved": "https://registry.npmjs.org/@nodelib/fs.walk/-/fs.walk-1.2.4.tgz",
			"integrity": "sha512-1V9XOY4rDW0rehzbrcqAmHnz8e7SKvX27gh8Gt2WgB0+pdzdiLV83p72kZPU+jvMbS1qU5mauP2iOvO8rhmurQ==",
			"requires": {
				"@nodelib/fs.scandir": "2.1.3",
				"fastq": "^1.6.0"
			}
		},
		"@types/json-stable-stringify": {
			"version": "1.0.32",
			"resolved": "https://registry.npmjs.org/@types/json-stable-stringify/-/json-stable-stringify-1.0.32.tgz",
			"integrity": "sha512-q9Q6+eUEGwQkv4Sbst3J4PNgDOvpuVuKj79Hl/qnmBMEIPzB5QoFRUtjcgcg2xNUZyYUGXBk5wYIBKHt0A+Mxw=="
		},
		"@types/lodash": {
			"version": "4.14.165",
			"resolved": "https://registry.npmjs.org/@types/lodash/-/lodash-4.14.165.tgz",
			"integrity": "sha512-tjSSOTHhI5mCHTy/OOXYIhi2Wt1qcbHmuXD1Ha7q70CgI/I71afO4XtLb/cVexki1oVYchpul/TOuu3Arcdxrg=="
		},
		"@types/loud-rejection": {
			"version": "2.0.0",
			"resolved": "https://registry.npmjs.org/@types/loud-rejection/-/loud-rejection-2.0.0.tgz",
			"integrity": "sha512-oTHISsIybJGoh3b3Ay/10csbAd2k0su7G7DGrE1QWciC+IdydPm0WMw1+Gr9YMYjPiJ5poB3g5Ev73IlLoavLw==",
			"requires": {
				"loud-rejection": "*"
			}
		},
		"@types/node": {
			"version": "14.14.14",
			"resolved": "https://registry.npmjs.org/@types/node/-/node-14.14.14.tgz",
			"integrity": "sha512-UHnOPWVWV1z+VV8k6L1HhG7UbGBgIdghqF3l9Ny9ApPghbjICXkUJSd/b9gOgQfjM1r+37cipdw/HJ3F6ICEnQ=="
		},
		"ansi-styles": {
			"version": "4.3.0",
			"resolved": "https://registry.npmjs.org/ansi-styles/-/ansi-styles-4.3.0.tgz",
			"integrity": "sha512-zbB9rCJAT1rbjiVDb2hqKFHNYLxgtk8NURxZ3IZwD3F6NtxbXZQCnnSi1Lkx+IDohdPlFp222wVALIheZJQSEg==",
			"requires": {
				"color-convert": "^2.0.1"
			}
		},
		"array-find-index": {
			"version": "1.0.2",
			"resolved": "https://registry.npmjs.org/array-find-index/-/array-find-index-1.0.2.tgz",
			"integrity": "sha1-3wEKoSh+Fku9pvlyOwqWoexBh6E="
		},
		"at-least-node": {
			"version": "1.0.0",
			"resolved": "https://registry.npmjs.org/at-least-node/-/at-least-node-1.0.0.tgz",
			"integrity": "sha512-+q/t7Ekv1EDY2l6Gda6LLiX14rU9TV20Wa3ofeQmwPFZbOMo9DXrLbOjFaaclkXKWidIaopwAObQDqwWtGUjqg=="
		},
		"braces": {
			"version": "3.0.2",
			"resolved": "https://registry.npmjs.org/braces/-/braces-3.0.2.tgz",
			"integrity": "sha512-b8um+L1RzM3WDSzvhm6gIz1yfTbBt6YTlcEKAvsmqCZZFw46z626lVj9j1yEPW33H5H+lBQpZMP1k8l+78Ha0A==",
			"requires": {
				"fill-range": "^7.0.1"
			}
		},
		"chalk": {
			"version": "4.1.0",
			"resolved": "https://registry.npmjs.org/chalk/-/chalk-4.1.0.tgz",
			"integrity": "sha512-qwx12AxXe2Q5xQ43Ac//I6v5aXTipYrSESdOgzrN+9XjgEpyjpKuvSGaN4qE93f7TQTlerQQ8S+EQ0EyDoVL1A==",
			"requires": {
				"ansi-styles": "^4.1.0",
				"supports-color": "^7.1.0"
			}
		},
		"color-convert": {
			"version": "2.0.1",
			"resolved": "https://registry.npmjs.org/color-convert/-/color-convert-2.0.1.tgz",
			"integrity": "sha512-RRECPsj7iu/xb5oKYcsFHSppFNnsj/52OVTRKb4zP5onXwVF3zVmmToNcOfGC+CRDpfK/U584fMg38ZHCaElKQ==",
			"requires": {
				"color-name": "~1.1.4"
			}
		},
		"color-name": {
			"version": "1.1.4",
			"resolved": "https://registry.npmjs.org/color-name/-/color-name-1.1.4.tgz",
			"integrity": "sha512-dOy+3AuW3a2wNbZHIuMZpTcgjGuLU/uBL/ubcZF9OXbDo8ff4O8yVp5Bf0efS8uEoYo5q4Fx7dY9OgQGXgAsQA=="
		},
		"commander": {
			"version": "6.2.1",
			"resolved": "https://registry.npmjs.org/commander/-/commander-6.2.1.tgz",
			"integrity": "sha512-U7VdrJFnJgo4xjrHpTzu0yrHPGImdsmD95ZlgYSEajAn2JKzDhDTPG9kBTefmObL2w/ngeZnilk+OV9CG3d7UA=="
		},
		"currently-unhandled": {
			"version": "0.4.1",
			"resolved": "https://registry.npmjs.org/currently-unhandled/-/currently-unhandled-0.4.1.tgz",
			"integrity": "sha1-mI3zP+qxke95mmE2nddsF635V+o=",
			"requires": {
				"array-find-index": "^1.0.1"
			}
		},
		"fast-glob": {
			"version": "3.2.4",
			"resolved": "https://registry.npmjs.org/fast-glob/-/fast-glob-3.2.4.tgz",
			"integrity": "sha512-kr/Oo6PX51265qeuCYsyGypiO5uJFgBS0jksyG7FUeCyQzNwYnzrNIMR1NXfkZXsMYXYLRAHgISHBz8gQcxKHQ==",
			"requires": {
				"@nodelib/fs.stat": "^2.0.2",
				"@nodelib/fs.walk": "^1.2.3",
				"glob-parent": "^5.1.0",
				"merge2": "^1.3.0",
				"micromatch": "^4.0.2",
				"picomatch": "^2.2.1"
			}
		},
		"fastq": {
			"version": "1.9.0",
			"resolved": "https://registry.npmjs.org/fastq/-/fastq-1.9.0.tgz",
			"integrity": "sha512-i7FVWL8HhVY+CTkwFxkN2mk3h+787ixS5S63eb78diVRc1MCssarHq3W5cj0av7YDSwmaV928RNag+U1etRQ7w==",
			"requires": {
				"reusify": "^1.0.4"
			}
		},
		"fill-range": {
			"version": "7.0.1",
			"resolved": "https://registry.npmjs.org/fill-range/-/fill-range-7.0.1.tgz",
			"integrity": "sha512-qOo9F+dMUmC2Lcb4BbVvnKJxTPjCm+RRpe4gDuGrzkL7mEVl/djYSu2OdQ2Pa302N4oqkSg9ir6jaLWJ2USVpQ==",
			"requires": {
				"to-regex-range": "^5.0.1"
			}
		},
		"fs-extra": {
			"version": "9.0.1",
			"resolved": "https://registry.npmjs.org/fs-extra/-/fs-extra-9.0.1.tgz",
			"integrity": "sha512-h2iAoN838FqAFJY2/qVpzFXy+EBxfVE220PalAqQLDVsFOHLJrZvut5puAbCdNv6WJk+B8ihI+k0c7JK5erwqQ==",
			"requires": {
				"at-least-node": "^1.0.0",
				"graceful-fs": "^4.2.0",
				"jsonfile": "^6.0.1",
				"universalify": "^1.0.0"
			}
		},
		"glob-parent": {
			"version": "5.1.1",
			"resolved": "https://registry.npmjs.org/glob-parent/-/glob-parent-5.1.1.tgz",
			"integrity": "sha512-FnI+VGOpnlGHWZxthPGR+QhR78fuiK0sNLkHQv+bL9fQi57lNNdquIbna/WrfROrolq8GK5Ek6BiMwqL/voRYQ==",
			"requires": {
				"is-glob": "^4.0.1"
			}
		},
		"graceful-fs": {
			"version": "4.2.4",
			"resolved": "https://registry.npmjs.org/graceful-fs/-/graceful-fs-4.2.4.tgz",
			"integrity": "sha512-WjKPNJF79dtJAVniUlGGWHYGz2jWxT6VhN/4m1NdkbZ2nOsEF+cI1Edgql5zCRhs/VsQYRvrXctxktVXZUkixw=="
		},
		"has-flag": {
			"version": "4.0.0",
			"resolved": "https://registry.npmjs.org/has-flag/-/has-flag-4.0.0.tgz",
			"integrity": "sha512-EykJT/Q1KjTWctppgIAgfSO0tKVuZUjhgMr17kqTumMl6Afv3EISleU7qZUzoXDFTAHTDC4NOoG/ZxU3EvlMPQ=="
		},
		"is-extglob": {
			"version": "2.1.1",
			"resolved": "https://registry.npmjs.org/is-extglob/-/is-extglob-2.1.1.tgz",
			"integrity": "sha1-qIwCU1eR8C7TfHahueqXc8gz+MI="
		},
		"is-glob": {
			"version": "4.0.1",
			"resolved": "https://registry.npmjs.org/is-glob/-/is-glob-4.0.1.tgz",
			"integrity": "sha512-5G0tKtBTFImOqDnLB2hG6Bp2qcKEFduo4tZu9MT/H6NQv/ghhy30o55ufafxJ/LdH79LLs2Kfrn85TLKyA7BUg==",
			"requires": {
				"is-extglob": "^2.1.1"
			}
		},
		"is-number": {
			"version": "7.0.0",
			"resolved": "https://registry.npmjs.org/is-number/-/is-number-7.0.0.tgz",
			"integrity": "sha512-41Cifkg6e8TylSpdtTpeLVMqvSBEVzTttHvERD741+pnZ8ANv0004MRL43QKPDlK9cGvNp6NZWZUBlbGXYxxng=="
		},
		"json-stable-stringify": {
			"version": "1.0.1",
			"resolved": "https://registry.npmjs.org/json-stable-stringify/-/json-stable-stringify-1.0.1.tgz",
			"integrity": "sha1-mnWdOcXy/1A/1TAGRu1EX4jE+a8=",
			"requires": {
				"jsonify": "~0.0.0"
			}
		},
		"jsonfile": {
			"version": "6.1.0",
			"resolved": "https://registry.npmjs.org/jsonfile/-/jsonfile-6.1.0.tgz",
			"integrity": "sha512-5dgndWOriYSm5cnYaJNhalLNDKOqFwyDB/rr1E9ZsGciGvKPs8R2xYGCacuf3z6K1YKDz182fd+fY3cn3pMqXQ==",
			"requires": {
				"graceful-fs": "^4.1.6",
				"universalify": "^2.0.0"
			},
			"dependencies": {
				"universalify": {
					"version": "2.0.0",
					"resolved": "https://registry.npmjs.org/universalify/-/universalify-2.0.0.tgz",
					"integrity": "sha512-hAZsKq7Yy11Zu1DE0OzWjw7nnLZmJZYTDZZyEFHZdUhV8FkH5MCfoU1XMaxXovpyW5nq5scPqq0ZDP9Zyl04oQ=="
				}
			}
		},
		"jsonify": {
			"version": "0.0.0",
			"resolved": "https://registry.npmjs.org/jsonify/-/jsonify-0.0.0.tgz",
			"integrity": "sha1-LHS27kHZPKUbe1qu6PUDYx0lKnM="
		},
		"lodash": {
			"version": "4.17.20",
			"resolved": "https://registry.npmjs.org/lodash/-/lodash-4.17.20.tgz",
			"integrity": "sha512-PlhdFcillOINfeV7Ni6oF1TAEayyZBoZ8bcshTHqOYJYlrqzRK5hagpagky5o4HfCzzd1TRkXPMFq6cKk9rGmA=="
		},
		"loud-rejection": {
			"version": "2.2.0",
			"resolved": "https://registry.npmjs.org/loud-rejection/-/loud-rejection-2.2.0.tgz",
			"integrity": "sha512-S0FayMXku80toa5sZ6Ro4C+s+EtFDCsyJNG/AzFMfX3AxD5Si4dZsgzm/kKnbOxHl5Cv8jBlno8+3XYIh2pNjQ==",
			"requires": {
				"currently-unhandled": "^0.4.1",
				"signal-exit": "^3.0.2"
			}
		},
		"merge2": {
			"version": "1.4.1",
			"resolved": "https://registry.npmjs.org/merge2/-/merge2-1.4.1.tgz",
			"integrity": "sha512-8q7VEgMJW4J8tcfVPy8g09NcQwZdbwFEqhe/WZkoIzjn/3TGDwtOCYtXGxA3O8tPzpczCCDgv+P2P5y00ZJOOg=="
		},
		"micromatch": {
			"version": "4.0.2",
			"resolved": "https://registry.npmjs.org/micromatch/-/micromatch-4.0.2.tgz",
			"integrity": "sha512-y7FpHSbMUMoyPbYUSzO6PaZ6FyRnQOpHuKwbo1G+Knck95XVU4QAiKdGEnj5wwoS7PlOgthX/09u5iFJ+aYf5Q==",
			"requires": {
				"braces": "^3.0.1",
				"picomatch": "^2.0.5"
			}
		},
		"picomatch": {
			"version": "2.2.2",
			"resolved": "https://registry.npmjs.org/picomatch/-/picomatch-2.2.2.tgz",
			"integrity": "sha512-q0M/9eZHzmr0AulXyPwNfZjtwZ/RBZlbN3K3CErVrk50T2ASYI7Bye0EvekFY3IP1Nt2DHu0re+V2ZHIpMkuWg=="
		},
		"reusify": {
			"version": "1.0.4",
			"resolved": "https://registry.npmjs.org/reusify/-/reusify-1.0.4.tgz",
			"integrity": "sha512-U9nH88a3fc/ekCF1l0/UP1IosiuIjyTh7hBvXVMHYgVcfGvt897Xguj2UOLDeI5BG2m7/uwyaLVT6fbtCwTyzw=="
		},
		"run-parallel": {
			"version": "1.1.10",
			"resolved": "https://registry.npmjs.org/run-parallel/-/run-parallel-1.1.10.tgz",
			"integrity": "sha512-zb/1OuZ6flOlH6tQyMPUrE3x3Ulxjlo9WIVXR4yVYi4H9UXQaeIsPbLn2R3O3vQCnDKkAl2qHiuocKKX4Tz/Sw=="
		},
		"signal-exit": {
			"version": "3.0.3",
			"resolved": "https://registry.npmjs.org/signal-exit/-/signal-exit-3.0.3.tgz",
			"integrity": "sha512-VUJ49FC8U1OxwZLxIbTTrDvLnf/6TDgxZcK8wxR8zs13xpx7xbG60ndBlhNrFi2EMuFRoeDoJO7wthSLq42EjA=="
		},
		"supports-color": {
			"version": "7.2.0",
			"resolved": "https://registry.npmjs.org/supports-color/-/supports-color-7.2.0.tgz",
			"integrity": "sha512-qpCAvRl9stuOHveKsn7HncJRvv501qIacKzQlO/+Lwxc9+0q2wLyv4Dfvt80/DPn2pqOBsJdDiogXGR9+OvwRw==",
			"requires": {
				"has-flag": "^4.0.0"
			}
		},
		"to-regex-range": {
			"version": "5.0.1",
			"resolved": "https://registry.npmjs.org/to-regex-range/-/to-regex-range-5.0.1.tgz",
			"integrity": "sha512-65P7iz6X5yEr1cwcgvQxbbIw7Uk3gOy5dIdtZ4rDveLqhrdJP+Li/Hx6tyK0NEb+2GCyneCMJiGqrADCSNk8sQ==",
			"requires": {
				"is-number": "^7.0.0"
			}
		},
		"tslib": {
			"version": "2.0.3",
			"resolved": "https://registry.npmjs.org/tslib/-/tslib-2.0.3.tgz",
			"integrity": "sha512-uZtkfKblCEQtZKBF6EBXVZeQNl82yqtDQdv+eck8u7tdPxjLu2/lp5/uPW+um2tpuxINHWy3GhiccY7QgEaVHQ=="
		},
		"typescript": {
			"version": "4.1.3",
			"resolved": "https://registry.npmjs.org/typescript/-/typescript-4.1.3.tgz",
			"integrity": "sha512-B3ZIOf1IKeH2ixgHhj6la6xdwR9QrLC5d1VKeCSY4tvkqhF2eqd9O7txNlS0PO3GrBAFIdr3L1ndNwteUbZLYg=="
		},
		"universalify": {
			"version": "1.0.0",
			"resolved": "https://registry.npmjs.org/universalify/-/universalify-1.0.0.tgz",
			"integrity": "sha512-rb6X1W158d7pRQBg5gkR8uPaSfiids68LTJQYOtEUhoJUWBdaQHsuT/EUduxXYxcrt4r5PJ4fuHW1MHT6p0qug=="
		}
	}
}
