{
	"name": "@micromag/component-video",
	"version": "0.1.0",
	"lockfileVersion": 1,
	"requires": true,
	"dependencies": {
		"@babel/runtime": {
			"version": "7.11.2",
			"resolved": "https://registry.npmjs.org/@babel/runtime/-/runtime-7.11.2.tgz",
			"integrity": "sha512-TeWkU52so0mPtDcaCTxNBI/IHiz0pZgr8VEFqXFtZWpYD08ZB6FaSwVAS8MKRQAP3bYKiVjwysOJgMFY28o6Tw==",
			"requires": {
				"regenerator-runtime": "^0.13.4"
			}
		},
		"@folklore/services": {
			"version": "0.1.24",
			"resolved": "https://registry.npmjs.org/@folklore/services/-/services-0.1.24.tgz",
			"integrity": "sha512-WSwKo+LME45Qh+QDJ9WtzJe1PUJnTS/t1uRW8mnoCABaNt4GNH1T8b5Q/6srdQ4uH4IJeEU9jfYdwDhPDGzXGA==",
			"requires": {
				"@babel/runtime": "^7.4.3",
				"es6-promise": "^4.2.2",
				"lodash": "^4.17.4",
				"query-string": "^5.0.1",
				"wolfy87-eventemitter": "^5.2.4"
			}
		},
		"@folklore/size": {
			"version": "0.1.11",
			"resolved": "https://registry.npmjs.org/@folklore/size/-/size-0.1.11.tgz",
			"integrity": "sha512-SBso/r7SD9AZfMA6O94/GErPJUj+YXbxC0Ytfv0PziFhug/cezeei8Jy3HRkKf2/PBBG5hjgqWtrFxGaOFJvUQ==",
			"requires": {
				"@babel/runtime": "^7.4.3",
				"lodash": "^4.17.4",
				"pascal-case": "^2.0.0"
			}
		},
		"@fortawesome/fontawesome-common-types": {
			"version": "0.2.30",
			"resolved": "https://registry.npmjs.org/@fortawesome/fontawesome-common-types/-/fontawesome-common-types-0.2.30.tgz",
			"integrity": "sha512-TsRwpTuKwFNiPhk1UfKgw7zNPeV5RhNp2Uw3pws+9gDAkPGKrtjR1y2lI3SYn7+YzyfuNknflpBA1LRKjt7hMg=="
		},
		"@fortawesome/fontawesome-svg-core": {
			"version": "1.2.30",
			"resolved": "https://registry.npmjs.org/@fortawesome/fontawesome-svg-core/-/fontawesome-svg-core-1.2.30.tgz",
			"integrity": "sha512-E3sAXATKCSVnT17HYmZjjbcmwihrNOCkoU7dVMlasrcwiJAHxSKeZ+4WN5O+ElgO/FaYgJmASl8p9N7/B/RttA==",
			"requires": {
				"@fortawesome/fontawesome-common-types": "^0.2.30"
			}
		},
		"@fortawesome/free-solid-svg-icons": {
			"version": "5.14.0",
			"resolved": "https://registry.npmjs.org/@fortawesome/free-solid-svg-icons/-/free-solid-svg-icons-5.14.0.tgz",
			"integrity": "sha512-M933RDM8cecaKMWDSk3FRYdnzWGW7kBBlGNGfvqLVwcwhUPNj9gcw+xZMrqBdRqxnSXdl3zWzTCNNGEtFUq67Q==",
			"requires": {
				"@fortawesome/fontawesome-common-types": "^0.2.30"
			}
		},
		"@fortawesome/react-fontawesome": {
			"version": "0.1.11",
			"resolved": "https://registry.npmjs.org/@fortawesome/react-fontawesome/-/react-fontawesome-0.1.11.tgz",
			"integrity": "sha512-sClfojasRifQKI0OPqTy8Ln8iIhnxR/Pv/hukBhWnBz9kQRmqi6JSH3nghlhAY7SUeIIM7B5/D2G8WjX0iepVg==",
			"requires": {
				"prop-types": "^15.7.2"
			}
		},
		"camel-case": {
			"version": "3.0.0",
			"resolved": "https://registry.npmjs.org/camel-case/-/camel-case-3.0.0.tgz",
			"integrity": "sha1-yjw2iKTpzzpM2nd9xNy8cTJJz3M=",
			"requires": {
				"no-case": "^2.2.0",
				"upper-case": "^1.1.1"
			}
		},
		"classnames": {
			"version": "2.2.6",
			"resolved": "https://registry.npmjs.org/classnames/-/classnames-2.2.6.tgz",
			"integrity": "sha512-JR/iSQOSt+LQIWwrwEzJ9uk0xfN3mTVYMwt1Ir5mUcSN6pU+V4zQFFaJsclJbPuAUQH+yfWef6tm7l1quW3C8Q=="
		},
		"decode-uri-component": {
			"version": "0.2.0",
			"resolved": "https://registry.npmjs.org/decode-uri-component/-/decode-uri-component-0.2.0.tgz",
			"integrity": "sha1-6zkTMzRYd1y4TNGh+uBiEGu4dUU="
		},
		"es6-promise": {
			"version": "4.2.8",
			"resolved": "https://registry.npmjs.org/es6-promise/-/es6-promise-4.2.8.tgz",
			"integrity": "sha512-HJDGx5daxeIvxdBxvG2cb9g4tEvwIk3i8+nhX0yGrYmZUzbkdg8QbDevheDB8gd0//uPj4c1EQua8Q+MViT0/w=="
		},
		"js-tokens": {
			"version": "4.0.0",
			"resolved": "https://registry.npmjs.org/js-tokens/-/js-tokens-4.0.0.tgz",
			"integrity": "sha512-RdJUflcE3cUzKiMqQgsCu06FPu9UdIJO0beYbPhHN4k6apgJtifcoCtT9bcxOpYBtpD2kCM6Sbzg4CausW/PKQ=="
		},
		"lodash": {
			"version": "4.17.20",
			"resolved": "https://registry.npmjs.org/lodash/-/lodash-4.17.20.tgz",
			"integrity": "sha512-PlhdFcillOINfeV7Ni6oF1TAEayyZBoZ8bcshTHqOYJYlrqzRK5hagpagky5o4HfCzzd1TRkXPMFq6cKk9rGmA=="
		},
		"loose-envify": {
			"version": "1.4.0",
			"resolved": "https://registry.npmjs.org/loose-envify/-/loose-envify-1.4.0.tgz",
			"integrity": "sha512-lyuxPGr/Wfhrlem2CL/UcnUc1zcqKAImBDzukY7Y5F/yQiNdko6+fRLevlw1HgMySw7f611UIY408EtxRSoK3Q==",
			"requires": {
				"js-tokens": "^3.0.0 || ^4.0.0"
			}
		},
		"lower-case": {
			"version": "1.1.4",
			"resolved": "https://registry.npmjs.org/lower-case/-/lower-case-1.1.4.tgz",
			"integrity": "sha1-miyr0bno4K6ZOkv31YdcOcQujqw="
		},
		"no-case": {
			"version": "2.3.2",
			"resolved": "https://registry.npmjs.org/no-case/-/no-case-2.3.2.tgz",
			"integrity": "sha512-rmTZ9kz+f3rCvK2TD1Ue/oZlns7OGoIWP4fc3llxxRXlOkHKoWPPWJOfFYpITabSow43QJbRIoHQXtt10VldyQ==",
			"requires": {
				"lower-case": "^1.1.1"
			}
		},
		"object-assign": {
			"version": "4.1.1",
			"resolved": "https://registry.npmjs.org/object-assign/-/object-assign-4.1.1.tgz",
			"integrity": "sha1-IQmtx5ZYh8/AXLvUQsrIv7s2CGM="
		},
		"pascal-case": {
			"version": "2.0.1",
			"resolved": "https://registry.npmjs.org/pascal-case/-/pascal-case-2.0.1.tgz",
			"integrity": "sha1-LVeNNFX2YNpl7KGO+VtODekSdh4=",
			"requires": {
				"camel-case": "^3.0.0",
				"upper-case-first": "^1.1.0"
			}
		},
		"prop-types": {
			"version": "15.7.2",
			"resolved": "https://registry.npmjs.org/prop-types/-/prop-types-15.7.2.tgz",
			"integrity": "sha512-8QQikdH7//R2vurIJSutZ1smHYTcLpRWEOlHnzcWHmBYrOGUysKwSsrC89BCiFj3CbrfJ/nXFdJepOVrY1GCHQ==",
			"requires": {
				"loose-envify": "^1.4.0",
				"object-assign": "^4.1.1",
				"react-is": "^16.8.1"
			}
		},
		"query-string": {
			"version": "5.1.1",
			"resolved": "https://registry.npmjs.org/query-string/-/query-string-5.1.1.tgz",
			"integrity": "sha512-gjWOsm2SoGlgLEdAGt7a6slVOk9mGiXmPFMqrEhLQ68rhQuBnpfs3+EmlvqKyxnCo9/PPlF+9MtY02S1aFg+Jw==",
			"requires": {
				"decode-uri-component": "^0.2.0",
				"object-assign": "^4.1.0",
				"strict-uri-encode": "^1.0.0"
			}
		},
		"react": {
			"version": "16.13.1",
			"resolved": "https://registry.npmjs.org/react/-/react-16.13.1.tgz",
			"integrity": "sha512-YMZQQq32xHLX0bz5Mnibv1/LHb3Sqzngu7xstSM+vrkE5Kzr9xE0yMByK5kMoTK30YVJE61WfbxIFFvfeDKT1w==",
			"dev": true,
			"requires": {
				"loose-envify": "^1.1.0",
				"object-assign": "^4.1.1",
				"prop-types": "^15.6.2"
			}
		},
		"react-dom": {
			"version": "16.13.1",
			"resolved": "https://registry.npmjs.org/react-dom/-/react-dom-16.13.1.tgz",
			"integrity": "sha512-81PIMmVLnCNLO/fFOQxdQkvEq/+Hfpv24XNJfpyZhTRfO0QcmQIF/PgCa1zCOj2w1hrn12MFLyaJ/G0+Mxtfag==",
			"dev": true,
			"requires": {
				"loose-envify": "^1.1.0",
				"object-assign": "^4.1.1",
				"prop-types": "^15.6.2",
				"scheduler": "^0.19.1"
			}
		},
		"react-is": {
			"version": "16.13.1",
			"resolved": "https://registry.npmjs.org/react-is/-/react-is-16.13.1.tgz",
			"integrity": "sha512-24e6ynE2H+OKt4kqsOvNd8kBpV65zoxbA4BVsEOB3ARVWQki/DHzaUoC5KuON/BiccDaCCTZBuOcfZs70kR8bQ=="
		},
		"regenerator-runtime": {
			"version": "0.13.7",
			"resolved": "https://registry.npmjs.org/regenerator-runtime/-/regenerator-runtime-0.13.7.tgz",
			"integrity": "sha512-a54FxoJDIr27pgf7IgeQGxmqUNYrcV338lf/6gH456HZ/PhX+5BcwHXG9ajESmwe6WRO0tAzRUrRmNONWgkrew=="
		},
		"scheduler": {
			"version": "0.19.1",
			"resolved": "https://registry.npmjs.org/scheduler/-/scheduler-0.19.1.tgz",
			"integrity": "sha512-n/zwRWRYSUj0/3g/otKDRPMh6qv2SYMWNq85IEa8iZyAv8od9zDYpGSnpBEjNgcMNq6Scbu5KfIPxNF72R/2EA==",
			"dev": true,
			"requires": {
				"loose-envify": "^1.1.0",
				"object-assign": "^4.1.1"
			}
		},
		"strict-uri-encode": {
			"version": "1.1.0",
			"resolved": "https://registry.npmjs.org/strict-uri-encode/-/strict-uri-encode-1.1.0.tgz",
			"integrity": "sha1-J5siXfHVgrH1TmWt3UNS4Y+qBxM="
		},
		"upper-case": {
			"version": "1.1.3",
			"resolved": "https://registry.npmjs.org/upper-case/-/upper-case-1.1.3.tgz",
			"integrity": "sha1-9rRQHC7EzdJrp4vnIilh3ndiFZg="
		},
		"upper-case-first": {
			"version": "1.1.2",
			"resolved": "https://registry.npmjs.org/upper-case-first/-/upper-case-first-1.1.2.tgz",
			"integrity": "sha1-XXm+3P8UQZUY/S7bCgUHybaFkRU=",
			"requires": {
				"upper-case": "^1.1.1"
			}
		},
		"uuid": {
			"version": "7.0.3",
			"resolved": "https://registry.npmjs.org/uuid/-/uuid-7.0.3.tgz",
			"integrity": "sha512-DPSke0pXhTZgoF/d+WSt2QaKMCFSfx7QegxEWT+JOuHF5aWrKEn0G+ztjuJg/gG8/ItK+rbPCD/yNv8yyih6Cg=="
		},
		"wolfy87-eventemitter": {
			"version": "5.2.9",
			"resolved": "https://registry.npmjs.org/wolfy87-eventemitter/-/wolfy87-eventemitter-5.2.9.tgz",
			"integrity": "sha512-P+6vtWyuDw+MB01X7UeF8TaHBvbCovf4HPEMF/SV7BdDc1SMTiBy13SRD71lQh4ExFTG1d/WNzDGDCyOKSMblw=="
		}
	}
}
